
Microsoft Visual Studio Solution File, Format Version 12.00
# Visual Studio Version 17
VisualStudioVersion = 17.8.34322.80
MinimumVisualStudioVersion = 10.0.40219.1
Project("{2150E333-8FDC-42A3-9474-1A3956D46DE8}") = "CreationalPatterns", "CreationalPatterns", "{392F4DD3-2A9B-4BA6-AA08-FA1F78C05404}"
EndProject
Project("{2150E333-8FDC-42A3-9474-1A3956D46DE8}") = "Factory", "Factory", "{3DF55F06-F102-4CC9-976A-DFFE8FEE6BA4}"
EndProject
Project("{9A19103F-16F7-4668-BE54-9A1E7A4F7556}") = "StructuralCode", "CreationalPatterns\Factory\StructuralCode\StructuralCode.csproj", "{0300036A-B643-42E1-83F7-D0DAF9CE39D9}"
EndProject
Project("{9A19103F-16F7-4668-BE54-9A1E7A4F7556}") = "SmartDevices", "CreationalPatterns\Factory\SmartDevices\SmartDevices.csproj", "{8C26D592-78A6-4202-9C9E-EBAE4E7B0F1B}"
EndProject
Project("{9A19103F-16F7-4668-BE54-9A1E7A4F7556}") = "PizzaSimpleFactory", "CreationalPatterns\Factory\PizzaSimpleFactory\PizzaSimpleFactory.csproj", "{9F3ABFF5-AC80-4901-8489-5A889342692A}"
EndProject
Project("{9A19103F-16F7-4668-BE54-9A1E7A4F7556}") = "GenericFactory", "CreationalPatterns\Factory\GenericFactory\GenericFactory.csproj", "{89727267-31DD-447B-9DDF-D11FD04AF1A5}"
EndProject
Project("{9A19103F-16F7-4668-BE54-9A1E7A4F7556}") = "Documents", "CreationalPatterns\Factory\Documents\Documents.csproj", "{4CC91B3C-DA77-4E8F-B520-6CBF7C4C87EB}"
EndProject
Project("{9A19103F-16F7-4668-BE54-9A1E7A4F7556}") = "CreditCards", "CreationalPatterns\Factory\CreditCards\CreditCards.csproj", "{31C26630-8FD2-4B4E-A043-B78CA1DEBC34}"
EndProject
Project("{9A19103F-16F7-4668-BE54-9A1E7A4F7556}") = "AirConditioners", "CreationalPatterns\Factory\AirConditioners\AirConditioners.csproj", "{89A89F73-6EE5-43A1-84B9-408C7ED8245B}"
EndProject
Project("{2150E333-8FDC-42A3-9474-1A3956D46DE8}") = "AbstractFactory", "AbstractFactory", "{52044C28-9D61-4B7D-9A8C-20019D4BBBEA}"
EndProject
Project("{9A19103F-16F7-4668-BE54-9A1E7A4F7556}") = "StructuralCode", "CreationalPatterns\AbstractFactory\StructuralCode\StructuralCode.csproj", "{8716B5FA-E83B-49EE-91F0-82E84C2A09A2}"
EndProject
Project("{9A19103F-16F7-4668-BE54-9A1E7A4F7556}") = "AnimalWorld", "CreationalPatterns\AbstractFactory\AnimalWorld\AnimalWorld.csproj", "{D4020265-4C9E-42A2-93B5-C31484F7452C}"
EndProject
Project("{9A19103F-16F7-4668-BE54-9A1E7A4F7556}") = "Furniture", "CreationalPatterns\AbstractFactory\Furniture\Furniture.csproj", "{EEAB8896-5E84-4B49-B8A7-9CEE019619CD}"
EndProject
Project("{9A19103F-16F7-4668-BE54-9A1E7A4F7556}") = "EraStyles", "CreationalPatterns\AbstractFactory\EraStyles\EraStyles.csproj", "{034C48C8-A367-436C-8090-7E53CC7A3C88}"
EndProject
Project("{9A19103F-16F7-4668-BE54-9A1E7A4F7556}") = "Recipes", "CreationalPatterns\AbstractFactory\Recipes\Recipes.csproj", "{A8CD986D-ABA2-4A40-A3A1-E4E1E1303232}"
EndProject
Project("{9A19103F-16F7-4668-BE54-9A1E7A4F7556}") = "Motorcycles", "CreationalPatterns\AbstractFactory\Motorcycles\Motorcycles.csproj", "{5380D437-4209-410E-81B1-BCC55FC7A7F1}"
EndProject
Project("{2150E333-8FDC-42A3-9474-1A3956D46DE8}") = "Builder", "Builder", "{482CE45F-F7AE-4B41-821B-A9818483858D}"
EndProject
Project("{9A19103F-16F7-4668-BE54-9A1E7A4F7556}") = "StructuralCode", "CreationalPatterns\Builder\StructuralCode\StructuralCode.csproj", "{E203E055-E7CD-466E-BEB1-9F623E51BD88}"
EndProject
Project("{9A19103F-16F7-4668-BE54-9A1E7A4F7556}") = "Vehicles", "CreationalPatterns\Builder\Vehicles\Vehicles.csproj", "{41A3979D-43A6-4F19-8742-25D057C95B9E}"
EndProject
Project("{9A19103F-16F7-4668-BE54-9A1E7A4F7556}") = "Hamburgers", "CreationalPatterns\Builder\Hamburgers\Hamburgers.csproj", "{5A35FDB7-A9CA-432C-B2AB-0DE3BFA94832}"
EndProject
Project("{9A19103F-16F7-4668-BE54-9A1E7A4F7556}") = "Laptops", "CreationalPatterns\Builder\Laptops\Laptops.csproj", "{6F72DCC7-B799-4E13-987D-C5BEE7B25A01}"
EndProject
Project("{9A19103F-16F7-4668-BE54-9A1E7A4F7556}") = "Apartments", "CreationalPatterns\Builder\Apartments\Apartments.csproj", "{52411B35-3AEA-42AC-B9C0-16E07468668F}"
EndProject
Project("{9A19103F-16F7-4668-BE54-9A1E7A4F7556}") = "ProductsStockReport", "CreationalPatterns\Builder\ProductsStockReport\ProductsStockReport.csproj", "{317B0A69-5FB3-40DC-BAB9-8AE757B0E32B}"
EndProject
Project("{2150E333-8FDC-42A3-9474-1A3956D46DE8}") = "SOLIDPrinciples", "SOLIDPrinciples", "{326859D0-E10E-422B-9E97-DA44AB0818AD}"
EndProject
Project("{2150E333-8FDC-42A3-9474-1A3956D46DE8}") = "SingleResponsibilityPrinciple", "SingleResponsibilityPrinciple", "{B7D03C0C-63EF-4F27-8BEE-B1616DAFB36D}"
EndProject
Project("{2150E333-8FDC-42A3-9474-1A3956D46DE8}") = "OpenClosedPrinciple", "OpenClosedPrinciple", "{B45B024E-C6B5-47AD-B55C-D159C5759406}"
EndProject
Project("{9A19103F-16F7-4668-BE54-9A1E7A4F7556}") = "ReportsBadExample", "SOLIDPrinciples\SingleResponsibilityPrinciple\ReportsBadExample\ReportsBadExample.csproj", "{D67BD403-D46D-468D-B609-6D50E9C01F6C}"
EndProject
Project("{9A19103F-16F7-4668-BE54-9A1E7A4F7556}") = "ReportsGoodExample", "SOLIDPrinciples\SingleResponsibilityPrinciple\ReportsGoodExample\ReportsGoodExample.csproj", "{1BC38D77-7BE3-4BEF-A82F-DCDF875AEA85}"
EndProject
Project("{9A19103F-16F7-4668-BE54-9A1E7A4F7556}") = "SalaryCalculatorBadExample", "SOLIDPrinciples\OpenClosedPrinciple\SalaryCalculatorBadExample\SalaryCalculatorBadExample.csproj", "{43E33217-07AF-454D-9563-F0BFEB12DB0B}"
EndProject
Project("{9A19103F-16F7-4668-BE54-9A1E7A4F7556}") = "SalaryCalculatorGoodExample", "SOLIDPrinciples\OpenClosedPrinciple\SalaryCalculatorGoodExample\SalaryCalculatorGoodExample.csproj", "{EAF8CCFD-7846-480E-849A-B2C107695776}"
EndProject
Project("{9A19103F-16F7-4668-BE54-9A1E7A4F7556}") = "ComputerMonitorsBadExample", "SOLIDPrinciples\OpenClosedPrinciple\ComputerMonitorsBadExample\ComputerMonitorsBadExample.csproj", "{D620244B-46E4-4DCB-9C0B-27BCB81DFE71}"
EndProject
Project("{9A19103F-16F7-4668-BE54-9A1E7A4F7556}") = "ComputerMonitorsGoodExample", "SOLIDPrinciples\OpenClosedPrinciple\ComputerMonitorsGoodExample\ComputerMonitorsGoodExample.csproj", "{8FB35166-F9D4-4338-BAB6-886EBDE42BBD}"
EndProject
Project("{2150E333-8FDC-42A3-9474-1A3956D46DE8}") = "LiskovSubstitutionPrinciple", "LiskovSubstitutionPrinciple", "{773C675D-C8CA-4CB9-A417-39AFBC3845D0}"
EndProject
Project("{9A19103F-16F7-4668-BE54-9A1E7A4F7556}") = "ShapesBadExample", "SOLIDPrinciples\LiskovSubstitutionPrinciple\ShapesBadExample\ShapesBadExample.csproj", "{BC85182E-516A-4CBF-8770-211D6A4F3AFC}"
EndProject
Project("{9A19103F-16F7-4668-BE54-9A1E7A4F7556}") = "ShapesGoodExample", "SOLIDPrinciples\LiskovSubstitutionPrinciple\ShapesGoodExample\ShapesGoodExample.csproj", "{D08389DE-93AA-4C37-9DEC-3329E4643755}"
EndProject
Project("{9A19103F-16F7-4668-BE54-9A1E7A4F7556}") = "SumCalculatorBadExample", "SOLIDPrinciples\LiskovSubstitutionPrinciple\SumCalculatorBadExample\SumCalculatorBadExample.csproj", "{0D1B6C46-0B96-4063-8C1C-9C5521E7076A}"
EndProject
Project("{9A19103F-16F7-4668-BE54-9A1E7A4F7556}") = "SumCalculatorGoodExample", "SOLIDPrinciples\LiskovSubstitutionPrinciple\SumCalculatorGoodExample\SumCalculatorGoodExample.csproj", "{DFB33671-925B-49F6-A29D-2F94FF4A0E2C}"
EndProject
Project("{2150E333-8FDC-42A3-9474-1A3956D46DE8}") = "InterfaceSegregationPrinciple", "InterfaceSegregationPrinciple", "{871D7366-CBB5-4A4C-B2F8-7511059C5794}"
EndProject
Project("{9A19103F-16F7-4668-BE54-9A1E7A4F7556}") = "VehiclesBadExample", "SOLIDPrinciples\InterfaceSegregationPrinciple\VehiclesBadExample\VehiclesBadExample.csproj", "{8C4EF710-EB6A-4329-BEC3-058B8CB91AEE}"
EndProject
Project("{9A19103F-16F7-4668-BE54-9A1E7A4F7556}") = "VehiclesGoodExample", "SOLIDPrinciples\InterfaceSegregationPrinciple\VehiclesGoodExample\VehiclesGoodExample.csproj", "{28FA4E63-1767-4962-933E-E1D958803B1E}"
EndProject
Project("{9A19103F-16F7-4668-BE54-9A1E7A4F7556}") = "PrintersGoodExample", "SOLIDPrinciples\InterfaceSegregationPrinciple\PrintersGoodExample\PrintersGoodExample.csproj", "{B582A9BE-5E54-42DC-8446-A04D77ADC10E}"
EndProject
Project("{9A19103F-16F7-4668-BE54-9A1E7A4F7556}") = "PrintersBadExample", "SOLIDPrinciples\InterfaceSegregationPrinciple\PrintersBadExample\PrintersBadExample.csproj", "{002F620A-AB02-4899-982F-1E1F902BEEE7}"
EndProject
Project("{2150E333-8FDC-42A3-9474-1A3956D46DE8}") = "DependencyInversionPrinciple", "DependencyInversionPrinciple", "{2E5DD293-9471-4157-A277-1804E3ACB10D}"
EndProject
Project("{9A19103F-16F7-4668-BE54-9A1E7A4F7556}") = "EmployeesBadExample", "SOLIDPrinciples\DependencyInversionPrinciple\EmployeesBadExample\EmployeesBadExample.csproj", "{8308D6F0-6ECF-4968-8352-DA4566F45B65}"
EndProject
Project("{9A19103F-16F7-4668-BE54-9A1E7A4F7556}") = "EmployeesGoodExample", "SOLIDPrinciples\DependencyInversionPrinciple\EmployeesGoodExample\EmployeesGoodExample.csproj", "{CAEEF008-9A5A-46EB-83BE-2C7CA35032F4}"
EndProject
Project("{9A19103F-16F7-4668-BE54-9A1E7A4F7556}") = "CustomerBadExample", "SOLIDPrinciples\DependencyInversionPrinciple\CustomerBadExample\CustomerBadExample.csproj", "{6F960185-B80D-484E-8B14-0FBBA7A40453}"
EndProject
Project("{9A19103F-16F7-4668-BE54-9A1E7A4F7556}") = "CustomerConstructorInjection", "SOLIDPrinciples\DependencyInversionPrinciple\CustomerConstructorInjection\CustomerConstructorInjection.csproj", "{B96B3649-FA8D-4274-9004-3BF8173370D9}"
EndProject
Project("{9A19103F-16F7-4668-BE54-9A1E7A4F7556}") = "CustomerMethodInjection", "SOLIDPrinciples\DependencyInversionPrinciple\CustomerMethodInjection\CustomerMethodInjection.csproj", "{2E906F5B-04BB-45CD-B874-5703F585B0C5}"
EndProject
Project("{9A19103F-16F7-4668-BE54-9A1E7A4F7556}") = "CustomerPropertyInjection", "SOLIDPrinciples\DependencyInversionPrinciple\CustomerPropertyInjection\CustomerPropertyInjection.csproj", "{A7D97B25-EC19-4C32-8633-02AF836EAC0C}"
EndProject
Project("{2150E333-8FDC-42A3-9474-1A3956D46DE8}") = "Singleton", "Singleton", "{2FAD5843-2886-4427-BB56-800C2E1B00A3}"
EndProject
Project("{9A19103F-16F7-4668-BE54-9A1E7A4F7556}") = "StructuralCode", "CreationalPatterns\Singleton\StructuralCode\StructuralCode.csproj", "{9AE986EE-0D70-4706-9681-43F0FD2E316E}"
EndProject
Project("{9A19103F-16F7-4668-BE54-9A1E7A4F7556}") = "LoadBalancer", "CreationalPatterns\Singleton\LoadBalancer\LoadBalancer.csproj", "{CC667BD9-572B-4802-B846-7BB485ADC848}"
EndProject
Project("{9A19103F-16F7-4668-BE54-9A1E7A4F7556}") = "LoadBalancerOptimized", "CreationalPatterns\Singleton\LoadBalancerOptimized\LoadBalancerOptimized.csproj", "{B085C444-8745-4345-A875-749CD93457D9}"
EndProject
Project("{9A19103F-16F7-4668-BE54-9A1E7A4F7556}") = "VotingMachine", "CreationalPatterns\Singleton\VotingMachine\VotingMachine.csproj", "{D2F932DA-4876-4E42-9420-594CE1B13300}"
EndProject
Project("{9A19103F-16F7-4668-BE54-9A1E7A4F7556}") = "Logger", "CreationalPatterns\Singleton\Logger\Logger.csproj", "{8C821824-060B-401B-AD9B-5B6A2D66E415}"
EndProject
Project("{2150E333-8FDC-42A3-9474-1A3956D46DE8}") = "Prototype", "Prototype", "{1651B968-B8AB-4F6C-9334-DB58EA986A4A}"
EndProject
Project("{9A19103F-16F7-4668-BE54-9A1E7A4F7556}") = "StructuralCode", "CreationalPatterns\Prototype\StructuralCode\StructuralCode.csproj", "{ECC1C094-C61A-45B2-A554-19A633796AE0}"
EndProject
Project("{9A19103F-16F7-4668-BE54-9A1E7A4F7556}") = "Colors", "CreationalPatterns\Prototype\Colors\Colors.csproj", "{3865D48E-FF2C-4D82-9AAA-61CD3FA421FC}"
EndProject
Project("{9A19103F-16F7-4668-BE54-9A1E7A4F7556}") = "PeopleIdentification", "CreationalPatterns\Prototype\PeopleIdentification\PeopleIdentification.csproj", "{C8FA5B80-546D-4E64-AB55-15A68E49D361}"
EndProject
Project("{9A19103F-16F7-4668-BE54-9A1E7A4F7556}") = "Employees", "CreationalPatterns\Prototype\Employees\Employees.csproj", "{0DB0B890-3C18-4870-ADB2-5D0CC1F0230E}"
EndProject
Project("{9A19103F-16F7-4668-BE54-9A1E7A4F7556}") = "CloneablePrototype", "CreationalPatterns\Prototype\CloneablePrototype\CloneablePrototype.csproj", "{77B4BEAF-A048-40C1-A854-F869EA5A8CA7}"
EndProject
Project("{9A19103F-16F7-4668-BE54-9A1E7A4F7556}") = "GenericSerializablePrototype", "CreationalPatterns\Prototype\GenericSerializablePrototype\GenericSerializablePrototype.csproj", "{C377D875-C97D-4687-97D6-359E3FC15EF1}"
EndProject
Project("{2150E333-8FDC-42A3-9474-1A3956D46DE8}") = "StructuralPatterns", "StructuralPatterns", "{03E03A2F-3C18-4BE6-A904-358F3C76A6D5}"
EndProject
Project("{2150E333-8FDC-42A3-9474-1A3956D46DE8}") = "Adapter", "Adapter", "{F4246C8A-3FB9-4DA0-8062-F53D4C4B7513}"
EndProject
Project("{9A19103F-16F7-4668-BE54-9A1E7A4F7556}") = "StructuralCode", "StructuralPatterns\Adapter\StructuralCode\StructuralCode.csproj", "{8563BC14-C80E-44D6-9ACF-3CF1986452C1}"
EndProject
Project("{9A19103F-16F7-4668-BE54-9A1E7A4F7556}") = "ChemicalDatabank", "StructuralPatterns\Adapter\ChemicalDatabank\ChemicalDatabank.csproj", "{7E9C7E63-C346-49B1-89FE-F8FF2E263D84}"
EndProject
Project("{9A19103F-16F7-4668-BE54-9A1E7A4F7556}") = "MeatCooking", "StructuralPatterns\Adapter\MeatCooking\MeatCooking.csproj", "{AE3F3DFB-4471-43A7-B5EC-FC04D3A25C8F}"
EndProject
Project("{9A19103F-16F7-4668-BE54-9A1E7A4F7556}") = "ThirdPartyBillingSystem", "StructuralPatterns\Adapter\ThirdPartyBillingSystem\ThirdPartyBillingSystem.csproj", "{6D57DCFB-AFE4-45BB-AFE6-CCB3BD728B61}"
EndProject
Project("{9A19103F-16F7-4668-BE54-9A1E7A4F7556}") = "CarManufacturers", "StructuralPatterns\Adapter\CarManufacturers\CarManufacturers.csproj", "{AC50C09B-935F-4D5F-95B0-9160B9E9042D}"
EndProject
Project("{9A19103F-16F7-4668-BE54-9A1E7A4F7556}") = "TwoWayAdapter", "StructuralPatterns\Adapter\TwoWayAdapter\TwoWayAdapter.csproj", "{888EE616-4A0F-4A29-A3BE-426C44B8976F}"
EndProject
Project("{9A19103F-16F7-4668-BE54-9A1E7A4F7556}") = "FileAdapter", "StructuralPatterns\Adapter\FileAdapter\FileAdapter.csproj", "{EC6BDE41-BA71-4C35-9C70-EEC2B5A6A4AC}"
EndProject
Project("{2150E333-8FDC-42A3-9474-1A3956D46DE8}") = "Bridge", "Bridge", "{C8EBC6AB-D084-4EC6-8A84-6BBB8FC229D7}"
EndProject
Project("{9A19103F-16F7-4668-BE54-9A1E7A4F7556}") = "StructuralCode", "StructuralPatterns\Bridge\StructuralCode\StructuralCode.csproj", "{DD24F802-CE4D-4CA4-8208-AFFA965C3B38}"
EndProject
Project("{9A19103F-16F7-4668-BE54-9A1E7A4F7556}") = "Customers", "StructuralPatterns\Bridge\Customers\Customers.csproj", "{7B01E71C-E8B9-4508-BFB2-CBBA54C314E4}"
EndProject
Project("{9A19103F-16F7-4668-BE54-9A1E7A4F7556}") = "TVs", "StructuralPatterns\Bridge\TVs\TVs.csproj", "{B5E60BD5-AF0A-460C-97EA-94248D3B4FDB}"
EndProject
Project("{9A19103F-16F7-4668-BE54-9A1E7A4F7556}") = "Journals", "StructuralPatterns\Bridge\Journals\Journals.csproj", "{DAB7CE1C-CC83-4654-8CB9-8BBFCA9CF080}"
EndProject
Project("{9A19103F-16F7-4668-BE54-9A1E7A4F7556}") = "RestaurantOrders", "StructuralPatterns\Bridge\RestaurantOrders\RestaurantOrders.csproj", "{D226DAC0-8B9B-4223-A877-C544C898D7B0}"
EndProject
Project("{9A19103F-16F7-4668-BE54-9A1E7A4F7556}") = "GamingConsoles", "StructuralPatterns\Bridge\GamingConsoles\GamingConsoles.csproj", "{55E3848F-E528-41B9-B6EC-852A0C40D570}"
EndProject
Project("{9A19103F-16F7-4668-BE54-9A1E7A4F7556}") = "DeadLock", "CreationalPatterns\Singleton\DeadLock\DeadLock.csproj", "{363D6CF7-DE2D-43C3-8E12-75176058DFAA}"
EndProject
Project("{2150E333-8FDC-42A3-9474-1A3956D46DE8}") = "Composite", "Composite", "{4CDF6EF8-B084-409A-BB94-A6AA686F0F60}"
EndProject
Project("{FAE04EC0-301F-11D3-BF4B-00C04F79EFBC}") = "StructuralCode", "StructuralPatterns\Composite\StructuralCode\StructuralCode.csproj", "{157BF145-9A0D-4819-B700-EA10F1B9321B}"
EndProject
Project("{FAE04EC0-301F-11D3-BF4B-00C04F79EFBC}") = "SoftwareCompany", "StructuralPatterns\Composite\SoftwareCompany\SoftwareCompany.csproj", "{DAD83A78-00EC-4AD6-AE1D-76C53EAD45DA}"
EndProject
Project("{FAE04EC0-301F-11D3-BF4B-00C04F79EFBC}") = "GraphicalTreeStructure", "StructuralPatterns\Composite\GraphicalTreeStructure\GraphicalTreeStructure.csproj", "{BE7402D0-C04C-4F2F-84C5-A2E3C3BC23F9}"
EndProject
Project("{FAE04EC0-301F-11D3-BF4B-00C04F79EFBC}") = "Computer", "StructuralPatterns\Composite\Computer\Computer.csproj", "{1B5C82ED-91D6-4705-9414-9F4398947E56}"
EndProject
Project("{FAE04EC0-301F-11D3-BF4B-00C04F79EFBC}") = "WindowsFormsApplication", "StructuralPatterns\Composite\WindowsFormsApplication\WindowsFormsApplication.csproj", "{05563C27-73E2-4F60-983A-75B6E44DACD9}"
EndProject
Global
	GlobalSection(SolutionConfigurationPlatforms) = preSolution
		Debug|Any CPU = Debug|Any CPU
		Release|Any CPU = Release|Any CPU
	EndGlobalSection
	GlobalSection(ProjectConfigurationPlatforms) = postSolution
		{0300036A-B643-42E1-83F7-D0DAF9CE39D9}.Debug|Any CPU.ActiveCfg = Debug|Any CPU
		{0300036A-B643-42E1-83F7-D0DAF9CE39D9}.Debug|Any CPU.Build.0 = Debug|Any CPU
		{0300036A-B643-42E1-83F7-D0DAF9CE39D9}.Release|Any CPU.ActiveCfg = Release|Any CPU
		{0300036A-B643-42E1-83F7-D0DAF9CE39D9}.Release|Any CPU.Build.0 = Release|Any CPU
		{8C26D592-78A6-4202-9C9E-EBAE4E7B0F1B}.Debug|Any CPU.ActiveCfg = Debug|Any CPU
		{8C26D592-78A6-4202-9C9E-EBAE4E7B0F1B}.Debug|Any CPU.Build.0 = Debug|Any CPU
		{8C26D592-78A6-4202-9C9E-EBAE4E7B0F1B}.Release|Any CPU.ActiveCfg = Release|Any CPU
		{8C26D592-78A6-4202-9C9E-EBAE4E7B0F1B}.Release|Any CPU.Build.0 = Release|Any CPU
		{9F3ABFF5-AC80-4901-8489-5A889342692A}.Debug|Any CPU.ActiveCfg = Debug|Any CPU
		{9F3ABFF5-AC80-4901-8489-5A889342692A}.Debug|Any CPU.Build.0 = Debug|Any CPU
		{9F3ABFF5-AC80-4901-8489-5A889342692A}.Release|Any CPU.ActiveCfg = Release|Any CPU
		{9F3ABFF5-AC80-4901-8489-5A889342692A}.Release|Any CPU.Build.0 = Release|Any CPU
		{89727267-31DD-447B-9DDF-D11FD04AF1A5}.Debug|Any CPU.ActiveCfg = Debug|Any CPU
		{89727267-31DD-447B-9DDF-D11FD04AF1A5}.Debug|Any CPU.Build.0 = Debug|Any CPU
		{89727267-31DD-447B-9DDF-D11FD04AF1A5}.Release|Any CPU.ActiveCfg = Release|Any CPU
		{89727267-31DD-447B-9DDF-D11FD04AF1A5}.Release|Any CPU.Build.0 = Release|Any CPU
		{4CC91B3C-DA77-4E8F-B520-6CBF7C4C87EB}.Debug|Any CPU.ActiveCfg = Debug|Any CPU
		{4CC91B3C-DA77-4E8F-B520-6CBF7C4C87EB}.Debug|Any CPU.Build.0 = Debug|Any CPU
		{4CC91B3C-DA77-4E8F-B520-6CBF7C4C87EB}.Release|Any CPU.ActiveCfg = Release|Any CPU
		{4CC91B3C-DA77-4E8F-B520-6CBF7C4C87EB}.Release|Any CPU.Build.0 = Release|Any CPU
		{31C26630-8FD2-4B4E-A043-B78CA1DEBC34}.Debug|Any CPU.ActiveCfg = Debug|Any CPU
		{31C26630-8FD2-4B4E-A043-B78CA1DEBC34}.Debug|Any CPU.Build.0 = Debug|Any CPU
		{31C26630-8FD2-4B4E-A043-B78CA1DEBC34}.Release|Any CPU.ActiveCfg = Release|Any CPU
		{31C26630-8FD2-4B4E-A043-B78CA1DEBC34}.Release|Any CPU.Build.0 = Release|Any CPU
		{89A89F73-6EE5-43A1-84B9-408C7ED8245B}.Debug|Any CPU.ActiveCfg = Debug|Any CPU
		{89A89F73-6EE5-43A1-84B9-408C7ED8245B}.Debug|Any CPU.Build.0 = Debug|Any CPU
		{89A89F73-6EE5-43A1-84B9-408C7ED8245B}.Release|Any CPU.ActiveCfg = Release|Any CPU
		{89A89F73-6EE5-43A1-84B9-408C7ED8245B}.Release|Any CPU.Build.0 = Release|Any CPU
		{8716B5FA-E83B-49EE-91F0-82E84C2A09A2}.Debug|Any CPU.ActiveCfg = Debug|Any CPU
		{8716B5FA-E83B-49EE-91F0-82E84C2A09A2}.Debug|Any CPU.Build.0 = Debug|Any CPU
		{8716B5FA-E83B-49EE-91F0-82E84C2A09A2}.Release|Any CPU.ActiveCfg = Release|Any CPU
		{8716B5FA-E83B-49EE-91F0-82E84C2A09A2}.Release|Any CPU.Build.0 = Release|Any CPU
		{D4020265-4C9E-42A2-93B5-C31484F7452C}.Debug|Any CPU.ActiveCfg = Debug|Any CPU
		{D4020265-4C9E-42A2-93B5-C31484F7452C}.Debug|Any CPU.Build.0 = Debug|Any CPU
		{D4020265-4C9E-42A2-93B5-C31484F7452C}.Release|Any CPU.ActiveCfg = Release|Any CPU
		{D4020265-4C9E-42A2-93B5-C31484F7452C}.Release|Any CPU.Build.0 = Release|Any CPU
		{EEAB8896-5E84-4B49-B8A7-9CEE019619CD}.Debug|Any CPU.ActiveCfg = Debug|Any CPU
		{EEAB8896-5E84-4B49-B8A7-9CEE019619CD}.Debug|Any CPU.Build.0 = Debug|Any CPU
		{EEAB8896-5E84-4B49-B8A7-9CEE019619CD}.Release|Any CPU.ActiveCfg = Release|Any CPU
		{EEAB8896-5E84-4B49-B8A7-9CEE019619CD}.Release|Any CPU.Build.0 = Release|Any CPU
		{034C48C8-A367-436C-8090-7E53CC7A3C88}.Debug|Any CPU.ActiveCfg = Debug|Any CPU
		{034C48C8-A367-436C-8090-7E53CC7A3C88}.Debug|Any CPU.Build.0 = Debug|Any CPU
		{034C48C8-A367-436C-8090-7E53CC7A3C88}.Release|Any CPU.ActiveCfg = Release|Any CPU
		{034C48C8-A367-436C-8090-7E53CC7A3C88}.Release|Any CPU.Build.0 = Release|Any CPU
		{A8CD986D-ABA2-4A40-A3A1-E4E1E1303232}.Debug|Any CPU.ActiveCfg = Debug|Any CPU
		{A8CD986D-ABA2-4A40-A3A1-E4E1E1303232}.Debug|Any CPU.Build.0 = Debug|Any CPU
		{A8CD986D-ABA2-4A40-A3A1-E4E1E1303232}.Release|Any CPU.ActiveCfg = Release|Any CPU
		{A8CD986D-ABA2-4A40-A3A1-E4E1E1303232}.Release|Any CPU.Build.0 = Release|Any CPU
		{5380D437-4209-410E-81B1-BCC55FC7A7F1}.Debug|Any CPU.ActiveCfg = Debug|Any CPU
		{5380D437-4209-410E-81B1-BCC55FC7A7F1}.Debug|Any CPU.Build.0 = Debug|Any CPU
		{5380D437-4209-410E-81B1-BCC55FC7A7F1}.Release|Any CPU.ActiveCfg = Release|Any CPU
		{5380D437-4209-410E-81B1-BCC55FC7A7F1}.Release|Any CPU.Build.0 = Release|Any CPU
		{E203E055-E7CD-466E-BEB1-9F623E51BD88}.Debug|Any CPU.ActiveCfg = Debug|Any CPU
		{E203E055-E7CD-466E-BEB1-9F623E51BD88}.Debug|Any CPU.Build.0 = Debug|Any CPU
		{E203E055-E7CD-466E-BEB1-9F623E51BD88}.Release|Any CPU.ActiveCfg = Release|Any CPU
		{E203E055-E7CD-466E-BEB1-9F623E51BD88}.Release|Any CPU.Build.0 = Release|Any CPU
		{41A3979D-43A6-4F19-8742-25D057C95B9E}.Debug|Any CPU.ActiveCfg = Debug|Any CPU
		{41A3979D-43A6-4F19-8742-25D057C95B9E}.Debug|Any CPU.Build.0 = Debug|Any CPU
		{41A3979D-43A6-4F19-8742-25D057C95B9E}.Release|Any CPU.ActiveCfg = Release|Any CPU
		{41A3979D-43A6-4F19-8742-25D057C95B9E}.Release|Any CPU.Build.0 = Release|Any CPU
		{5A35FDB7-A9CA-432C-B2AB-0DE3BFA94832}.Debug|Any CPU.ActiveCfg = Debug|Any CPU
		{5A35FDB7-A9CA-432C-B2AB-0DE3BFA94832}.Debug|Any CPU.Build.0 = Debug|Any CPU
		{5A35FDB7-A9CA-432C-B2AB-0DE3BFA94832}.Release|Any CPU.ActiveCfg = Release|Any CPU
		{5A35FDB7-A9CA-432C-B2AB-0DE3BFA94832}.Release|Any CPU.Build.0 = Release|Any CPU
		{6F72DCC7-B799-4E13-987D-C5BEE7B25A01}.Debug|Any CPU.ActiveCfg = Debug|Any CPU
		{6F72DCC7-B799-4E13-987D-C5BEE7B25A01}.Debug|Any CPU.Build.0 = Debug|Any CPU
		{6F72DCC7-B799-4E13-987D-C5BEE7B25A01}.Release|Any CPU.ActiveCfg = Release|Any CPU
		{6F72DCC7-B799-4E13-987D-C5BEE7B25A01}.Release|Any CPU.Build.0 = Release|Any CPU
		{52411B35-3AEA-42AC-B9C0-16E07468668F}.Debug|Any CPU.ActiveCfg = Debug|Any CPU
		{52411B35-3AEA-42AC-B9C0-16E07468668F}.Debug|Any CPU.Build.0 = Debug|Any CPU
		{52411B35-3AEA-42AC-B9C0-16E07468668F}.Release|Any CPU.ActiveCfg = Release|Any CPU
		{52411B35-3AEA-42AC-B9C0-16E07468668F}.Release|Any CPU.Build.0 = Release|Any CPU
		{317B0A69-5FB3-40DC-BAB9-8AE757B0E32B}.Debug|Any CPU.ActiveCfg = Debug|Any CPU
		{317B0A69-5FB3-40DC-BAB9-8AE757B0E32B}.Debug|Any CPU.Build.0 = Debug|Any CPU
		{317B0A69-5FB3-40DC-BAB9-8AE757B0E32B}.Release|Any CPU.ActiveCfg = Release|Any CPU
		{317B0A69-5FB3-40DC-BAB9-8AE757B0E32B}.Release|Any CPU.Build.0 = Release|Any CPU
		{D67BD403-D46D-468D-B609-6D50E9C01F6C}.Debug|Any CPU.ActiveCfg = Debug|Any CPU
		{D67BD403-D46D-468D-B609-6D50E9C01F6C}.Debug|Any CPU.Build.0 = Debug|Any CPU
		{D67BD403-D46D-468D-B609-6D50E9C01F6C}.Release|Any CPU.ActiveCfg = Release|Any CPU
		{D67BD403-D46D-468D-B609-6D50E9C01F6C}.Release|Any CPU.Build.0 = Release|Any CPU
		{1BC38D77-7BE3-4BEF-A82F-DCDF875AEA85}.Debug|Any CPU.ActiveCfg = Debug|Any CPU
		{1BC38D77-7BE3-4BEF-A82F-DCDF875AEA85}.Debug|Any CPU.Build.0 = Debug|Any CPU
		{1BC38D77-7BE3-4BEF-A82F-DCDF875AEA85}.Release|Any CPU.ActiveCfg = Release|Any CPU
		{1BC38D77-7BE3-4BEF-A82F-DCDF875AEA85}.Release|Any CPU.Build.0 = Release|Any CPU
		{43E33217-07AF-454D-9563-F0BFEB12DB0B}.Debug|Any CPU.ActiveCfg = Debug|Any CPU
		{43E33217-07AF-454D-9563-F0BFEB12DB0B}.Debug|Any CPU.Build.0 = Debug|Any CPU
		{43E33217-07AF-454D-9563-F0BFEB12DB0B}.Release|Any CPU.ActiveCfg = Release|Any CPU
		{43E33217-07AF-454D-9563-F0BFEB12DB0B}.Release|Any CPU.Build.0 = Release|Any CPU
		{EAF8CCFD-7846-480E-849A-B2C107695776}.Debug|Any CPU.ActiveCfg = Debug|Any CPU
		{EAF8CCFD-7846-480E-849A-B2C107695776}.Debug|Any CPU.Build.0 = Debug|Any CPU
		{EAF8CCFD-7846-480E-849A-B2C107695776}.Release|Any CPU.ActiveCfg = Release|Any CPU
		{EAF8CCFD-7846-480E-849A-B2C107695776}.Release|Any CPU.Build.0 = Release|Any CPU
		{D620244B-46E4-4DCB-9C0B-27BCB81DFE71}.Debug|Any CPU.ActiveCfg = Debug|Any CPU
		{D620244B-46E4-4DCB-9C0B-27BCB81DFE71}.Debug|Any CPU.Build.0 = Debug|Any CPU
		{D620244B-46E4-4DCB-9C0B-27BCB81DFE71}.Release|Any CPU.ActiveCfg = Release|Any CPU
		{D620244B-46E4-4DCB-9C0B-27BCB81DFE71}.Release|Any CPU.Build.0 = Release|Any CPU
		{8FB35166-F9D4-4338-BAB6-886EBDE42BBD}.Debug|Any CPU.ActiveCfg = Debug|Any CPU
		{8FB35166-F9D4-4338-BAB6-886EBDE42BBD}.Debug|Any CPU.Build.0 = Debug|Any CPU
		{8FB35166-F9D4-4338-BAB6-886EBDE42BBD}.Release|Any CPU.ActiveCfg = Release|Any CPU
		{8FB35166-F9D4-4338-BAB6-886EBDE42BBD}.Release|Any CPU.Build.0 = Release|Any CPU
		{BC85182E-516A-4CBF-8770-211D6A4F3AFC}.Debug|Any CPU.ActiveCfg = Debug|Any CPU
		{BC85182E-516A-4CBF-8770-211D6A4F3AFC}.Debug|Any CPU.Build.0 = Debug|Any CPU
		{BC85182E-516A-4CBF-8770-211D6A4F3AFC}.Release|Any CPU.ActiveCfg = Release|Any CPU
		{BC85182E-516A-4CBF-8770-211D6A4F3AFC}.Release|Any CPU.Build.0 = Release|Any CPU
		{D08389DE-93AA-4C37-9DEC-3329E4643755}.Debug|Any CPU.ActiveCfg = Debug|Any CPU
		{D08389DE-93AA-4C37-9DEC-3329E4643755}.Debug|Any CPU.Build.0 = Debug|Any CPU
		{D08389DE-93AA-4C37-9DEC-3329E4643755}.Release|Any CPU.ActiveCfg = Release|Any CPU
		{D08389DE-93AA-4C37-9DEC-3329E4643755}.Release|Any CPU.Build.0 = Release|Any CPU
		{0D1B6C46-0B96-4063-8C1C-9C5521E7076A}.Debug|Any CPU.ActiveCfg = Debug|Any CPU
		{0D1B6C46-0B96-4063-8C1C-9C5521E7076A}.Debug|Any CPU.Build.0 = Debug|Any CPU
		{0D1B6C46-0B96-4063-8C1C-9C5521E7076A}.Release|Any CPU.ActiveCfg = Release|Any CPU
		{0D1B6C46-0B96-4063-8C1C-9C5521E7076A}.Release|Any CPU.Build.0 = Release|Any CPU
		{DFB33671-925B-49F6-A29D-2F94FF4A0E2C}.Debug|Any CPU.ActiveCfg = Debug|Any CPU
		{DFB33671-925B-49F6-A29D-2F94FF4A0E2C}.Debug|Any CPU.Build.0 = Debug|Any CPU
		{DFB33671-925B-49F6-A29D-2F94FF4A0E2C}.Release|Any CPU.ActiveCfg = Release|Any CPU
		{DFB33671-925B-49F6-A29D-2F94FF4A0E2C}.Release|Any CPU.Build.0 = Release|Any CPU
		{8C4EF710-EB6A-4329-BEC3-058B8CB91AEE}.Debug|Any CPU.ActiveCfg = Debug|Any CPU
		{8C4EF710-EB6A-4329-BEC3-058B8CB91AEE}.Debug|Any CPU.Build.0 = Debug|Any CPU
		{8C4EF710-EB6A-4329-BEC3-058B8CB91AEE}.Release|Any CPU.ActiveCfg = Release|Any CPU
		{8C4EF710-EB6A-4329-BEC3-058B8CB91AEE}.Release|Any CPU.Build.0 = Release|Any CPU
		{28FA4E63-1767-4962-933E-E1D958803B1E}.Debug|Any CPU.ActiveCfg = Debug|Any CPU
		{28FA4E63-1767-4962-933E-E1D958803B1E}.Debug|Any CPU.Build.0 = Debug|Any CPU
		{28FA4E63-1767-4962-933E-E1D958803B1E}.Release|Any CPU.ActiveCfg = Release|Any CPU
		{28FA4E63-1767-4962-933E-E1D958803B1E}.Release|Any CPU.Build.0 = Release|Any CPU
		{B582A9BE-5E54-42DC-8446-A04D77ADC10E}.Debug|Any CPU.ActiveCfg = Debug|Any CPU
		{B582A9BE-5E54-42DC-8446-A04D77ADC10E}.Debug|Any CPU.Build.0 = Debug|Any CPU
		{B582A9BE-5E54-42DC-8446-A04D77ADC10E}.Release|Any CPU.ActiveCfg = Release|Any CPU
		{B582A9BE-5E54-42DC-8446-A04D77ADC10E}.Release|Any CPU.Build.0 = Release|Any CPU
		{002F620A-AB02-4899-982F-1E1F902BEEE7}.Debug|Any CPU.ActiveCfg = Debug|Any CPU
		{002F620A-AB02-4899-982F-1E1F902BEEE7}.Debug|Any CPU.Build.0 = Debug|Any CPU
		{002F620A-AB02-4899-982F-1E1F902BEEE7}.Release|Any CPU.ActiveCfg = Release|Any CPU
		{002F620A-AB02-4899-982F-1E1F902BEEE7}.Release|Any CPU.Build.0 = Release|Any CPU
		{8308D6F0-6ECF-4968-8352-DA4566F45B65}.Debug|Any CPU.ActiveCfg = Debug|Any CPU
		{8308D6F0-6ECF-4968-8352-DA4566F45B65}.Debug|Any CPU.Build.0 = Debug|Any CPU
		{8308D6F0-6ECF-4968-8352-DA4566F45B65}.Release|Any CPU.ActiveCfg = Release|Any CPU
		{8308D6F0-6ECF-4968-8352-DA4566F45B65}.Release|Any CPU.Build.0 = Release|Any CPU
		{CAEEF008-9A5A-46EB-83BE-2C7CA35032F4}.Debug|Any CPU.ActiveCfg = Debug|Any CPU
		{CAEEF008-9A5A-46EB-83BE-2C7CA35032F4}.Debug|Any CPU.Build.0 = Debug|Any CPU
		{CAEEF008-9A5A-46EB-83BE-2C7CA35032F4}.Release|Any CPU.ActiveCfg = Release|Any CPU
		{CAEEF008-9A5A-46EB-83BE-2C7CA35032F4}.Release|Any CPU.Build.0 = Release|Any CPU
		{6F960185-B80D-484E-8B14-0FBBA7A40453}.Debug|Any CPU.ActiveCfg = Debug|Any CPU
		{6F960185-B80D-484E-8B14-0FBBA7A40453}.Debug|Any CPU.Build.0 = Debug|Any CPU
		{6F960185-B80D-484E-8B14-0FBBA7A40453}.Release|Any CPU.ActiveCfg = Release|Any CPU
		{6F960185-B80D-484E-8B14-0FBBA7A40453}.Release|Any CPU.Build.0 = Release|Any CPU
		{B96B3649-FA8D-4274-9004-3BF8173370D9}.Debug|Any CPU.ActiveCfg = Debug|Any CPU
		{B96B3649-FA8D-4274-9004-3BF8173370D9}.Debug|Any CPU.Build.0 = Debug|Any CPU
		{B96B3649-FA8D-4274-9004-3BF8173370D9}.Release|Any CPU.ActiveCfg = Release|Any CPU
		{B96B3649-FA8D-4274-9004-3BF8173370D9}.Release|Any CPU.Build.0 = Release|Any CPU
		{2E906F5B-04BB-45CD-B874-5703F585B0C5}.Debug|Any CPU.ActiveCfg = Debug|Any CPU
		{2E906F5B-04BB-45CD-B874-5703F585B0C5}.Debug|Any CPU.Build.0 = Debug|Any CPU
		{2E906F5B-04BB-45CD-B874-5703F585B0C5}.Release|Any CPU.ActiveCfg = Release|Any CPU
		{2E906F5B-04BB-45CD-B874-5703F585B0C5}.Release|Any CPU.Build.0 = Release|Any CPU
		{A7D97B25-EC19-4C32-8633-02AF836EAC0C}.Debug|Any CPU.ActiveCfg = Debug|Any CPU
		{A7D97B25-EC19-4C32-8633-02AF836EAC0C}.Debug|Any CPU.Build.0 = Debug|Any CPU
		{A7D97B25-EC19-4C32-8633-02AF836EAC0C}.Release|Any CPU.ActiveCfg = Release|Any CPU
		{A7D97B25-EC19-4C32-8633-02AF836EAC0C}.Release|Any CPU.Build.0 = Release|Any CPU
		{9AE986EE-0D70-4706-9681-43F0FD2E316E}.Debug|Any CPU.ActiveCfg = Debug|Any CPU
		{9AE986EE-0D70-4706-9681-43F0FD2E316E}.Debug|Any CPU.Build.0 = Debug|Any CPU
		{9AE986EE-0D70-4706-9681-43F0FD2E316E}.Release|Any CPU.ActiveCfg = Release|Any CPU
		{9AE986EE-0D70-4706-9681-43F0FD2E316E}.Release|Any CPU.Build.0 = Release|Any CPU
		{CC667BD9-572B-4802-B846-7BB485ADC848}.Debug|Any CPU.ActiveCfg = Debug|Any CPU
		{CC667BD9-572B-4802-B846-7BB485ADC848}.Debug|Any CPU.Build.0 = Debug|Any CPU
		{CC667BD9-572B-4802-B846-7BB485ADC848}.Release|Any CPU.ActiveCfg = Release|Any CPU
		{CC667BD9-572B-4802-B846-7BB485ADC848}.Release|Any CPU.Build.0 = Release|Any CPU
		{B085C444-8745-4345-A875-749CD93457D9}.Debug|Any CPU.ActiveCfg = Debug|Any CPU
		{B085C444-8745-4345-A875-749CD93457D9}.Debug|Any CPU.Build.0 = Debug|Any CPU
		{B085C444-8745-4345-A875-749CD93457D9}.Release|Any CPU.ActiveCfg = Release|Any CPU
		{B085C444-8745-4345-A875-749CD93457D9}.Release|Any CPU.Build.0 = Release|Any CPU
		{D2F932DA-4876-4E42-9420-594CE1B13300}.Debug|Any CPU.ActiveCfg = Debug|Any CPU
		{D2F932DA-4876-4E42-9420-594CE1B13300}.Debug|Any CPU.Build.0 = Debug|Any CPU
		{D2F932DA-4876-4E42-9420-594CE1B13300}.Release|Any CPU.ActiveCfg = Release|Any CPU
		{D2F932DA-4876-4E42-9420-594CE1B13300}.Release|Any CPU.Build.0 = Release|Any CPU
		{8C821824-060B-401B-AD9B-5B6A2D66E415}.Debug|Any CPU.ActiveCfg = Debug|Any CPU
		{8C821824-060B-401B-AD9B-5B6A2D66E415}.Debug|Any CPU.Build.0 = Debug|Any CPU
		{8C821824-060B-401B-AD9B-5B6A2D66E415}.Release|Any CPU.ActiveCfg = Release|Any CPU
		{8C821824-060B-401B-AD9B-5B6A2D66E415}.Release|Any CPU.Build.0 = Release|Any CPU
		{ECC1C094-C61A-45B2-A554-19A633796AE0}.Debug|Any CPU.ActiveCfg = Debug|Any CPU
		{ECC1C094-C61A-45B2-A554-19A633796AE0}.Debug|Any CPU.Build.0 = Debug|Any CPU
		{ECC1C094-C61A-45B2-A554-19A633796AE0}.Release|Any CPU.ActiveCfg = Release|Any CPU
		{ECC1C094-C61A-45B2-A554-19A633796AE0}.Release|Any CPU.Build.0 = Release|Any CPU
		{3865D48E-FF2C-4D82-9AAA-61CD3FA421FC}.Debug|Any CPU.ActiveCfg = Debug|Any CPU
		{3865D48E-FF2C-4D82-9AAA-61CD3FA421FC}.Debug|Any CPU.Build.0 = Debug|Any CPU
		{3865D48E-FF2C-4D82-9AAA-61CD3FA421FC}.Release|Any CPU.ActiveCfg = Release|Any CPU
		{3865D48E-FF2C-4D82-9AAA-61CD3FA421FC}.Release|Any CPU.Build.0 = Release|Any CPU
		{C8FA5B80-546D-4E64-AB55-15A68E49D361}.Debug|Any CPU.ActiveCfg = Debug|Any CPU
		{C8FA5B80-546D-4E64-AB55-15A68E49D361}.Debug|Any CPU.Build.0 = Debug|Any CPU
		{C8FA5B80-546D-4E64-AB55-15A68E49D361}.Release|Any CPU.ActiveCfg = Release|Any CPU
		{C8FA5B80-546D-4E64-AB55-15A68E49D361}.Release|Any CPU.Build.0 = Release|Any CPU
		{0DB0B890-3C18-4870-ADB2-5D0CC1F0230E}.Debug|Any CPU.ActiveCfg = Debug|Any CPU
		{0DB0B890-3C18-4870-ADB2-5D0CC1F0230E}.Debug|Any CPU.Build.0 = Debug|Any CPU
		{0DB0B890-3C18-4870-ADB2-5D0CC1F0230E}.Release|Any CPU.ActiveCfg = Release|Any CPU
		{0DB0B890-3C18-4870-ADB2-5D0CC1F0230E}.Release|Any CPU.Build.0 = Release|Any CPU
		{77B4BEAF-A048-40C1-A854-F869EA5A8CA7}.Debug|Any CPU.ActiveCfg = Debug|Any CPU
		{77B4BEAF-A048-40C1-A854-F869EA5A8CA7}.Debug|Any CPU.Build.0 = Debug|Any CPU
		{77B4BEAF-A048-40C1-A854-F869EA5A8CA7}.Release|Any CPU.ActiveCfg = Release|Any CPU
		{77B4BEAF-A048-40C1-A854-F869EA5A8CA7}.Release|Any CPU.Build.0 = Release|Any CPU
		{C377D875-C97D-4687-97D6-359E3FC15EF1}.Debug|Any CPU.ActiveCfg = Debug|Any CPU
		{C377D875-C97D-4687-97D6-359E3FC15EF1}.Debug|Any CPU.Build.0 = Debug|Any CPU
		{C377D875-C97D-4687-97D6-359E3FC15EF1}.Release|Any CPU.ActiveCfg = Release|Any CPU
		{C377D875-C97D-4687-97D6-359E3FC15EF1}.Release|Any CPU.Build.0 = Release|Any CPU
		{8563BC14-C80E-44D6-9ACF-3CF1986452C1}.Debug|Any CPU.ActiveCfg = Debug|Any CPU
		{8563BC14-C80E-44D6-9ACF-3CF1986452C1}.Debug|Any CPU.Build.0 = Debug|Any CPU
		{8563BC14-C80E-44D6-9ACF-3CF1986452C1}.Release|Any CPU.ActiveCfg = Release|Any CPU
		{8563BC14-C80E-44D6-9ACF-3CF1986452C1}.Release|Any CPU.Build.0 = Release|Any CPU
		{7E9C7E63-C346-49B1-89FE-F8FF2E263D84}.Debug|Any CPU.ActiveCfg = Debug|Any CPU
		{7E9C7E63-C346-49B1-89FE-F8FF2E263D84}.Debug|Any CPU.Build.0 = Debug|Any CPU
		{7E9C7E63-C346-49B1-89FE-F8FF2E263D84}.Release|Any CPU.ActiveCfg = Release|Any CPU
		{7E9C7E63-C346-49B1-89FE-F8FF2E263D84}.Release|Any CPU.Build.0 = Release|Any CPU
		{AE3F3DFB-4471-43A7-B5EC-FC04D3A25C8F}.Debug|Any CPU.ActiveCfg = Debug|Any CPU
		{AE3F3DFB-4471-43A7-B5EC-FC04D3A25C8F}.Debug|Any CPU.Build.0 = Debug|Any CPU
		{AE3F3DFB-4471-43A7-B5EC-FC04D3A25C8F}.Release|Any CPU.ActiveCfg = Release|Any CPU
		{AE3F3DFB-4471-43A7-B5EC-FC04D3A25C8F}.Release|Any CPU.Build.0 = Release|Any CPU
		{6D57DCFB-AFE4-45BB-AFE6-CCB3BD728B61}.Debug|Any CPU.ActiveCfg = Debug|Any CPU
		{6D57DCFB-AFE4-45BB-AFE6-CCB3BD728B61}.Debug|Any CPU.Build.0 = Debug|Any CPU
		{6D57DCFB-AFE4-45BB-AFE6-CCB3BD728B61}.Release|Any CPU.ActiveCfg = Release|Any CPU
		{6D57DCFB-AFE4-45BB-AFE6-CCB3BD728B61}.Release|Any CPU.Build.0 = Release|Any CPU
		{AC50C09B-935F-4D5F-95B0-9160B9E9042D}.Debug|Any CPU.ActiveCfg = Debug|Any CPU
		{AC50C09B-935F-4D5F-95B0-9160B9E9042D}.Debug|Any CPU.Build.0 = Debug|Any CPU
		{AC50C09B-935F-4D5F-95B0-9160B9E9042D}.Release|Any CPU.ActiveCfg = Release|Any CPU
		{AC50C09B-935F-4D5F-95B0-9160B9E9042D}.Release|Any CPU.Build.0 = Release|Any CPU
		{888EE616-4A0F-4A29-A3BE-426C44B8976F}.Debug|Any CPU.ActiveCfg = Debug|Any CPU
		{888EE616-4A0F-4A29-A3BE-426C44B8976F}.Debug|Any CPU.Build.0 = Debug|Any CPU
		{888EE616-4A0F-4A29-A3BE-426C44B8976F}.Release|Any CPU.ActiveCfg = Release|Any CPU
		{888EE616-4A0F-4A29-A3BE-426C44B8976F}.Release|Any CPU.Build.0 = Release|Any CPU
		{EC6BDE41-BA71-4C35-9C70-EEC2B5A6A4AC}.Debug|Any CPU.ActiveCfg = Debug|Any CPU
		{EC6BDE41-BA71-4C35-9C70-EEC2B5A6A4AC}.Debug|Any CPU.Build.0 = Debug|Any CPU
		{EC6BDE41-BA71-4C35-9C70-EEC2B5A6A4AC}.Release|Any CPU.ActiveCfg = Release|Any CPU
		{EC6BDE41-BA71-4C35-9C70-EEC2B5A6A4AC}.Release|Any CPU.Build.0 = Release|Any CPU
		{DD24F802-CE4D-4CA4-8208-AFFA965C3B38}.Debug|Any CPU.ActiveCfg = Debug|Any CPU
		{DD24F802-CE4D-4CA4-8208-AFFA965C3B38}.Debug|Any CPU.Build.0 = Debug|Any CPU
		{DD24F802-CE4D-4CA4-8208-AFFA965C3B38}.Release|Any CPU.ActiveCfg = Release|Any CPU
		{DD24F802-CE4D-4CA4-8208-AFFA965C3B38}.Release|Any CPU.Build.0 = Release|Any CPU
		{7B01E71C-E8B9-4508-BFB2-CBBA54C314E4}.Debug|Any CPU.ActiveCfg = Debug|Any CPU
		{7B01E71C-E8B9-4508-BFB2-CBBA54C314E4}.Debug|Any CPU.Build.0 = Debug|Any CPU
		{7B01E71C-E8B9-4508-BFB2-CBBA54C314E4}.Release|Any CPU.ActiveCfg = Release|Any CPU
		{7B01E71C-E8B9-4508-BFB2-CBBA54C314E4}.Release|Any CPU.Build.0 = Release|Any CPU
		{B5E60BD5-AF0A-460C-97EA-94248D3B4FDB}.Debug|Any CPU.ActiveCfg = Debug|Any CPU
		{B5E60BD5-AF0A-460C-97EA-94248D3B4FDB}.Debug|Any CPU.Build.0 = Debug|Any CPU
		{B5E60BD5-AF0A-460C-97EA-94248D3B4FDB}.Release|Any CPU.ActiveCfg = Release|Any CPU
		{B5E60BD5-AF0A-460C-97EA-94248D3B4FDB}.Release|Any CPU.Build.0 = Release|Any CPU
		{DAB7CE1C-CC83-4654-8CB9-8BBFCA9CF080}.Debug|Any CPU.ActiveCfg = Debug|Any CPU
		{DAB7CE1C-CC83-4654-8CB9-8BBFCA9CF080}.Debug|Any CPU.Build.0 = Debug|Any CPU
		{DAB7CE1C-CC83-4654-8CB9-8BBFCA9CF080}.Release|Any CPU.ActiveCfg = Release|Any CPU
		{DAB7CE1C-CC83-4654-8CB9-8BBFCA9CF080}.Release|Any CPU.Build.0 = Release|Any CPU
		{D226DAC0-8B9B-4223-A877-C544C898D7B0}.Debug|Any CPU.ActiveCfg = Debug|Any CPU
		{D226DAC0-8B9B-4223-A877-C544C898D7B0}.Debug|Any CPU.Build.0 = Debug|Any CPU
		{D226DAC0-8B9B-4223-A877-C544C898D7B0}.Release|Any CPU.ActiveCfg = Release|Any CPU
		{D226DAC0-8B9B-4223-A877-C544C898D7B0}.Release|Any CPU.Build.0 = Release|Any CPU
		{55E3848F-E528-41B9-B6EC-852A0C40D570}.Debug|Any CPU.ActiveCfg = Debug|Any CPU
		{55E3848F-E528-41B9-B6EC-852A0C40D570}.Debug|Any CPU.Build.0 = Debug|Any CPU
		{55E3848F-E528-41B9-B6EC-852A0C40D570}.Release|Any CPU.ActiveCfg = Release|Any CPU
		{55E3848F-E528-41B9-B6EC-852A0C40D570}.Release|Any CPU.Build.0 = Release|Any CPU
		{363D6CF7-DE2D-43C3-8E12-75176058DFAA}.Debug|Any CPU.ActiveCfg = Debug|Any CPU
		{363D6CF7-DE2D-43C3-8E12-75176058DFAA}.Debug|Any CPU.Build.0 = Debug|Any CPU
		{363D6CF7-DE2D-43C3-8E12-75176058DFAA}.Release|Any CPU.ActiveCfg = Release|Any CPU
		{363D6CF7-DE2D-43C3-8E12-75176058DFAA}.Release|Any CPU.Build.0 = Release|Any CPU
		{157BF145-9A0D-4819-B700-EA10F1B9321B}.Debug|Any CPU.ActiveCfg = Debug|Any CPU
		{157BF145-9A0D-4819-B700-EA10F1B9321B}.Debug|Any CPU.Build.0 = Debug|Any CPU
		{157BF145-9A0D-4819-B700-EA10F1B9321B}.Release|Any CPU.ActiveCfg = Release|Any CPU
		{157BF145-9A0D-4819-B700-EA10F1B9321B}.Release|Any CPU.Build.0 = Release|Any CPU
		{DAD83A78-00EC-4AD6-AE1D-76C53EAD45DA}.Debug|Any CPU.ActiveCfg = Debug|Any CPU
		{DAD83A78-00EC-4AD6-AE1D-76C53EAD45DA}.Debug|Any CPU.Build.0 = Debug|Any CPU
		{DAD83A78-00EC-4AD6-AE1D-76C53EAD45DA}.Release|Any CPU.ActiveCfg = Release|Any CPU
		{DAD83A78-00EC-4AD6-AE1D-76C53EAD45DA}.Release|Any CPU.Build.0 = Release|Any CPU
		{BE7402D0-C04C-4F2F-84C5-A2E3C3BC23F9}.Debug|Any CPU.ActiveCfg = Debug|Any CPU
		{BE7402D0-C04C-4F2F-84C5-A2E3C3BC23F9}.Debug|Any CPU.Build.0 = Debug|Any CPU
		{BE7402D0-C04C-4F2F-84C5-A2E3C3BC23F9}.Release|Any CPU.ActiveCfg = Release|Any CPU
		{BE7402D0-C04C-4F2F-84C5-A2E3C3BC23F9}.Release|Any CPU.Build.0 = Release|Any CPU
		{1B5C82ED-91D6-4705-9414-9F4398947E56}.Debug|Any CPU.ActiveCfg = Debug|Any CPU
		{1B5C82ED-91D6-4705-9414-9F4398947E56}.Debug|Any CPU.Build.0 = Debug|Any CPU
		{1B5C82ED-91D6-4705-9414-9F4398947E56}.Release|Any CPU.ActiveCfg = Release|Any CPU
		{1B5C82ED-91D6-4705-9414-9F4398947E56}.Release|Any CPU.Build.0 = Release|Any CPU
		{05563C27-73E2-4F60-983A-75B6E44DACD9}.Debug|Any CPU.ActiveCfg = Debug|Any CPU
		{05563C27-73E2-4F60-983A-75B6E44DACD9}.Debug|Any CPU.Build.0 = Debug|Any CPU
		{05563C27-73E2-4F60-983A-75B6E44DACD9}.Release|Any CPU.ActiveCfg = Release|Any CPU
		{05563C27-73E2-4F60-983A-75B6E44DACD9}.Release|Any CPU.Build.0 = Release|Any CPU
	EndGlobalSection
	GlobalSection(SolutionProperties) = preSolution
		HideSolutionNode = FALSE
	EndGlobalSection
	GlobalSection(NestedProjects) = preSolution
		{3DF55F06-F102-4CC9-976A-DFFE8FEE6BA4} = {392F4DD3-2A9B-4BA6-AA08-FA1F78C05404}
		{0300036A-B643-42E1-83F7-D0DAF9CE39D9} = {3DF55F06-F102-4CC9-976A-DFFE8FEE6BA4}
		{8C26D592-78A6-4202-9C9E-EBAE4E7B0F1B} = {3DF55F06-F102-4CC9-976A-DFFE8FEE6BA4}
		{9F3ABFF5-AC80-4901-8489-5A889342692A} = {3DF55F06-F102-4CC9-976A-DFFE8FEE6BA4}
		{89727267-31DD-447B-9DDF-D11FD04AF1A5} = {3DF55F06-F102-4CC9-976A-DFFE8FEE6BA4}
		{4CC91B3C-DA77-4E8F-B520-6CBF7C4C87EB} = {3DF55F06-F102-4CC9-976A-DFFE8FEE6BA4}
		{31C26630-8FD2-4B4E-A043-B78CA1DEBC34} = {3DF55F06-F102-4CC9-976A-DFFE8FEE6BA4}
		{89A89F73-6EE5-43A1-84B9-408C7ED8245B} = {3DF55F06-F102-4CC9-976A-DFFE8FEE6BA4}
		{52044C28-9D61-4B7D-9A8C-20019D4BBBEA} = {392F4DD3-2A9B-4BA6-AA08-FA1F78C05404}
		{8716B5FA-E83B-49EE-91F0-82E84C2A09A2} = {52044C28-9D61-4B7D-9A8C-20019D4BBBEA}
		{D4020265-4C9E-42A2-93B5-C31484F7452C} = {52044C28-9D61-4B7D-9A8C-20019D4BBBEA}
		{EEAB8896-5E84-4B49-B8A7-9CEE019619CD} = {52044C28-9D61-4B7D-9A8C-20019D4BBBEA}
		{034C48C8-A367-436C-8090-7E53CC7A3C88} = {52044C28-9D61-4B7D-9A8C-20019D4BBBEA}
		{A8CD986D-ABA2-4A40-A3A1-E4E1E1303232} = {52044C28-9D61-4B7D-9A8C-20019D4BBBEA}
		{5380D437-4209-410E-81B1-BCC55FC7A7F1} = {52044C28-9D61-4B7D-9A8C-20019D4BBBEA}
		{482CE45F-F7AE-4B41-821B-A9818483858D} = {392F4DD3-2A9B-4BA6-AA08-FA1F78C05404}
		{E203E055-E7CD-466E-BEB1-9F623E51BD88} = {482CE45F-F7AE-4B41-821B-A9818483858D}
		{41A3979D-43A6-4F19-8742-25D057C95B9E} = {482CE45F-F7AE-4B41-821B-A9818483858D}
		{5A35FDB7-A9CA-432C-B2AB-0DE3BFA94832} = {482CE45F-F7AE-4B41-821B-A9818483858D}
		{6F72DCC7-B799-4E13-987D-C5BEE7B25A01} = {482CE45F-F7AE-4B41-821B-A9818483858D}
		{52411B35-3AEA-42AC-B9C0-16E07468668F} = {482CE45F-F7AE-4B41-821B-A9818483858D}
		{317B0A69-5FB3-40DC-BAB9-8AE757B0E32B} = {482CE45F-F7AE-4B41-821B-A9818483858D}
		{B7D03C0C-63EF-4F27-8BEE-B1616DAFB36D} = {326859D0-E10E-422B-9E97-DA44AB0818AD}
		{B45B024E-C6B5-47AD-B55C-D159C5759406} = {326859D0-E10E-422B-9E97-DA44AB0818AD}
		{D67BD403-D46D-468D-B609-6D50E9C01F6C} = {B7D03C0C-63EF-4F27-8BEE-B1616DAFB36D}
		{1BC38D77-7BE3-4BEF-A82F-DCDF875AEA85} = {B7D03C0C-63EF-4F27-8BEE-B1616DAFB36D}
		{43E33217-07AF-454D-9563-F0BFEB12DB0B} = {B45B024E-C6B5-47AD-B55C-D159C5759406}
		{EAF8CCFD-7846-480E-849A-B2C107695776} = {B45B024E-C6B5-47AD-B55C-D159C5759406}
		{D620244B-46E4-4DCB-9C0B-27BCB81DFE71} = {B45B024E-C6B5-47AD-B55C-D159C5759406}
		{8FB35166-F9D4-4338-BAB6-886EBDE42BBD} = {B45B024E-C6B5-47AD-B55C-D159C5759406}
		{773C675D-C8CA-4CB9-A417-39AFBC3845D0} = {326859D0-E10E-422B-9E97-DA44AB0818AD}
		{BC85182E-516A-4CBF-8770-211D6A4F3AFC} = {773C675D-C8CA-4CB9-A417-39AFBC3845D0}
		{D08389DE-93AA-4C37-9DEC-3329E4643755} = {773C675D-C8CA-4CB9-A417-39AFBC3845D0}
		{0D1B6C46-0B96-4063-8C1C-9C5521E7076A} = {773C675D-C8CA-4CB9-A417-39AFBC3845D0}
		{DFB33671-925B-49F6-A29D-2F94FF4A0E2C} = {773C675D-C8CA-4CB9-A417-39AFBC3845D0}
		{871D7366-CBB5-4A4C-B2F8-7511059C5794} = {326859D0-E10E-422B-9E97-DA44AB0818AD}
		{8C4EF710-EB6A-4329-BEC3-058B8CB91AEE} = {871D7366-CBB5-4A4C-B2F8-7511059C5794}
		{28FA4E63-1767-4962-933E-E1D958803B1E} = {871D7366-CBB5-4A4C-B2F8-7511059C5794}
		{B582A9BE-5E54-42DC-8446-A04D77ADC10E} = {871D7366-CBB5-4A4C-B2F8-7511059C5794}
		{002F620A-AB02-4899-982F-1E1F902BEEE7} = {871D7366-CBB5-4A4C-B2F8-7511059C5794}
		{2E5DD293-9471-4157-A277-1804E3ACB10D} = {326859D0-E10E-422B-9E97-DA44AB0818AD}
		{8308D6F0-6ECF-4968-8352-DA4566F45B65} = {2E5DD293-9471-4157-A277-1804E3ACB10D}
		{CAEEF008-9A5A-46EB-83BE-2C7CA35032F4} = {2E5DD293-9471-4157-A277-1804E3ACB10D}
		{6F960185-B80D-484E-8B14-0FBBA7A40453} = {2E5DD293-9471-4157-A277-1804E3ACB10D}
		{B96B3649-FA8D-4274-9004-3BF8173370D9} = {2E5DD293-9471-4157-A277-1804E3ACB10D}
		{2E906F5B-04BB-45CD-B874-5703F585B0C5} = {2E5DD293-9471-4157-A277-1804E3ACB10D}
		{A7D97B25-EC19-4C32-8633-02AF836EAC0C} = {2E5DD293-9471-4157-A277-1804E3ACB10D}
		{2FAD5843-2886-4427-BB56-800C2E1B00A3} = {392F4DD3-2A9B-4BA6-AA08-FA1F78C05404}
		{9AE986EE-0D70-4706-9681-43F0FD2E316E} = {2FAD5843-2886-4427-BB56-800C2E1B00A3}
		{CC667BD9-572B-4802-B846-7BB485ADC848} = {2FAD5843-2886-4427-BB56-800C2E1B00A3}
		{B085C444-8745-4345-A875-749CD93457D9} = {2FAD5843-2886-4427-BB56-800C2E1B00A3}
		{D2F932DA-4876-4E42-9420-594CE1B13300} = {2FAD5843-2886-4427-BB56-800C2E1B00A3}
		{8C821824-060B-401B-AD9B-5B6A2D66E415} = {2FAD5843-2886-4427-BB56-800C2E1B00A3}
		{1651B968-B8AB-4F6C-9334-DB58EA986A4A} = {392F4DD3-2A9B-4BA6-AA08-FA1F78C05404}
		{ECC1C094-C61A-45B2-A554-19A633796AE0} = {1651B968-B8AB-4F6C-9334-DB58EA986A4A}
		{3865D48E-FF2C-4D82-9AAA-61CD3FA421FC} = {1651B968-B8AB-4F6C-9334-DB58EA986A4A}
		{C8FA5B80-546D-4E64-AB55-15A68E49D361} = {1651B968-B8AB-4F6C-9334-DB58EA986A4A}
		{0DB0B890-3C18-4870-ADB2-5D0CC1F0230E} = {1651B968-B8AB-4F6C-9334-DB58EA986A4A}
		{77B4BEAF-A048-40C1-A854-F869EA5A8CA7} = {1651B968-B8AB-4F6C-9334-DB58EA986A4A}
		{C377D875-C97D-4687-97D6-359E3FC15EF1} = {1651B968-B8AB-4F6C-9334-DB58EA986A4A}
		{F4246C8A-3FB9-4DA0-8062-F53D4C4B7513} = {03E03A2F-3C18-4BE6-A904-358F3C76A6D5}
		{8563BC14-C80E-44D6-9ACF-3CF1986452C1} = {F4246C8A-3FB9-4DA0-8062-F53D4C4B7513}
		{7E9C7E63-C346-49B1-89FE-F8FF2E263D84} = {F4246C8A-3FB9-4DA0-8062-F53D4C4B7513}
		{AE3F3DFB-4471-43A7-B5EC-FC04D3A25C8F} = {F4246C8A-3FB9-4DA0-8062-F53D4C4B7513}
		{6D57DCFB-AFE4-45BB-AFE6-CCB3BD728B61} = {F4246C8A-3FB9-4DA0-8062-F53D4C4B7513}
		{AC50C09B-935F-4D5F-95B0-9160B9E9042D} = {F4246C8A-3FB9-4DA0-8062-F53D4C4B7513}
		{888EE616-4A0F-4A29-A3BE-426C44B8976F} = {F4246C8A-3FB9-4DA0-8062-F53D4C4B7513}
		{EC6BDE41-BA71-4C35-9C70-EEC2B5A6A4AC} = {F4246C8A-3FB9-4DA0-8062-F53D4C4B7513}
		{C8EBC6AB-D084-4EC6-8A84-6BBB8FC229D7} = {03E03A2F-3C18-4BE6-A904-358F3C76A6D5}
		{DD24F802-CE4D-4CA4-8208-AFFA965C3B38} = {C8EBC6AB-D084-4EC6-8A84-6BBB8FC229D7}
		{7B01E71C-E8B9-4508-BFB2-CBBA54C314E4} = {C8EBC6AB-D084-4EC6-8A84-6BBB8FC229D7}
		{B5E60BD5-AF0A-460C-97EA-94248D3B4FDB} = {C8EBC6AB-D084-4EC6-8A84-6BBB8FC229D7}
		{DAB7CE1C-CC83-4654-8CB9-8BBFCA9CF080} = {C8EBC6AB-D084-4EC6-8A84-6BBB8FC229D7}
		{D226DAC0-8B9B-4223-A877-C544C898D7B0} = {C8EBC6AB-D084-4EC6-8A84-6BBB8FC229D7}
		{55E3848F-E528-41B9-B6EC-852A0C40D570} = {C8EBC6AB-D084-4EC6-8A84-6BBB8FC229D7}
		{363D6CF7-DE2D-43C3-8E12-75176058DFAA} = {2FAD5843-2886-4427-BB56-800C2E1B00A3}
		{4CDF6EF8-B084-409A-BB94-A6AA686F0F60} = {03E03A2F-3C18-4BE6-A904-358F3C76A6D5}
		{157BF145-9A0D-4819-B700-EA10F1B9321B} = {4CDF6EF8-B084-409A-BB94-A6AA686F0F60}
		{DAD83A78-00EC-4AD6-AE1D-76C53EAD45DA} = {4CDF6EF8-B084-409A-BB94-A6AA686F0F60}
		{BE7402D0-C04C-4F2F-84C5-A2E3C3BC23F9} = {4CDF6EF8-B084-409A-BB94-A6AA686F0F60}
		{1B5C82ED-91D6-4705-9414-9F4398947E56} = {4CDF6EF8-B084-409A-BB94-A6AA686F0F60}
		{05563C27-73E2-4F60-983A-75B6E44DACD9} = {4CDF6EF8-B084-409A-BB94-A6AA686F0F60}
	EndGlobalSection
	GlobalSection(ExtensibilityGlobals) = postSolution
		SolutionGuid = {659EB950-595F-4AE8-870F-2F962CC0B845}
	EndGlobalSection
EndGlobal
