
Microsoft Visual Studio Solution File, Format Version 12.00
# Visual Studio Version 17
VisualStudioVersion = 17.8.34322.80
MinimumVisualStudioVersion = 10.0.40219.1
Project("{2150E333-8FDC-42A3-9474-1A3956D46DE8}") = "CreationalPatterns", "CreationalPatterns", "{392F4DD3-2A9B-4BA6-AA08-FA1F78C05404}"
EndProject
Project("{2150E333-8FDC-42A3-9474-1A3956D46DE8}") = "Factory", "Factory", "{3DF55F06-F102-4CC9-976A-DFFE8FEE6BA4}"
EndProject
Project("{9A19103F-16F7-4668-BE54-9A1E7A4F7556}") = "StructuralCode", "CreationalPatterns\Factory\StructuralCode\StructuralCode.csproj", "{0300036A-B643-42E1-83F7-D0DAF9CE39D9}"
EndProject
Project("{9A19103F-16F7-4668-BE54-9A1E7A4F7556}") = "SmartDevices", "CreationalPatterns\Factory\SmartDevices\SmartDevices.csproj", "{8C26D592-78A6-4202-9C9E-EBAE4E7B0F1B}"
EndProject
Project("{9A19103F-16F7-4668-BE54-9A1E7A4F7556}") = "PizzaSimpleFactory", "CreationalPatterns\Factory\PizzaSimpleFactory\PizzaSimpleFactory.csproj", "{9F3ABFF5-AC80-4901-8489-5A889342692A}"
EndProject
Project("{9A19103F-16F7-4668-BE54-9A1E7A4F7556}") = "GenericFactory", "CreationalPatterns\Factory\GenericFactory\GenericFactory.csproj", "{89727267-31DD-447B-9DDF-D11FD04AF1A5}"
EndProject
Project("{9A19103F-16F7-4668-BE54-9A1E7A4F7556}") = "Documents", "CreationalPatterns\Factory\Documents\Documents.csproj", "{4CC91B3C-DA77-4E8F-B520-6CBF7C4C87EB}"
EndProject
Project("{9A19103F-16F7-4668-BE54-9A1E7A4F7556}") = "CreditCards", "CreationalPatterns\Factory\CreditCards\CreditCards.csproj", "{31C26630-8FD2-4B4E-A043-B78CA1DEBC34}"
EndProject
Project("{9A19103F-16F7-4668-BE54-9A1E7A4F7556}") = "AirConditioners", "CreationalPatterns\Factory\AirConditioners\AirConditioners.csproj", "{89A89F73-6EE5-43A1-84B9-408C7ED8245B}"
EndProject
Project("{2150E333-8FDC-42A3-9474-1A3956D46DE8}") = "AbstractFactory", "AbstractFactory", "{52044C28-9D61-4B7D-9A8C-20019D4BBBEA}"
EndProject
Project("{9A19103F-16F7-4668-BE54-9A1E7A4F7556}") = "StructuralCode", "CreationalPatterns\AbstractFactory\StructuralCode\StructuralCode.csproj", "{8716B5FA-E83B-49EE-91F0-82E84C2A09A2}"
EndProject
Project("{9A19103F-16F7-4668-BE54-9A1E7A4F7556}") = "AnimalWorld", "CreationalPatterns\AbstractFactory\AnimalWorld\AnimalWorld.csproj", "{D4020265-4C9E-42A2-93B5-C31484F7452C}"
EndProject
Project("{9A19103F-16F7-4668-BE54-9A1E7A4F7556}") = "Furniture", "CreationalPatterns\AbstractFactory\Furniture\Furniture.csproj", "{EEAB8896-5E84-4B49-B8A7-9CEE019619CD}"
EndProject
Project("{9A19103F-16F7-4668-BE54-9A1E7A4F7556}") = "EraStyles", "CreationalPatterns\AbstractFactory\EraStyles\EraStyles.csproj", "{034C48C8-A367-436C-8090-7E53CC7A3C88}"
EndProject
Project("{9A19103F-16F7-4668-BE54-9A1E7A4F7556}") = "Recipes", "CreationalPatterns\AbstractFactory\Recipes\Recipes.csproj", "{A8CD986D-ABA2-4A40-A3A1-E4E1E1303232}"
EndProject
Project("{9A19103F-16F7-4668-BE54-9A1E7A4F7556}") = "Motorcycles", "CreationalPatterns\AbstractFactory\Motorcycles\Motorcycles.csproj", "{5380D437-4209-410E-81B1-BCC55FC7A7F1}"
EndProject
Project("{2150E333-8FDC-42A3-9474-1A3956D46DE8}") = "Builder", "Builder", "{482CE45F-F7AE-4B41-821B-A9818483858D}"
EndProject
Project("{9A19103F-16F7-4668-BE54-9A1E7A4F7556}") = "StructuralCode", "CreationalPatterns\Builder\StructuralCode\StructuralCode.csproj", "{E203E055-E7CD-466E-BEB1-9F623E51BD88}"
EndProject
Project("{9A19103F-16F7-4668-BE54-9A1E7A4F7556}") = "Vehicles", "CreationalPatterns\Builder\Vehicles\Vehicles.csproj", "{41A3979D-43A6-4F19-8742-25D057C95B9E}"
EndProject
Project("{9A19103F-16F7-4668-BE54-9A1E7A4F7556}") = "Hamburgers", "CreationalPatterns\Builder\Hamburgers\Hamburgers.csproj", "{5A35FDB7-A9CA-432C-B2AB-0DE3BFA94832}"
EndProject
Project("{9A19103F-16F7-4668-BE54-9A1E7A4F7556}") = "Laptops", "CreationalPatterns\Builder\Laptops\Laptops.csproj", "{6F72DCC7-B799-4E13-987D-C5BEE7B25A01}"
EndProject
Project("{9A19103F-16F7-4668-BE54-9A1E7A4F7556}") = "Apartments", "CreationalPatterns\Builder\Apartments\Apartments.csproj", "{52411B35-3AEA-42AC-B9C0-16E07468668F}"
EndProject
Project("{9A19103F-16F7-4668-BE54-9A1E7A4F7556}") = "ProductsStockReport", "CreationalPatterns\Builder\ProductsStockReport\ProductsStockReport.csproj", "{317B0A69-5FB3-40DC-BAB9-8AE757B0E32B}"
EndProject
Project("{2150E333-8FDC-42A3-9474-1A3956D46DE8}") = "SOLIDPrinciples", "SOLIDPrinciples", "{326859D0-E10E-422B-9E97-DA44AB0818AD}"
EndProject
Project("{2150E333-8FDC-42A3-9474-1A3956D46DE8}") = "SingleResponsibilityPrinciple", "SingleResponsibilityPrinciple", "{B7D03C0C-63EF-4F27-8BEE-B1616DAFB36D}"
EndProject
Project("{2150E333-8FDC-42A3-9474-1A3956D46DE8}") = "OpenClosedPrinciple", "OpenClosedPrinciple", "{B45B024E-C6B5-47AD-B55C-D159C5759406}"
EndProject
Project("{9A19103F-16F7-4668-BE54-9A1E7A4F7556}") = "ReportsBadExample", "SOLIDPrinciples\SingleResponsibilityPrinciple\ReportsBadExample\ReportsBadExample.csproj", "{D67BD403-D46D-468D-B609-6D50E9C01F6C}"
EndProject
Project("{9A19103F-16F7-4668-BE54-9A1E7A4F7556}") = "ReportsGoodExample", "SOLIDPrinciples\SingleResponsibilityPrinciple\ReportsGoodExample\ReportsGoodExample.csproj", "{1BC38D77-7BE3-4BEF-A82F-DCDF875AEA85}"
EndProject
Project("{9A19103F-16F7-4668-BE54-9A1E7A4F7556}") = "SalaryCalculatorBadExample", "SOLIDPrinciples\OpenClosedPrinciple\SalaryCalculatorBadExample\SalaryCalculatorBadExample.csproj", "{43E33217-07AF-454D-9563-F0BFEB12DB0B}"
EndProject
Project("{9A19103F-16F7-4668-BE54-9A1E7A4F7556}") = "SalaryCalculatorGoodExample", "SOLIDPrinciples\OpenClosedPrinciple\SalaryCalculatorGoodExample\SalaryCalculatorGoodExample.csproj", "{EAF8CCFD-7846-480E-849A-B2C107695776}"
EndProject
Project("{9A19103F-16F7-4668-BE54-9A1E7A4F7556}") = "ComputerMonitorsBadExample", "SOLIDPrinciples\OpenClosedPrinciple\ComputerMonitorsBadExample\ComputerMonitorsBadExample.csproj", "{D620244B-46E4-4DCB-9C0B-27BCB81DFE71}"
EndProject
Project("{9A19103F-16F7-4668-BE54-9A1E7A4F7556}") = "ComputerMonitorsGoodExample", "SOLIDPrinciples\OpenClosedPrinciple\ComputerMonitorsGoodExample\ComputerMonitorsGoodExample.csproj", "{8FB35166-F9D4-4338-BAB6-886EBDE42BBD}"
EndProject
Project("{2150E333-8FDC-42A3-9474-1A3956D46DE8}") = "LiskovSubstitutionPrinciple", "LiskovSubstitutionPrinciple", "{773C675D-C8CA-4CB9-A417-39AFBC3845D0}"
EndProject
Project("{9A19103F-16F7-4668-BE54-9A1E7A4F7556}") = "ShapesBadExample", "SOLIDPrinciples\LiskovSubstitutionPrinciple\ShapesBadExample\ShapesBadExample.csproj", "{BC85182E-516A-4CBF-8770-211D6A4F3AFC}"
EndProject
Project("{9A19103F-16F7-4668-BE54-9A1E7A4F7556}") = "ShapesGoodExample", "SOLIDPrinciples\LiskovSubstitutionPrinciple\ShapesGoodExample\ShapesGoodExample.csproj", "{D08389DE-93AA-4C37-9DEC-3329E4643755}"
EndProject
Project("{9A19103F-16F7-4668-BE54-9A1E7A4F7556}") = "SumCalculatorBadExample", "SOLIDPrinciples\LiskovSubstitutionPrinciple\SumCalculatorBadExample\SumCalculatorBadExample.csproj", "{0D1B6C46-0B96-4063-8C1C-9C5521E7076A}"
EndProject
Project("{9A19103F-16F7-4668-BE54-9A1E7A4F7556}") = "SumCalculatorGoodExample", "SOLIDPrinciples\LiskovSubstitutionPrinciple\SumCalculatorGoodExample\SumCalculatorGoodExample.csproj", "{DFB33671-925B-49F6-A29D-2F94FF4A0E2C}"
EndProject
Project("{2150E333-8FDC-42A3-9474-1A3956D46DE8}") = "InterfaceSegregationPrinciple", "InterfaceSegregationPrinciple", "{871D7366-CBB5-4A4C-B2F8-7511059C5794}"
EndProject
Project("{9A19103F-16F7-4668-BE54-9A1E7A4F7556}") = "VehiclesBadExample", "SOLIDPrinciples\InterfaceSegregationPrinciple\VehiclesBadExample\VehiclesBadExample.csproj", "{8C4EF710-EB6A-4329-BEC3-058B8CB91AEE}"
EndProject
Project("{9A19103F-16F7-4668-BE54-9A1E7A4F7556}") = "VehiclesGoodExample", "SOLIDPrinciples\InterfaceSegregationPrinciple\VehiclesGoodExample\VehiclesGoodExample.csproj", "{28FA4E63-1767-4962-933E-E1D958803B1E}"
EndProject
Project("{9A19103F-16F7-4668-BE54-9A1E7A4F7556}") = "PrintersGoodExample", "SOLIDPrinciples\InterfaceSegregationPrinciple\PrintersGoodExample\PrintersGoodExample.csproj", "{B582A9BE-5E54-42DC-8446-A04D77ADC10E}"
EndProject
Project("{9A19103F-16F7-4668-BE54-9A1E7A4F7556}") = "PrintersBadExample", "SOLIDPrinciples\InterfaceSegregationPrinciple\PrintersBadExample\PrintersBadExample.csproj", "{002F620A-AB02-4899-982F-1E1F902BEEE7}"
EndProject
Project("{2150E333-8FDC-42A3-9474-1A3956D46DE8}") = "DependencyInversionPrinciple", "DependencyInversionPrinciple", "{2E5DD293-9471-4157-A277-1804E3ACB10D}"
EndProject
Project("{9A19103F-16F7-4668-BE54-9A1E7A4F7556}") = "EmployeesBadExample", "SOLIDPrinciples\DependencyInversionPrinciple\EmployeesBadExample\EmployeesBadExample.csproj", "{8308D6F0-6ECF-4968-8352-DA4566F45B65}"
EndProject
Project("{9A19103F-16F7-4668-BE54-9A1E7A4F7556}") = "EmployeesGoodExample", "SOLIDPrinciples\DependencyInversionPrinciple\EmployeesGoodExample\EmployeesGoodExample.csproj", "{CAEEF008-9A5A-46EB-83BE-2C7CA35032F4}"
EndProject
Project("{9A19103F-16F7-4668-BE54-9A1E7A4F7556}") = "CustomerBadExample", "SOLIDPrinciples\DependencyInversionPrinciple\CustomerBadExample\CustomerBadExample.csproj", "{6F960185-B80D-484E-8B14-0FBBA7A40453}"
EndProject
Project("{9A19103F-16F7-4668-BE54-9A1E7A4F7556}") = "CustomerConstructorInjection", "SOLIDPrinciples\DependencyInversionPrinciple\CustomerConstructorInjection\CustomerConstructorInjection.csproj", "{B96B3649-FA8D-4274-9004-3BF8173370D9}"
EndProject
Project("{9A19103F-16F7-4668-BE54-9A1E7A4F7556}") = "CustomerMethodInjection", "SOLIDPrinciples\DependencyInversionPrinciple\CustomerMethodInjection\CustomerMethodInjection.csproj", "{2E906F5B-04BB-45CD-B874-5703F585B0C5}"
EndProject
Project("{9A19103F-16F7-4668-BE54-9A1E7A4F7556}") = "CustomerPropertyInjection", "SOLIDPrinciples\DependencyInversionPrinciple\CustomerPropertyInjection\CustomerPropertyInjection.csproj", "{A7D97B25-EC19-4C32-8633-02AF836EAC0C}"
EndProject
Project("{2150E333-8FDC-42A3-9474-1A3956D46DE8}") = "Singleton", "Singleton", "{2FAD5843-2886-4427-BB56-800C2E1B00A3}"
EndProject
Project("{9A19103F-16F7-4668-BE54-9A1E7A4F7556}") = "StructuralCode", "CreationalPatterns\Singleton\StructuralCode\StructuralCode.csproj", "{9AE986EE-0D70-4706-9681-43F0FD2E316E}"
EndProject
Project("{9A19103F-16F7-4668-BE54-9A1E7A4F7556}") = "LoadBalancer", "CreationalPatterns\Singleton\LoadBalancer\LoadBalancer.csproj", "{CC667BD9-572B-4802-B846-7BB485ADC848}"
EndProject
Project("{9A19103F-16F7-4668-BE54-9A1E7A4F7556}") = "LoadBalancerOptimized", "CreationalPatterns\Singleton\LoadBalancerOptimized\LoadBalancerOptimized.csproj", "{B085C444-8745-4345-A875-749CD93457D9}"
EndProject
Project("{9A19103F-16F7-4668-BE54-9A1E7A4F7556}") = "VotingMachine", "CreationalPatterns\Singleton\VotingMachine\VotingMachine.csproj", "{D2F932DA-4876-4E42-9420-594CE1B13300}"
EndProject
Project("{9A19103F-16F7-4668-BE54-9A1E7A4F7556}") = "Logger", "CreationalPatterns\Singleton\Logger\Logger.csproj", "{8C821824-060B-401B-AD9B-5B6A2D66E415}"
EndProject
Project("{2150E333-8FDC-42A3-9474-1A3956D46DE8}") = "Prototype", "Prototype", "{1651B968-B8AB-4F6C-9334-DB58EA986A4A}"
EndProject
Project("{9A19103F-16F7-4668-BE54-9A1E7A4F7556}") = "StructuralCode", "CreationalPatterns\Prototype\StructuralCode\StructuralCode.csproj", "{ECC1C094-C61A-45B2-A554-19A633796AE0}"
EndProject
Project("{9A19103F-16F7-4668-BE54-9A1E7A4F7556}") = "Colors", "CreationalPatterns\Prototype\Colors\Colors.csproj", "{3865D48E-FF2C-4D82-9AAA-61CD3FA421FC}"
EndProject
Project("{9A19103F-16F7-4668-BE54-9A1E7A4F7556}") = "PeopleIdentification", "CreationalPatterns\Prototype\PeopleIdentification\PeopleIdentification.csproj", "{C8FA5B80-546D-4E64-AB55-15A68E49D361}"
EndProject
Project("{9A19103F-16F7-4668-BE54-9A1E7A4F7556}") = "Employees", "CreationalPatterns\Prototype\Employees\Employees.csproj", "{0DB0B890-3C18-4870-ADB2-5D0CC1F0230E}"
EndProject
Project("{9A19103F-16F7-4668-BE54-9A1E7A4F7556}") = "CloneablePrototype", "CreationalPatterns\Prototype\CloneablePrototype\CloneablePrototype.csproj", "{77B4BEAF-A048-40C1-A854-F869EA5A8CA7}"
EndProject
Project("{9A19103F-16F7-4668-BE54-9A1E7A4F7556}") = "GenericSerializablePrototype", "CreationalPatterns\Prototype\GenericSerializablePrototype\GenericSerializablePrototype.csproj", "{C377D875-C97D-4687-97D6-359E3FC15EF1}"
EndProject
Project("{2150E333-8FDC-42A3-9474-1A3956D46DE8}") = "StructuralPatterns", "StructuralPatterns", "{03E03A2F-3C18-4BE6-A904-358F3C76A6D5}"
EndProject
Project("{2150E333-8FDC-42A3-9474-1A3956D46DE8}") = "Adapter", "Adapter", "{F4246C8A-3FB9-4DA0-8062-F53D4C4B7513}"
EndProject
Project("{9A19103F-16F7-4668-BE54-9A1E7A4F7556}") = "StructuralCode", "StructuralPatterns\Adapter\StructuralCode\StructuralCode.csproj", "{8563BC14-C80E-44D6-9ACF-3CF1986452C1}"
EndProject
Project("{9A19103F-16F7-4668-BE54-9A1E7A4F7556}") = "ChemicalDatabank", "StructuralPatterns\Adapter\ChemicalDatabank\ChemicalDatabank.csproj", "{7E9C7E63-C346-49B1-89FE-F8FF2E263D84}"
EndProject
Project("{9A19103F-16F7-4668-BE54-9A1E7A4F7556}") = "MeatCooking", "StructuralPatterns\Adapter\MeatCooking\MeatCooking.csproj", "{AE3F3DFB-4471-43A7-B5EC-FC04D3A25C8F}"
EndProject
Project("{9A19103F-16F7-4668-BE54-9A1E7A4F7556}") = "ThirdPartyBillingSystem", "StructuralPatterns\Adapter\ThirdPartyBillingSystem\ThirdPartyBillingSystem.csproj", "{6D57DCFB-AFE4-45BB-AFE6-CCB3BD728B61}"
EndProject
Project("{9A19103F-16F7-4668-BE54-9A1E7A4F7556}") = "CarManufacturers", "StructuralPatterns\Adapter\CarManufacturers\CarManufacturers.csproj", "{AC50C09B-935F-4D5F-95B0-9160B9E9042D}"
EndProject
Project("{9A19103F-16F7-4668-BE54-9A1E7A4F7556}") = "TwoWayAdapter", "StructuralPatterns\Adapter\TwoWayAdapter\TwoWayAdapter.csproj", "{888EE616-4A0F-4A29-A3BE-426C44B8976F}"
EndProject
Project("{9A19103F-16F7-4668-BE54-9A1E7A4F7556}") = "FileAdapter", "StructuralPatterns\Adapter\FileAdapter\FileAdapter.csproj", "{EC6BDE41-BA71-4C35-9C70-EEC2B5A6A4AC}"
EndProject
Project("{2150E333-8FDC-42A3-9474-1A3956D46DE8}") = "Bridge", "Bridge", "{C8EBC6AB-D084-4EC6-8A84-6BBB8FC229D7}"
EndProject
Project("{9A19103F-16F7-4668-BE54-9A1E7A4F7556}") = "StructuralCode", "StructuralPatterns\Bridge\StructuralCode\StructuralCode.csproj", "{DD24F802-CE4D-4CA4-8208-AFFA965C3B38}"
EndProject
Project("{9A19103F-16F7-4668-BE54-9A1E7A4F7556}") = "Customers", "StructuralPatterns\Bridge\Customers\Customers.csproj", "{7B01E71C-E8B9-4508-BFB2-CBBA54C314E4}"
EndProject
Project("{9A19103F-16F7-4668-BE54-9A1E7A4F7556}") = "TVs", "StructuralPatterns\Bridge\TVs\TVs.csproj", "{B5E60BD5-AF0A-460C-97EA-94248D3B4FDB}"
EndProject
Project("{9A19103F-16F7-4668-BE54-9A1E7A4F7556}") = "Journals", "StructuralPatterns\Bridge\Journals\Journals.csproj", "{DAB7CE1C-CC83-4654-8CB9-8BBFCA9CF080}"
EndProject
Project("{9A19103F-16F7-4668-BE54-9A1E7A4F7556}") = "RestaurantOrders", "StructuralPatterns\Bridge\RestaurantOrders\RestaurantOrders.csproj", "{D226DAC0-8B9B-4223-A877-C544C898D7B0}"
EndProject
Project("{9A19103F-16F7-4668-BE54-9A1E7A4F7556}") = "GamingConsoles", "StructuralPatterns\Bridge\GamingConsoles\GamingConsoles.csproj", "{55E3848F-E528-41B9-B6EC-852A0C40D570}"
EndProject
Project("{9A19103F-16F7-4668-BE54-9A1E7A4F7556}") = "DeadLock", "CreationalPatterns\Singleton\DeadLock\DeadLock.csproj", "{363D6CF7-DE2D-43C3-8E12-75176058DFAA}"
EndProject
Project("{2150E333-8FDC-42A3-9474-1A3956D46DE8}") = "Composite", "Composite", "{4CDF6EF8-B084-409A-BB94-A6AA686F0F60}"
EndProject
Project("{9A19103F-16F7-4668-BE54-9A1E7A4F7556}") = "StructuralCode", "StructuralPatterns\Composite\StructuralCode\StructuralCode.csproj", "{157BF145-9A0D-4819-B700-EA10F1B9321B}"
EndProject
Project("{9A19103F-16F7-4668-BE54-9A1E7A4F7556}") = "SoftwareCompany", "StructuralPatterns\Composite\SoftwareCompany\SoftwareCompany.csproj", "{DAD83A78-00EC-4AD6-AE1D-76C53EAD45DA}"
EndProject
Project("{9A19103F-16F7-4668-BE54-9A1E7A4F7556}") = "GraphicalTreeStructure", "StructuralPatterns\Composite\GraphicalTreeStructure\GraphicalTreeStructure.csproj", "{BE7402D0-C04C-4F2F-84C5-A2E3C3BC23F9}"
EndProject
Project("{9A19103F-16F7-4668-BE54-9A1E7A4F7556}") = "Computer", "StructuralPatterns\Composite\Computer\Computer.csproj", "{1B5C82ED-91D6-4705-9414-9F4398947E56}"
EndProject
Project("{9A19103F-16F7-4668-BE54-9A1E7A4F7556}") = "WindowsFormsApplication", "StructuralPatterns\Composite\WindowsFormsApplication\WindowsFormsApplication.csproj", "{05563C27-73E2-4F60-983A-75B6E44DACD9}"
EndProject
Project("{9A19103F-16F7-4668-BE54-9A1E7A4F7556}") = "RoyalCourtServants", "StructuralPatterns\Composite\RoyalCourtServants\RoyalCourtServants.csproj", "{01AFB1CC-CBAB-4E72-BA53-88E37C693949}"
EndProject
Project("{2150E333-8FDC-42A3-9474-1A3956D46DE8}") = "Decorator", "Decorator", "{1419A5F6-F386-4D3E-B07C-4DA9931A5290}"
EndProject
Project("{9A19103F-16F7-4668-BE54-9A1E7A4F7556}") = "StructuralCode", "StructuralPatterns\Decorator\StructuralCode\StructuralCode.csproj", "{9F01E9BF-AA69-4968-B715-7C78D6EA4926}"
EndProject
Project("{9A19103F-16F7-4668-BE54-9A1E7A4F7556}") = "LibraryForBorrowing", "StructuralPatterns\Decorator\LibraryForBorrowing\LibraryForBorrowing.csproj", "{1D97A375-88F7-44D6-9A22-17272B42C001}"
EndProject
Project("{9A19103F-16F7-4668-BE54-9A1E7A4F7556}") = "Cars", "StructuralPatterns\Decorator\Cars\Cars.csproj", "{5A740D96-7781-4DC3-8B8B-42D94EF08459}"
EndProject
Project("{9A19103F-16F7-4668-BE54-9A1E7A4F7556}") = "Drinks", "StructuralPatterns\Decorator\Drinks\Drinks.csproj", "{EF07F525-4498-4836-BCF1-0706A2C691FA}"
EndProject
Project("{9A19103F-16F7-4668-BE54-9A1E7A4F7556}") = "CharacterBuild", "StructuralPatterns\Decorator\CharacterBuild\CharacterBuild.csproj", "{7EA85805-E860-4934-AC95-C42728B39523}"
EndProject
Project("{2150E333-8FDC-42A3-9474-1A3956D46DE8}") = "Facade", "Facade", "{33FE3F83-4D8A-4EF4-9423-980FD5794DF4}"
EndProject
Project("{9A19103F-16F7-4668-BE54-9A1E7A4F7556}") = "StructuralCode", "StructuralPatterns\Facade\StructuralCode\StructuralCode.csproj", "{FA197839-1292-49A7-873F-BE33AD8A52BD}"
EndProject
Project("{9A19103F-16F7-4668-BE54-9A1E7A4F7556}") = "Mortgage", "StructuralPatterns\Facade\Mortgage\Mortgage.csproj", "{A421A019-D0D5-4649-8818-57DB276C2765}"
EndProject
Project("{9A19103F-16F7-4668-BE54-9A1E7A4F7556}") = "Orders", "StructuralPatterns\Facade\Orders\Orders.csproj", "{351DB347-1A3A-4FDB-B901-6E802ED626BC}"
EndProject
Project("{9A19103F-16F7-4668-BE54-9A1E7A4F7556}") = "ComputerSystem", "StructuralPatterns\Facade\ComputerSystem\ComputerSystem.csproj", "{EF5DCAA5-FA68-4EF2-8493-D27E5475034F}"
EndProject
Project("{9A19103F-16F7-4668-BE54-9A1E7A4F7556}") = "Multimedia", "StructuralPatterns\Facade\Multimedia\Multimedia.csproj", "{19682EE5-3C4D-4117-A983-23A5FDB1402C}"
EndProject
Project("{2150E333-8FDC-42A3-9474-1A3956D46DE8}") = "Flyweight", "Flyweight", "{8B660831-B49C-4AB2-8AB0-1333CF718B84}"
EndProject
Project("{9A19103F-16F7-4668-BE54-9A1E7A4F7556}") = "StructuralCode", "StructuralPatterns\Flyweight\StructuralCode\StructuralCode.csproj", "{A051C43C-DE31-4BDC-83A0-774830D6F1C1}"
EndProject
Project("{9A19103F-16F7-4668-BE54-9A1E7A4F7556}") = "Characters", "StructuralPatterns\Flyweight\Characters\Characters.csproj", "{939598AF-4244-40D8-9246-7BF603A65239}"
EndProject
Project("{9A19103F-16F7-4668-BE54-9A1E7A4F7556}") = "PoliceCars", "StructuralPatterns\Flyweight\PoliceCars\PoliceCars.csproj", "{B5DB719B-A739-4F49-A4CD-635E68C05907}"
EndProject
Project("{9A19103F-16F7-4668-BE54-9A1E7A4F7556}") = "Shapes", "StructuralPatterns\Flyweight\Shapes\Shapes.csproj", "{DC26E1C0-F182-41C6-8A32-FB293DFAB3AF}"
EndProject
Project("{9A19103F-16F7-4668-BE54-9A1E7A4F7556}") = "Stars", "StructuralPatterns\Flyweight\Stars\Stars.csproj", "{7DC57B80-37F5-4C84-B6AD-C7F5AF5E6F05}"
EndProject
Project("{2150E333-8FDC-42A3-9474-1A3956D46DE8}") = "Proxy", "Proxy", "{7D529801-26A7-428F-9ED5-4B69554228D9}"
EndProject
Project("{9A19103F-16F7-4668-BE54-9A1E7A4F7556}") = "StructuralCode", "StructuralPatterns\Proxy\StructuralCode\StructuralCode.csproj", "{296E4009-1213-424A-984E-85B7E76078D7}"
EndProject
Project("{9A19103F-16F7-4668-BE54-9A1E7A4F7556}") = "MathProxy", "StructuralPatterns\Proxy\MathProxy\MathProxy.csproj", "{D6B7D2D5-ACE9-44AE-9EDB-00DB79858B9E}"
EndProject
Project("{9A19103F-16F7-4668-BE54-9A1E7A4F7556}") = "Folder", "StructuralPatterns\Proxy\Folder\Folder.csproj", "{5091A3EA-CE0F-4778-9336-48892FDDE768}"
EndProject
Project("{9A19103F-16F7-4668-BE54-9A1E7A4F7556}") = "Server", "StructuralPatterns\Proxy\Server\Server.csproj", "{508CBFB4-359E-4909-B366-10C139E99B72}"
EndProject
Project("{9A19103F-16F7-4668-BE54-9A1E7A4F7556}") = "TennisPlayers", "StructuralPatterns\Proxy\TennisPlayers\TennisPlayers.csproj", "{2D5627D3-358F-4D65-B658-5B9B02772EED}"
EndProject
Project("{2150E333-8FDC-42A3-9474-1A3956D46DE8}") = "BehavioralPatterns", "BehavioralPatterns", "{DAF92B57-0D67-4B08-9221-650763F7C8C9}"
EndProject
Project("{2150E333-8FDC-42A3-9474-1A3956D46DE8}") = "ChainOfResponsibility", "ChainOfResponsibility", "{49B9AA6E-EC48-4B3B-A10E-8BB68B8F23B4}"
EndProject
Project("{9A19103F-16F7-4668-BE54-9A1E7A4F7556}") = "StructuralCode", "BehavioralPatterns\ChainOfResponsibility\StructuralCode\StructuralCode.csproj", "{2D9B8B8E-F090-463C-B099-322E8CB27939}"
EndProject
Project("{9A19103F-16F7-4668-BE54-9A1E7A4F7556}") = "SoftwareApplicationOperations", "BehavioralPatterns\ChainOfResponsibility\SoftwareApplicationOperations\SoftwareApplicationOperations.csproj", "{02732DDC-EB71-4976-A5F1-19C22817F7DC}"
EndProject
Project("{9A19103F-16F7-4668-BE54-9A1E7A4F7556}") = "PurchaseRequestsApproval", "BehavioralPatterns\ChainOfResponsibility\PurchaseRequestsApproval\PurchaseRequestsApproval.csproj", "{046412C6-4998-48BB-B29E-45B23E0E9375}"
EndProject
Project("{9A19103F-16F7-4668-BE54-9A1E7A4F7556}") = "OrdersApproval", "BehavioralPatterns\ChainOfResponsibility\OrdersApproval\OrdersApproval.csproj", "{77D20BB6-3713-4D04-B867-03911069C25A}"
EndProject
Project("{9A19103F-16F7-4668-BE54-9A1E7A4F7556}") = "Loggers", "BehavioralPatterns\ChainOfResponsibility\Loggers\Loggers.csproj", "{8EDA45F9-1D37-4312-B46C-B368B11A9250}"
EndProject
Project("{9A19103F-16F7-4668-BE54-9A1E7A4F7556}") = "CustomerSupportTickets", "BehavioralPatterns\ChainOfResponsibility\CustomerSupportTickets\CustomerSupportTickets.csproj", "{B11DF39A-B24A-4FD7-B5F7-E73635A5510C}"
EndProject
Project("{2150E333-8FDC-42A3-9474-1A3956D46DE8}") = "Command", "Command", "{A416FD52-B243-4149-82D0-507696363919}"
EndProject
Project("{9A19103F-16F7-4668-BE54-9A1E7A4F7556}") = "StructuralCode", "BehavioralPatterns\Command\StructuralCode\StructuralCode.csproj", "{16F4D179-DCBA-4A3D-8C95-D3CF05382580}"
EndProject
Project("{9A19103F-16F7-4668-BE54-9A1E7A4F7556}") = "Calculator", "BehavioralPatterns\Command\Calculator\Calculator.csproj", "{A921DE3D-054A-4DEC-9E97-5AE7DDFA4474}"
EndProject
Project("{9A19103F-16F7-4668-BE54-9A1E7A4F7556}") = "ProductPrices", "BehavioralPatterns\Command\ProductPrices\ProductPrices.csproj", "{F8D6F6D3-670A-4880-A0CE-FF015AD7950A}"
EndProject
Project("{9A19103F-16F7-4668-BE54-9A1E7A4F7556}") = "LightsSwitch", "BehavioralPatterns\Command\LightsSwitch\LightsSwitch.csproj", "{5B5DD1D7-85BC-443B-B4E3-CF03D769FD5A}"
EndProject
Project("{9A19103F-16F7-4668-BE54-9A1E7A4F7556}") = "FastFoodRestaurant", "BehavioralPatterns\Command\FastFoodRestaurant\FastFoodRestaurant.csproj", "{2FC1AB94-00C5-4251-A8BB-5A707918B490}"
EndProject
Project("{2150E333-8FDC-42A3-9474-1A3956D46DE8}") = "Interpreter", "Interpreter", "{34AD3C78-A35E-40B6-9AC8-3EDDF526ED60}"
EndProject
Project("{9A19103F-16F7-4668-BE54-9A1E7A4F7556}") = "StructuralCode", "BehavioralPatterns\Interpreter\StructuralCode\StructuralCode.csproj", "{CA1E882C-1E72-4177-8D5E-7DCB9631E540}"
EndProject
Project("{9A19103F-16F7-4668-BE54-9A1E7A4F7556}") = "NumbersTranslations", "BehavioralPatterns\Interpreter\NumbersTranslations\NumbersTranslations.csproj", "{5BF3053D-9C37-449B-811E-6DD20FB942CB}"
EndProject
Project("{9A19103F-16F7-4668-BE54-9A1E7A4F7556}") = "DateExpressions", "BehavioralPatterns\Interpreter\DateExpressions\DateExpressions.csproj", "{EE64A38A-150C-4924-AC9D-B8E067C0D509}"
EndProject
Project("{9A19103F-16F7-4668-BE54-9A1E7A4F7556}") = "RomanNumeralToDecimalConversion", "BehavioralPatterns\Interpreter\RomanNumeralToDecimalConversion\RomanNumeralToDecimalConversion.csproj", "{F2E55FA8-D225-4672-A915-FAD9244207ED}"
EndProject
Project("{9A19103F-16F7-4668-BE54-9A1E7A4F7556}") = "SandwichIngredients", "BehavioralPatterns\Interpreter\SandwichIngredients\SandwichIngredients.csproj", "{83562D91-6B66-430A-8E71-E7A05C5E26D9}"
EndProject
Project("{2150E333-8FDC-42A3-9474-1A3956D46DE8}") = "Iterator", "Iterator", "{7BAC996F-814C-4FF1-8AE6-7BC2E1B4A619}"
EndProject
Project("{9A19103F-16F7-4668-BE54-9A1E7A4F7556}") = "StructuralCode", "BehavioralPatterns\Iterator\StructuralCode\StructuralCode.csproj", "{C3E76CB9-BD84-4551-BE22-CFEEDC5A838E}"
EndProject
Project("{9A19103F-16F7-4668-BE54-9A1E7A4F7556}") = "IterationWithItemsSkip", "BehavioralPatterns\Iterator\IterationWithItemsSkip\IterationWithItemsSkip.csproj", "{740778EE-B9E3-41FB-9B2C-120D75DC8BB8}"
EndProject
Project("{9A19103F-16F7-4668-BE54-9A1E7A4F7556}") = "CarsIterator", "BehavioralPatterns\Iterator\CarsIterator\CarsIterator.csproj", "{9664FC45-F20D-4064-BF55-44D52352EA4B}"
EndProject
Project("{9A19103F-16F7-4668-BE54-9A1E7A4F7556}") = "AccountantIterator", "BehavioralPatterns\Iterator\AccountantIterator\AccountantIterator.csproj", "{963075F4-158A-4D22-931F-630C00CB7130}"
EndProject
Project("{9A19103F-16F7-4668-BE54-9A1E7A4F7556}") = "CustomEnumerableCollection", "BehavioralPatterns\Iterator\CustomEnumerableCollection\CustomEnumerableCollection.csproj", "{D11B9074-7F5A-45E6-977C-1847D3D3D499}"
EndProject
Project("{9A19103F-16F7-4668-BE54-9A1E7A4F7556}") = "LinqIterator", "BehavioralPatterns\Iterator\LinqIterator\LinqIterator.csproj", "{F36E533D-A508-4887-ABD3-CCE9883D34D9}"
EndProject
Project("{9A19103F-16F7-4668-BE54-9A1E7A4F7556}") = "FamilyTreeIterator", "BehavioralPatterns\Iterator\FamilyTreeIterator\FamilyTreeIterator.csproj", "{2208F387-DB55-4EED-BF65-57D14A1B1C3E}"
EndProject
Project("{9A19103F-16F7-4668-BE54-9A1E7A4F7556}") = "YieldExplanation", "BehavioralPatterns\Iterator\YieldExplanation\YieldExplanation.csproj", "{64D7289D-D4AC-470A-8D11-F8005A6CEED5}"
EndProject
Project("{2150E333-8FDC-42A3-9474-1A3956D46DE8}") = "Mediator", "Mediator", "{4923E077-7E09-4D64-AF25-D3C88CCA96F2}"
EndProject
Project("{9A19103F-16F7-4668-BE54-9A1E7A4F7556}") = "StructuralCode", "BehavioralPatterns\Mediator\StructuralCode\StructuralCode.csproj", "{EFC007D5-7193-41C4-BB1A-CE3CDEDCD105}"
EndProject
Project("{9A19103F-16F7-4668-BE54-9A1E7A4F7556}") = "Chatroom", "BehavioralPatterns\Mediator\Chatroom\Chatroom.csproj", "{C82748F8-E063-47CB-8A04-AF2F78832BA7}"
EndProject
Project("{9A19103F-16F7-4668-BE54-9A1E7A4F7556}") = "DepartmentMediator", "BehavioralPatterns\Mediator\DepartmentMediator\DepartmentMediator.csproj", "{6D85D770-01E0-4691-8565-8E59B6A1F814}"
EndProject
Project("{9A19103F-16F7-4668-BE54-9A1E7A4F7556}") = "FacebookGroupMediator", "BehavioralPatterns\Mediator\FacebookGroupMediator\FacebookGroupMediator.csproj", "{9F3F24C8-C09D-453C-AB67-D1AD3356AEBC}"
EndProject
Project("{9A19103F-16F7-4668-BE54-9A1E7A4F7556}") = "ChainReaction", "BehavioralPatterns\Mediator\ChainReaction\ChainReaction.csproj", "{F0107247-F901-4249-A792-771D013B0E0F}"
EndProject
Project("{9A19103F-16F7-4668-BE54-9A1E7A4F7556}") = "CommunicationHub", "BehavioralPatterns\Mediator\CommunicationHub\CommunicationHub.csproj", "{D1015BE6-36FD-43DB-AD06-C44A035EF679}"
EndProject
Project("{9A19103F-16F7-4668-BE54-9A1E7A4F7556}") = "CQRS", "BehavioralPatterns\Mediator\CQRS\CQRS.csproj", "{712B493E-ECF9-4A4D-83A7-EB8247B098BF}"
EndProject
Project("{2150E333-8FDC-42A3-9474-1A3956D46DE8}") = "Memento", "Memento", "{693887D2-7A51-4726-9737-E471F5BAE99A}"
EndProject
Project("{9A19103F-16F7-4668-BE54-9A1E7A4F7556}") = "StructuralCode", "BehavioralPatterns\Memento\StructuralCode\StructuralCode.csproj", "{9D492FCD-DED5-4F30-B470-48CA87F54AD0}"
EndProject
Project("{9A19103F-16F7-4668-BE54-9A1E7A4F7556}") = "SalesProspect", "BehavioralPatterns\Memento\SalesProspect\SalesProspect.csproj", "{7976192C-C299-4C67-998D-F958F28A184A}"
EndProject
Project("{9A19103F-16F7-4668-BE54-9A1E7A4F7556}") = "LEDTVs", "BehavioralPatterns\Memento\LEDTVs\LEDTVs.csproj", "{DE675CA9-FE75-4039-A38D-A4F83E73BF55}"
EndProject
Project("{9A19103F-16F7-4668-BE54-9A1E7A4F7556}") = "Toys", "BehavioralPatterns\Memento\Toys\Toys.csproj", "{75052133-FB6B-4180-B530-48FFC1E0A4BE}"
EndProject
Project("{2150E333-8FDC-42A3-9474-1A3956D46DE8}") = "Observer", "Observer", "{83924AC4-9F32-417A-892D-8593735D4E3C}"
EndProject
Project("{FAE04EC0-301F-11D3-BF4B-00C04F79EFBC}") = "StructuralCode", "BehavioralPatterns\Observer\StructuralCode\StructuralCode.csproj", "{399AE881-AB1F-4888-BE4F-3E505315FB1C}"
EndProject
Project("{FAE04EC0-301F-11D3-BF4B-00C04F79EFBC}") = "Investors", "BehavioralPatterns\Observer\Investors\Investors.csproj", "{665C4065-CA69-4F87-96B7-849B8EF152F4}"
EndProject
Project("{FAE04EC0-301F-11D3-BF4B-00C04F79EFBC}") = "ProductsInStock", "BehavioralPatterns\Observer\ProductsInStock\ProductsInStock.csproj", "{E47559B5-03C9-492E-A479-6AE2F4F87ED5}"
EndProject
Project("{FAE04EC0-301F-11D3-BF4B-00C04F79EFBC}") = "JobApplications", "BehavioralPatterns\Observer\JobApplications\JobApplications.csproj", "{9F3694A8-C225-420E-BF4B-87A97EA0A7E7}"
EndProject
Project("{2150E333-8FDC-42A3-9474-1A3956D46DE8}") = "State", "State", "{30944B45-F200-4F5B-90E2-4EBA83AFDA64}"
EndProject
Project("{FAE04EC0-301F-11D3-BF4B-00C04F79EFBC}") = "StructuralCode", "BehavioralPatterns\State\StructuralCode\StructuralCode.csproj", "{CAFEFAE6-4FF5-4650-B2EC-BD45E5C5EAA9}"
EndProject
Project("{FAE04EC0-301F-11D3-BF4B-00C04F79EFBC}") = "AccountBalance", "BehavioralPatterns\State\AccountBalance\AccountBalance.csproj", "{9F4C5953-5798-40D3-897A-58E080518301}"
EndProject
Project("{FAE04EC0-301F-11D3-BF4B-00C04F79EFBC}") = "ComputerState", "BehavioralPatterns\State\ComputerState\ComputerState.csproj", "{AD47B5C9-1056-415C-9432-A85AC6B65869}"
EndProject
Project("{FAE04EC0-301F-11D3-BF4B-00C04F79EFBC}") = "Invoices", "BehavioralPatterns\State\Invoices\Invoices.csproj", "{FEE9E5A5-B402-40DA-95AE-0CF747ADC7AA}"
EndProject
Project("{FAE04EC0-301F-11D3-BF4B-00C04F79EFBC}") = "VendingMachine", "BehavioralPatterns\State\VendingMachine\VendingMachine.csproj", "{DC76EA07-0DF4-4144-A9A9-EEAA77BA37CD}"
EndProject
Global
	GlobalSection(SolutionConfigurationPlatforms) = preSolution
		Debug|Any CPU = Debug|Any CPU
		Release|Any CPU = Release|Any CPU
	EndGlobalSection
	GlobalSection(ProjectConfigurationPlatforms) = postSolution
		{0300036A-B643-42E1-83F7-D0DAF9CE39D9}.Debug|Any CPU.ActiveCfg = Debug|Any CPU
		{0300036A-B643-42E1-83F7-D0DAF9CE39D9}.Debug|Any CPU.Build.0 = Debug|Any CPU
		{0300036A-B643-42E1-83F7-D0DAF9CE39D9}.Release|Any CPU.ActiveCfg = Release|Any CPU
		{0300036A-B643-42E1-83F7-D0DAF9CE39D9}.Release|Any CPU.Build.0 = Release|Any CPU
		{8C26D592-78A6-4202-9C9E-EBAE4E7B0F1B}.Debug|Any CPU.ActiveCfg = Debug|Any CPU
		{8C26D592-78A6-4202-9C9E-EBAE4E7B0F1B}.Debug|Any CPU.Build.0 = Debug|Any CPU
		{8C26D592-78A6-4202-9C9E-EBAE4E7B0F1B}.Release|Any CPU.ActiveCfg = Release|Any CPU
		{8C26D592-78A6-4202-9C9E-EBAE4E7B0F1B}.Release|Any CPU.Build.0 = Release|Any CPU
		{9F3ABFF5-AC80-4901-8489-5A889342692A}.Debug|Any CPU.ActiveCfg = Debug|Any CPU
		{9F3ABFF5-AC80-4901-8489-5A889342692A}.Debug|Any CPU.Build.0 = Debug|Any CPU
		{9F3ABFF5-AC80-4901-8489-5A889342692A}.Release|Any CPU.ActiveCfg = Release|Any CPU
		{9F3ABFF5-AC80-4901-8489-5A889342692A}.Release|Any CPU.Build.0 = Release|Any CPU
		{89727267-31DD-447B-9DDF-D11FD04AF1A5}.Debug|Any CPU.ActiveCfg = Debug|Any CPU
		{89727267-31DD-447B-9DDF-D11FD04AF1A5}.Debug|Any CPU.Build.0 = Debug|Any CPU
		{89727267-31DD-447B-9DDF-D11FD04AF1A5}.Release|Any CPU.ActiveCfg = Release|Any CPU
		{89727267-31DD-447B-9DDF-D11FD04AF1A5}.Release|Any CPU.Build.0 = Release|Any CPU
		{4CC91B3C-DA77-4E8F-B520-6CBF7C4C87EB}.Debug|Any CPU.ActiveCfg = Debug|Any CPU
		{4CC91B3C-DA77-4E8F-B520-6CBF7C4C87EB}.Debug|Any CPU.Build.0 = Debug|Any CPU
		{4CC91B3C-DA77-4E8F-B520-6CBF7C4C87EB}.Release|Any CPU.ActiveCfg = Release|Any CPU
		{4CC91B3C-DA77-4E8F-B520-6CBF7C4C87EB}.Release|Any CPU.Build.0 = Release|Any CPU
		{31C26630-8FD2-4B4E-A043-B78CA1DEBC34}.Debug|Any CPU.ActiveCfg = Debug|Any CPU
		{31C26630-8FD2-4B4E-A043-B78CA1DEBC34}.Debug|Any CPU.Build.0 = Debug|Any CPU
		{31C26630-8FD2-4B4E-A043-B78CA1DEBC34}.Release|Any CPU.ActiveCfg = Release|Any CPU
		{31C26630-8FD2-4B4E-A043-B78CA1DEBC34}.Release|Any CPU.Build.0 = Release|Any CPU
		{89A89F73-6EE5-43A1-84B9-408C7ED8245B}.Debug|Any CPU.ActiveCfg = Debug|Any CPU
		{89A89F73-6EE5-43A1-84B9-408C7ED8245B}.Debug|Any CPU.Build.0 = Debug|Any CPU
		{89A89F73-6EE5-43A1-84B9-408C7ED8245B}.Release|Any CPU.ActiveCfg = Release|Any CPU
		{89A89F73-6EE5-43A1-84B9-408C7ED8245B}.Release|Any CPU.Build.0 = Release|Any CPU
		{8716B5FA-E83B-49EE-91F0-82E84C2A09A2}.Debug|Any CPU.ActiveCfg = Debug|Any CPU
		{8716B5FA-E83B-49EE-91F0-82E84C2A09A2}.Debug|Any CPU.Build.0 = Debug|Any CPU
		{8716B5FA-E83B-49EE-91F0-82E84C2A09A2}.Release|Any CPU.ActiveCfg = Release|Any CPU
		{8716B5FA-E83B-49EE-91F0-82E84C2A09A2}.Release|Any CPU.Build.0 = Release|Any CPU
		{D4020265-4C9E-42A2-93B5-C31484F7452C}.Debug|Any CPU.ActiveCfg = Debug|Any CPU
		{D4020265-4C9E-42A2-93B5-C31484F7452C}.Debug|Any CPU.Build.0 = Debug|Any CPU
		{D4020265-4C9E-42A2-93B5-C31484F7452C}.Release|Any CPU.ActiveCfg = Release|Any CPU
		{D4020265-4C9E-42A2-93B5-C31484F7452C}.Release|Any CPU.Build.0 = Release|Any CPU
		{EEAB8896-5E84-4B49-B8A7-9CEE019619CD}.Debug|Any CPU.ActiveCfg = Debug|Any CPU
		{EEAB8896-5E84-4B49-B8A7-9CEE019619CD}.Debug|Any CPU.Build.0 = Debug|Any CPU
		{EEAB8896-5E84-4B49-B8A7-9CEE019619CD}.Release|Any CPU.ActiveCfg = Release|Any CPU
		{EEAB8896-5E84-4B49-B8A7-9CEE019619CD}.Release|Any CPU.Build.0 = Release|Any CPU
		{034C48C8-A367-436C-8090-7E53CC7A3C88}.Debug|Any CPU.ActiveCfg = Debug|Any CPU
		{034C48C8-A367-436C-8090-7E53CC7A3C88}.Debug|Any CPU.Build.0 = Debug|Any CPU
		{034C48C8-A367-436C-8090-7E53CC7A3C88}.Release|Any CPU.ActiveCfg = Release|Any CPU
		{034C48C8-A367-436C-8090-7E53CC7A3C88}.Release|Any CPU.Build.0 = Release|Any CPU
		{A8CD986D-ABA2-4A40-A3A1-E4E1E1303232}.Debug|Any CPU.ActiveCfg = Debug|Any CPU
		{A8CD986D-ABA2-4A40-A3A1-E4E1E1303232}.Debug|Any CPU.Build.0 = Debug|Any CPU
		{A8CD986D-ABA2-4A40-A3A1-E4E1E1303232}.Release|Any CPU.ActiveCfg = Release|Any CPU
		{A8CD986D-ABA2-4A40-A3A1-E4E1E1303232}.Release|Any CPU.Build.0 = Release|Any CPU
		{5380D437-4209-410E-81B1-BCC55FC7A7F1}.Debug|Any CPU.ActiveCfg = Debug|Any CPU
		{5380D437-4209-410E-81B1-BCC55FC7A7F1}.Debug|Any CPU.Build.0 = Debug|Any CPU
		{5380D437-4209-410E-81B1-BCC55FC7A7F1}.Release|Any CPU.ActiveCfg = Release|Any CPU
		{5380D437-4209-410E-81B1-BCC55FC7A7F1}.Release|Any CPU.Build.0 = Release|Any CPU
		{E203E055-E7CD-466E-BEB1-9F623E51BD88}.Debug|Any CPU.ActiveCfg = Debug|Any CPU
		{E203E055-E7CD-466E-BEB1-9F623E51BD88}.Debug|Any CPU.Build.0 = Debug|Any CPU
		{E203E055-E7CD-466E-BEB1-9F623E51BD88}.Release|Any CPU.ActiveCfg = Release|Any CPU
		{E203E055-E7CD-466E-BEB1-9F623E51BD88}.Release|Any CPU.Build.0 = Release|Any CPU
		{41A3979D-43A6-4F19-8742-25D057C95B9E}.Debug|Any CPU.ActiveCfg = Debug|Any CPU
		{41A3979D-43A6-4F19-8742-25D057C95B9E}.Debug|Any CPU.Build.0 = Debug|Any CPU
		{41A3979D-43A6-4F19-8742-25D057C95B9E}.Release|Any CPU.ActiveCfg = Release|Any CPU
		{41A3979D-43A6-4F19-8742-25D057C95B9E}.Release|Any CPU.Build.0 = Release|Any CPU
		{5A35FDB7-A9CA-432C-B2AB-0DE3BFA94832}.Debug|Any CPU.ActiveCfg = Debug|Any CPU
		{5A35FDB7-A9CA-432C-B2AB-0DE3BFA94832}.Debug|Any CPU.Build.0 = Debug|Any CPU
		{5A35FDB7-A9CA-432C-B2AB-0DE3BFA94832}.Release|Any CPU.ActiveCfg = Release|Any CPU
		{5A35FDB7-A9CA-432C-B2AB-0DE3BFA94832}.Release|Any CPU.Build.0 = Release|Any CPU
		{6F72DCC7-B799-4E13-987D-C5BEE7B25A01}.Debug|Any CPU.ActiveCfg = Debug|Any CPU
		{6F72DCC7-B799-4E13-987D-C5BEE7B25A01}.Debug|Any CPU.Build.0 = Debug|Any CPU
		{6F72DCC7-B799-4E13-987D-C5BEE7B25A01}.Release|Any CPU.ActiveCfg = Release|Any CPU
		{6F72DCC7-B799-4E13-987D-C5BEE7B25A01}.Release|Any CPU.Build.0 = Release|Any CPU
		{52411B35-3AEA-42AC-B9C0-16E07468668F}.Debug|Any CPU.ActiveCfg = Debug|Any CPU
		{52411B35-3AEA-42AC-B9C0-16E07468668F}.Debug|Any CPU.Build.0 = Debug|Any CPU
		{52411B35-3AEA-42AC-B9C0-16E07468668F}.Release|Any CPU.ActiveCfg = Release|Any CPU
		{52411B35-3AEA-42AC-B9C0-16E07468668F}.Release|Any CPU.Build.0 = Release|Any CPU
		{317B0A69-5FB3-40DC-BAB9-8AE757B0E32B}.Debug|Any CPU.ActiveCfg = Debug|Any CPU
		{317B0A69-5FB3-40DC-BAB9-8AE757B0E32B}.Debug|Any CPU.Build.0 = Debug|Any CPU
		{317B0A69-5FB3-40DC-BAB9-8AE757B0E32B}.Release|Any CPU.ActiveCfg = Release|Any CPU
		{317B0A69-5FB3-40DC-BAB9-8AE757B0E32B}.Release|Any CPU.Build.0 = Release|Any CPU
		{D67BD403-D46D-468D-B609-6D50E9C01F6C}.Debug|Any CPU.ActiveCfg = Debug|Any CPU
		{D67BD403-D46D-468D-B609-6D50E9C01F6C}.Debug|Any CPU.Build.0 = Debug|Any CPU
		{D67BD403-D46D-468D-B609-6D50E9C01F6C}.Release|Any CPU.ActiveCfg = Release|Any CPU
		{D67BD403-D46D-468D-B609-6D50E9C01F6C}.Release|Any CPU.Build.0 = Release|Any CPU
		{1BC38D77-7BE3-4BEF-A82F-DCDF875AEA85}.Debug|Any CPU.ActiveCfg = Debug|Any CPU
		{1BC38D77-7BE3-4BEF-A82F-DCDF875AEA85}.Debug|Any CPU.Build.0 = Debug|Any CPU
		{1BC38D77-7BE3-4BEF-A82F-DCDF875AEA85}.Release|Any CPU.ActiveCfg = Release|Any CPU
		{1BC38D77-7BE3-4BEF-A82F-DCDF875AEA85}.Release|Any CPU.Build.0 = Release|Any CPU
		{43E33217-07AF-454D-9563-F0BFEB12DB0B}.Debug|Any CPU.ActiveCfg = Debug|Any CPU
		{43E33217-07AF-454D-9563-F0BFEB12DB0B}.Debug|Any CPU.Build.0 = Debug|Any CPU
		{43E33217-07AF-454D-9563-F0BFEB12DB0B}.Release|Any CPU.ActiveCfg = Release|Any CPU
		{43E33217-07AF-454D-9563-F0BFEB12DB0B}.Release|Any CPU.Build.0 = Release|Any CPU
		{EAF8CCFD-7846-480E-849A-B2C107695776}.Debug|Any CPU.ActiveCfg = Debug|Any CPU
		{EAF8CCFD-7846-480E-849A-B2C107695776}.Debug|Any CPU.Build.0 = Debug|Any CPU
		{EAF8CCFD-7846-480E-849A-B2C107695776}.Release|Any CPU.ActiveCfg = Release|Any CPU
		{EAF8CCFD-7846-480E-849A-B2C107695776}.Release|Any CPU.Build.0 = Release|Any CPU
		{D620244B-46E4-4DCB-9C0B-27BCB81DFE71}.Debug|Any CPU.ActiveCfg = Debug|Any CPU
		{D620244B-46E4-4DCB-9C0B-27BCB81DFE71}.Debug|Any CPU.Build.0 = Debug|Any CPU
		{D620244B-46E4-4DCB-9C0B-27BCB81DFE71}.Release|Any CPU.ActiveCfg = Release|Any CPU
		{D620244B-46E4-4DCB-9C0B-27BCB81DFE71}.Release|Any CPU.Build.0 = Release|Any CPU
		{8FB35166-F9D4-4338-BAB6-886EBDE42BBD}.Debug|Any CPU.ActiveCfg = Debug|Any CPU
		{8FB35166-F9D4-4338-BAB6-886EBDE42BBD}.Debug|Any CPU.Build.0 = Debug|Any CPU
		{8FB35166-F9D4-4338-BAB6-886EBDE42BBD}.Release|Any CPU.ActiveCfg = Release|Any CPU
		{8FB35166-F9D4-4338-BAB6-886EBDE42BBD}.Release|Any CPU.Build.0 = Release|Any CPU
		{BC85182E-516A-4CBF-8770-211D6A4F3AFC}.Debug|Any CPU.ActiveCfg = Debug|Any CPU
		{BC85182E-516A-4CBF-8770-211D6A4F3AFC}.Debug|Any CPU.Build.0 = Debug|Any CPU
		{BC85182E-516A-4CBF-8770-211D6A4F3AFC}.Release|Any CPU.ActiveCfg = Release|Any CPU
		{BC85182E-516A-4CBF-8770-211D6A4F3AFC}.Release|Any CPU.Build.0 = Release|Any CPU
		{D08389DE-93AA-4C37-9DEC-3329E4643755}.Debug|Any CPU.ActiveCfg = Debug|Any CPU
		{D08389DE-93AA-4C37-9DEC-3329E4643755}.Debug|Any CPU.Build.0 = Debug|Any CPU
		{D08389DE-93AA-4C37-9DEC-3329E4643755}.Release|Any CPU.ActiveCfg = Release|Any CPU
		{D08389DE-93AA-4C37-9DEC-3329E4643755}.Release|Any CPU.Build.0 = Release|Any CPU
		{0D1B6C46-0B96-4063-8C1C-9C5521E7076A}.Debug|Any CPU.ActiveCfg = Debug|Any CPU
		{0D1B6C46-0B96-4063-8C1C-9C5521E7076A}.Debug|Any CPU.Build.0 = Debug|Any CPU
		{0D1B6C46-0B96-4063-8C1C-9C5521E7076A}.Release|Any CPU.ActiveCfg = Release|Any CPU
		{0D1B6C46-0B96-4063-8C1C-9C5521E7076A}.Release|Any CPU.Build.0 = Release|Any CPU
		{DFB33671-925B-49F6-A29D-2F94FF4A0E2C}.Debug|Any CPU.ActiveCfg = Debug|Any CPU
		{DFB33671-925B-49F6-A29D-2F94FF4A0E2C}.Debug|Any CPU.Build.0 = Debug|Any CPU
		{DFB33671-925B-49F6-A29D-2F94FF4A0E2C}.Release|Any CPU.ActiveCfg = Release|Any CPU
		{DFB33671-925B-49F6-A29D-2F94FF4A0E2C}.Release|Any CPU.Build.0 = Release|Any CPU
		{8C4EF710-EB6A-4329-BEC3-058B8CB91AEE}.Debug|Any CPU.ActiveCfg = Debug|Any CPU
		{8C4EF710-EB6A-4329-BEC3-058B8CB91AEE}.Debug|Any CPU.Build.0 = Debug|Any CPU
		{8C4EF710-EB6A-4329-BEC3-058B8CB91AEE}.Release|Any CPU.ActiveCfg = Release|Any CPU
		{8C4EF710-EB6A-4329-BEC3-058B8CB91AEE}.Release|Any CPU.Build.0 = Release|Any CPU
		{28FA4E63-1767-4962-933E-E1D958803B1E}.Debug|Any CPU.ActiveCfg = Debug|Any CPU
		{28FA4E63-1767-4962-933E-E1D958803B1E}.Debug|Any CPU.Build.0 = Debug|Any CPU
		{28FA4E63-1767-4962-933E-E1D958803B1E}.Release|Any CPU.ActiveCfg = Release|Any CPU
		{28FA4E63-1767-4962-933E-E1D958803B1E}.Release|Any CPU.Build.0 = Release|Any CPU
		{B582A9BE-5E54-42DC-8446-A04D77ADC10E}.Debug|Any CPU.ActiveCfg = Debug|Any CPU
		{B582A9BE-5E54-42DC-8446-A04D77ADC10E}.Debug|Any CPU.Build.0 = Debug|Any CPU
		{B582A9BE-5E54-42DC-8446-A04D77ADC10E}.Release|Any CPU.ActiveCfg = Release|Any CPU
		{B582A9BE-5E54-42DC-8446-A04D77ADC10E}.Release|Any CPU.Build.0 = Release|Any CPU
		{002F620A-AB02-4899-982F-1E1F902BEEE7}.Debug|Any CPU.ActiveCfg = Debug|Any CPU
		{002F620A-AB02-4899-982F-1E1F902BEEE7}.Debug|Any CPU.Build.0 = Debug|Any CPU
		{002F620A-AB02-4899-982F-1E1F902BEEE7}.Release|Any CPU.ActiveCfg = Release|Any CPU
		{002F620A-AB02-4899-982F-1E1F902BEEE7}.Release|Any CPU.Build.0 = Release|Any CPU
		{8308D6F0-6ECF-4968-8352-DA4566F45B65}.Debug|Any CPU.ActiveCfg = Debug|Any CPU
		{8308D6F0-6ECF-4968-8352-DA4566F45B65}.Debug|Any CPU.Build.0 = Debug|Any CPU
		{8308D6F0-6ECF-4968-8352-DA4566F45B65}.Release|Any CPU.ActiveCfg = Release|Any CPU
		{8308D6F0-6ECF-4968-8352-DA4566F45B65}.Release|Any CPU.Build.0 = Release|Any CPU
		{CAEEF008-9A5A-46EB-83BE-2C7CA35032F4}.Debug|Any CPU.ActiveCfg = Debug|Any CPU
		{CAEEF008-9A5A-46EB-83BE-2C7CA35032F4}.Debug|Any CPU.Build.0 = Debug|Any CPU
		{CAEEF008-9A5A-46EB-83BE-2C7CA35032F4}.Release|Any CPU.ActiveCfg = Release|Any CPU
		{CAEEF008-9A5A-46EB-83BE-2C7CA35032F4}.Release|Any CPU.Build.0 = Release|Any CPU
		{6F960185-B80D-484E-8B14-0FBBA7A40453}.Debug|Any CPU.ActiveCfg = Debug|Any CPU
		{6F960185-B80D-484E-8B14-0FBBA7A40453}.Debug|Any CPU.Build.0 = Debug|Any CPU
		{6F960185-B80D-484E-8B14-0FBBA7A40453}.Release|Any CPU.ActiveCfg = Release|Any CPU
		{6F960185-B80D-484E-8B14-0FBBA7A40453}.Release|Any CPU.Build.0 = Release|Any CPU
		{B96B3649-FA8D-4274-9004-3BF8173370D9}.Debug|Any CPU.ActiveCfg = Debug|Any CPU
		{B96B3649-FA8D-4274-9004-3BF8173370D9}.Debug|Any CPU.Build.0 = Debug|Any CPU
		{B96B3649-FA8D-4274-9004-3BF8173370D9}.Release|Any CPU.ActiveCfg = Release|Any CPU
		{B96B3649-FA8D-4274-9004-3BF8173370D9}.Release|Any CPU.Build.0 = Release|Any CPU
		{2E906F5B-04BB-45CD-B874-5703F585B0C5}.Debug|Any CPU.ActiveCfg = Debug|Any CPU
		{2E906F5B-04BB-45CD-B874-5703F585B0C5}.Debug|Any CPU.Build.0 = Debug|Any CPU
		{2E906F5B-04BB-45CD-B874-5703F585B0C5}.Release|Any CPU.ActiveCfg = Release|Any CPU
		{2E906F5B-04BB-45CD-B874-5703F585B0C5}.Release|Any CPU.Build.0 = Release|Any CPU
		{A7D97B25-EC19-4C32-8633-02AF836EAC0C}.Debug|Any CPU.ActiveCfg = Debug|Any CPU
		{A7D97B25-EC19-4C32-8633-02AF836EAC0C}.Debug|Any CPU.Build.0 = Debug|Any CPU
		{A7D97B25-EC19-4C32-8633-02AF836EAC0C}.Release|Any CPU.ActiveCfg = Release|Any CPU
		{A7D97B25-EC19-4C32-8633-02AF836EAC0C}.Release|Any CPU.Build.0 = Release|Any CPU
		{9AE986EE-0D70-4706-9681-43F0FD2E316E}.Debug|Any CPU.ActiveCfg = Debug|Any CPU
		{9AE986EE-0D70-4706-9681-43F0FD2E316E}.Debug|Any CPU.Build.0 = Debug|Any CPU
		{9AE986EE-0D70-4706-9681-43F0FD2E316E}.Release|Any CPU.ActiveCfg = Release|Any CPU
		{9AE986EE-0D70-4706-9681-43F0FD2E316E}.Release|Any CPU.Build.0 = Release|Any CPU
		{CC667BD9-572B-4802-B846-7BB485ADC848}.Debug|Any CPU.ActiveCfg = Debug|Any CPU
		{CC667BD9-572B-4802-B846-7BB485ADC848}.Debug|Any CPU.Build.0 = Debug|Any CPU
		{CC667BD9-572B-4802-B846-7BB485ADC848}.Release|Any CPU.ActiveCfg = Release|Any CPU
		{CC667BD9-572B-4802-B846-7BB485ADC848}.Release|Any CPU.Build.0 = Release|Any CPU
		{B085C444-8745-4345-A875-749CD93457D9}.Debug|Any CPU.ActiveCfg = Debug|Any CPU
		{B085C444-8745-4345-A875-749CD93457D9}.Debug|Any CPU.Build.0 = Debug|Any CPU
		{B085C444-8745-4345-A875-749CD93457D9}.Release|Any CPU.ActiveCfg = Release|Any CPU
		{B085C444-8745-4345-A875-749CD93457D9}.Release|Any CPU.Build.0 = Release|Any CPU
		{D2F932DA-4876-4E42-9420-594CE1B13300}.Debug|Any CPU.ActiveCfg = Debug|Any CPU
		{D2F932DA-4876-4E42-9420-594CE1B13300}.Debug|Any CPU.Build.0 = Debug|Any CPU
		{D2F932DA-4876-4E42-9420-594CE1B13300}.Release|Any CPU.ActiveCfg = Release|Any CPU
		{D2F932DA-4876-4E42-9420-594CE1B13300}.Release|Any CPU.Build.0 = Release|Any CPU
		{8C821824-060B-401B-AD9B-5B6A2D66E415}.Debug|Any CPU.ActiveCfg = Debug|Any CPU
		{8C821824-060B-401B-AD9B-5B6A2D66E415}.Debug|Any CPU.Build.0 = Debug|Any CPU
		{8C821824-060B-401B-AD9B-5B6A2D66E415}.Release|Any CPU.ActiveCfg = Release|Any CPU
		{8C821824-060B-401B-AD9B-5B6A2D66E415}.Release|Any CPU.Build.0 = Release|Any CPU
		{ECC1C094-C61A-45B2-A554-19A633796AE0}.Debug|Any CPU.ActiveCfg = Debug|Any CPU
		{ECC1C094-C61A-45B2-A554-19A633796AE0}.Debug|Any CPU.Build.0 = Debug|Any CPU
		{ECC1C094-C61A-45B2-A554-19A633796AE0}.Release|Any CPU.ActiveCfg = Release|Any CPU
		{ECC1C094-C61A-45B2-A554-19A633796AE0}.Release|Any CPU.Build.0 = Release|Any CPU
		{3865D48E-FF2C-4D82-9AAA-61CD3FA421FC}.Debug|Any CPU.ActiveCfg = Debug|Any CPU
		{3865D48E-FF2C-4D82-9AAA-61CD3FA421FC}.Debug|Any CPU.Build.0 = Debug|Any CPU
		{3865D48E-FF2C-4D82-9AAA-61CD3FA421FC}.Release|Any CPU.ActiveCfg = Release|Any CPU
		{3865D48E-FF2C-4D82-9AAA-61CD3FA421FC}.Release|Any CPU.Build.0 = Release|Any CPU
		{C8FA5B80-546D-4E64-AB55-15A68E49D361}.Debug|Any CPU.ActiveCfg = Debug|Any CPU
		{C8FA5B80-546D-4E64-AB55-15A68E49D361}.Debug|Any CPU.Build.0 = Debug|Any CPU
		{C8FA5B80-546D-4E64-AB55-15A68E49D361}.Release|Any CPU.ActiveCfg = Release|Any CPU
		{C8FA5B80-546D-4E64-AB55-15A68E49D361}.Release|Any CPU.Build.0 = Release|Any CPU
		{0DB0B890-3C18-4870-ADB2-5D0CC1F0230E}.Debug|Any CPU.ActiveCfg = Debug|Any CPU
		{0DB0B890-3C18-4870-ADB2-5D0CC1F0230E}.Debug|Any CPU.Build.0 = Debug|Any CPU
		{0DB0B890-3C18-4870-ADB2-5D0CC1F0230E}.Release|Any CPU.ActiveCfg = Release|Any CPU
		{0DB0B890-3C18-4870-ADB2-5D0CC1F0230E}.Release|Any CPU.Build.0 = Release|Any CPU
		{77B4BEAF-A048-40C1-A854-F869EA5A8CA7}.Debug|Any CPU.ActiveCfg = Debug|Any CPU
		{77B4BEAF-A048-40C1-A854-F869EA5A8CA7}.Debug|Any CPU.Build.0 = Debug|Any CPU
		{77B4BEAF-A048-40C1-A854-F869EA5A8CA7}.Release|Any CPU.ActiveCfg = Release|Any CPU
		{77B4BEAF-A048-40C1-A854-F869EA5A8CA7}.Release|Any CPU.Build.0 = Release|Any CPU
		{C377D875-C97D-4687-97D6-359E3FC15EF1}.Debug|Any CPU.ActiveCfg = Debug|Any CPU
		{C377D875-C97D-4687-97D6-359E3FC15EF1}.Debug|Any CPU.Build.0 = Debug|Any CPU
		{C377D875-C97D-4687-97D6-359E3FC15EF1}.Release|Any CPU.ActiveCfg = Release|Any CPU
		{C377D875-C97D-4687-97D6-359E3FC15EF1}.Release|Any CPU.Build.0 = Release|Any CPU
		{8563BC14-C80E-44D6-9ACF-3CF1986452C1}.Debug|Any CPU.ActiveCfg = Debug|Any CPU
		{8563BC14-C80E-44D6-9ACF-3CF1986452C1}.Debug|Any CPU.Build.0 = Debug|Any CPU
		{8563BC14-C80E-44D6-9ACF-3CF1986452C1}.Release|Any CPU.ActiveCfg = Release|Any CPU
		{8563BC14-C80E-44D6-9ACF-3CF1986452C1}.Release|Any CPU.Build.0 = Release|Any CPU
		{7E9C7E63-C346-49B1-89FE-F8FF2E263D84}.Debug|Any CPU.ActiveCfg = Debug|Any CPU
		{7E9C7E63-C346-49B1-89FE-F8FF2E263D84}.Debug|Any CPU.Build.0 = Debug|Any CPU
		{7E9C7E63-C346-49B1-89FE-F8FF2E263D84}.Release|Any CPU.ActiveCfg = Release|Any CPU
		{7E9C7E63-C346-49B1-89FE-F8FF2E263D84}.Release|Any CPU.Build.0 = Release|Any CPU
		{AE3F3DFB-4471-43A7-B5EC-FC04D3A25C8F}.Debug|Any CPU.ActiveCfg = Debug|Any CPU
		{AE3F3DFB-4471-43A7-B5EC-FC04D3A25C8F}.Debug|Any CPU.Build.0 = Debug|Any CPU
		{AE3F3DFB-4471-43A7-B5EC-FC04D3A25C8F}.Release|Any CPU.ActiveCfg = Release|Any CPU
		{AE3F3DFB-4471-43A7-B5EC-FC04D3A25C8F}.Release|Any CPU.Build.0 = Release|Any CPU
		{6D57DCFB-AFE4-45BB-AFE6-CCB3BD728B61}.Debug|Any CPU.ActiveCfg = Debug|Any CPU
		{6D57DCFB-AFE4-45BB-AFE6-CCB3BD728B61}.Debug|Any CPU.Build.0 = Debug|Any CPU
		{6D57DCFB-AFE4-45BB-AFE6-CCB3BD728B61}.Release|Any CPU.ActiveCfg = Release|Any CPU
		{6D57DCFB-AFE4-45BB-AFE6-CCB3BD728B61}.Release|Any CPU.Build.0 = Release|Any CPU
		{AC50C09B-935F-4D5F-95B0-9160B9E9042D}.Debug|Any CPU.ActiveCfg = Debug|Any CPU
		{AC50C09B-935F-4D5F-95B0-9160B9E9042D}.Debug|Any CPU.Build.0 = Debug|Any CPU
		{AC50C09B-935F-4D5F-95B0-9160B9E9042D}.Release|Any CPU.ActiveCfg = Release|Any CPU
		{AC50C09B-935F-4D5F-95B0-9160B9E9042D}.Release|Any CPU.Build.0 = Release|Any CPU
		{888EE616-4A0F-4A29-A3BE-426C44B8976F}.Debug|Any CPU.ActiveCfg = Debug|Any CPU
		{888EE616-4A0F-4A29-A3BE-426C44B8976F}.Debug|Any CPU.Build.0 = Debug|Any CPU
		{888EE616-4A0F-4A29-A3BE-426C44B8976F}.Release|Any CPU.ActiveCfg = Release|Any CPU
		{888EE616-4A0F-4A29-A3BE-426C44B8976F}.Release|Any CPU.Build.0 = Release|Any CPU
		{EC6BDE41-BA71-4C35-9C70-EEC2B5A6A4AC}.Debug|Any CPU.ActiveCfg = Debug|Any CPU
		{EC6BDE41-BA71-4C35-9C70-EEC2B5A6A4AC}.Debug|Any CPU.Build.0 = Debug|Any CPU
		{EC6BDE41-BA71-4C35-9C70-EEC2B5A6A4AC}.Release|Any CPU.ActiveCfg = Release|Any CPU
		{EC6BDE41-BA71-4C35-9C70-EEC2B5A6A4AC}.Release|Any CPU.Build.0 = Release|Any CPU
		{DD24F802-CE4D-4CA4-8208-AFFA965C3B38}.Debug|Any CPU.ActiveCfg = Debug|Any CPU
		{DD24F802-CE4D-4CA4-8208-AFFA965C3B38}.Debug|Any CPU.Build.0 = Debug|Any CPU
		{DD24F802-CE4D-4CA4-8208-AFFA965C3B38}.Release|Any CPU.ActiveCfg = Release|Any CPU
		{DD24F802-CE4D-4CA4-8208-AFFA965C3B38}.Release|Any CPU.Build.0 = Release|Any CPU
		{7B01E71C-E8B9-4508-BFB2-CBBA54C314E4}.Debug|Any CPU.ActiveCfg = Debug|Any CPU
		{7B01E71C-E8B9-4508-BFB2-CBBA54C314E4}.Debug|Any CPU.Build.0 = Debug|Any CPU
		{7B01E71C-E8B9-4508-BFB2-CBBA54C314E4}.Release|Any CPU.ActiveCfg = Release|Any CPU
		{7B01E71C-E8B9-4508-BFB2-CBBA54C314E4}.Release|Any CPU.Build.0 = Release|Any CPU
		{B5E60BD5-AF0A-460C-97EA-94248D3B4FDB}.Debug|Any CPU.ActiveCfg = Debug|Any CPU
		{B5E60BD5-AF0A-460C-97EA-94248D3B4FDB}.Debug|Any CPU.Build.0 = Debug|Any CPU
		{B5E60BD5-AF0A-460C-97EA-94248D3B4FDB}.Release|Any CPU.ActiveCfg = Release|Any CPU
		{B5E60BD5-AF0A-460C-97EA-94248D3B4FDB}.Release|Any CPU.Build.0 = Release|Any CPU
		{DAB7CE1C-CC83-4654-8CB9-8BBFCA9CF080}.Debug|Any CPU.ActiveCfg = Debug|Any CPU
		{DAB7CE1C-CC83-4654-8CB9-8BBFCA9CF080}.Debug|Any CPU.Build.0 = Debug|Any CPU
		{DAB7CE1C-CC83-4654-8CB9-8BBFCA9CF080}.Release|Any CPU.ActiveCfg = Release|Any CPU
		{DAB7CE1C-CC83-4654-8CB9-8BBFCA9CF080}.Release|Any CPU.Build.0 = Release|Any CPU
		{D226DAC0-8B9B-4223-A877-C544C898D7B0}.Debug|Any CPU.ActiveCfg = Debug|Any CPU
		{D226DAC0-8B9B-4223-A877-C544C898D7B0}.Debug|Any CPU.Build.0 = Debug|Any CPU
		{D226DAC0-8B9B-4223-A877-C544C898D7B0}.Release|Any CPU.ActiveCfg = Release|Any CPU
		{D226DAC0-8B9B-4223-A877-C544C898D7B0}.Release|Any CPU.Build.0 = Release|Any CPU
		{55E3848F-E528-41B9-B6EC-852A0C40D570}.Debug|Any CPU.ActiveCfg = Debug|Any CPU
		{55E3848F-E528-41B9-B6EC-852A0C40D570}.Debug|Any CPU.Build.0 = Debug|Any CPU
		{55E3848F-E528-41B9-B6EC-852A0C40D570}.Release|Any CPU.ActiveCfg = Release|Any CPU
		{55E3848F-E528-41B9-B6EC-852A0C40D570}.Release|Any CPU.Build.0 = Release|Any CPU
		{363D6CF7-DE2D-43C3-8E12-75176058DFAA}.Debug|Any CPU.ActiveCfg = Debug|Any CPU
		{363D6CF7-DE2D-43C3-8E12-75176058DFAA}.Debug|Any CPU.Build.0 = Debug|Any CPU
		{363D6CF7-DE2D-43C3-8E12-75176058DFAA}.Release|Any CPU.ActiveCfg = Release|Any CPU
		{363D6CF7-DE2D-43C3-8E12-75176058DFAA}.Release|Any CPU.Build.0 = Release|Any CPU
		{157BF145-9A0D-4819-B700-EA10F1B9321B}.Debug|Any CPU.ActiveCfg = Debug|Any CPU
		{157BF145-9A0D-4819-B700-EA10F1B9321B}.Debug|Any CPU.Build.0 = Debug|Any CPU
		{157BF145-9A0D-4819-B700-EA10F1B9321B}.Release|Any CPU.ActiveCfg = Release|Any CPU
		{157BF145-9A0D-4819-B700-EA10F1B9321B}.Release|Any CPU.Build.0 = Release|Any CPU
		{DAD83A78-00EC-4AD6-AE1D-76C53EAD45DA}.Debug|Any CPU.ActiveCfg = Debug|Any CPU
		{DAD83A78-00EC-4AD6-AE1D-76C53EAD45DA}.Debug|Any CPU.Build.0 = Debug|Any CPU
		{DAD83A78-00EC-4AD6-AE1D-76C53EAD45DA}.Release|Any CPU.ActiveCfg = Release|Any CPU
		{DAD83A78-00EC-4AD6-AE1D-76C53EAD45DA}.Release|Any CPU.Build.0 = Release|Any CPU
		{BE7402D0-C04C-4F2F-84C5-A2E3C3BC23F9}.Debug|Any CPU.ActiveCfg = Debug|Any CPU
		{BE7402D0-C04C-4F2F-84C5-A2E3C3BC23F9}.Debug|Any CPU.Build.0 = Debug|Any CPU
		{BE7402D0-C04C-4F2F-84C5-A2E3C3BC23F9}.Release|Any CPU.ActiveCfg = Release|Any CPU
		{BE7402D0-C04C-4F2F-84C5-A2E3C3BC23F9}.Release|Any CPU.Build.0 = Release|Any CPU
		{1B5C82ED-91D6-4705-9414-9F4398947E56}.Debug|Any CPU.ActiveCfg = Debug|Any CPU
		{1B5C82ED-91D6-4705-9414-9F4398947E56}.Debug|Any CPU.Build.0 = Debug|Any CPU
		{1B5C82ED-91D6-4705-9414-9F4398947E56}.Release|Any CPU.ActiveCfg = Release|Any CPU
		{1B5C82ED-91D6-4705-9414-9F4398947E56}.Release|Any CPU.Build.0 = Release|Any CPU
		{05563C27-73E2-4F60-983A-75B6E44DACD9}.Debug|Any CPU.ActiveCfg = Debug|Any CPU
		{05563C27-73E2-4F60-983A-75B6E44DACD9}.Debug|Any CPU.Build.0 = Debug|Any CPU
		{05563C27-73E2-4F60-983A-75B6E44DACD9}.Release|Any CPU.ActiveCfg = Release|Any CPU
		{05563C27-73E2-4F60-983A-75B6E44DACD9}.Release|Any CPU.Build.0 = Release|Any CPU
		{01AFB1CC-CBAB-4E72-BA53-88E37C693949}.Debug|Any CPU.ActiveCfg = Debug|Any CPU
		{01AFB1CC-CBAB-4E72-BA53-88E37C693949}.Debug|Any CPU.Build.0 = Debug|Any CPU
		{01AFB1CC-CBAB-4E72-BA53-88E37C693949}.Release|Any CPU.ActiveCfg = Release|Any CPU
		{01AFB1CC-CBAB-4E72-BA53-88E37C693949}.Release|Any CPU.Build.0 = Release|Any CPU
		{9F01E9BF-AA69-4968-B715-7C78D6EA4926}.Debug|Any CPU.ActiveCfg = Debug|Any CPU
		{9F01E9BF-AA69-4968-B715-7C78D6EA4926}.Debug|Any CPU.Build.0 = Debug|Any CPU
		{9F01E9BF-AA69-4968-B715-7C78D6EA4926}.Release|Any CPU.ActiveCfg = Release|Any CPU
		{9F01E9BF-AA69-4968-B715-7C78D6EA4926}.Release|Any CPU.Build.0 = Release|Any CPU
		{1D97A375-88F7-44D6-9A22-17272B42C001}.Debug|Any CPU.ActiveCfg = Debug|Any CPU
		{1D97A375-88F7-44D6-9A22-17272B42C001}.Debug|Any CPU.Build.0 = Debug|Any CPU
		{1D97A375-88F7-44D6-9A22-17272B42C001}.Release|Any CPU.ActiveCfg = Release|Any CPU
		{1D97A375-88F7-44D6-9A22-17272B42C001}.Release|Any CPU.Build.0 = Release|Any CPU
		{5A740D96-7781-4DC3-8B8B-42D94EF08459}.Debug|Any CPU.ActiveCfg = Debug|Any CPU
		{5A740D96-7781-4DC3-8B8B-42D94EF08459}.Debug|Any CPU.Build.0 = Debug|Any CPU
		{5A740D96-7781-4DC3-8B8B-42D94EF08459}.Release|Any CPU.ActiveCfg = Release|Any CPU
		{5A740D96-7781-4DC3-8B8B-42D94EF08459}.Release|Any CPU.Build.0 = Release|Any CPU
		{EF07F525-4498-4836-BCF1-0706A2C691FA}.Debug|Any CPU.ActiveCfg = Debug|Any CPU
		{EF07F525-4498-4836-BCF1-0706A2C691FA}.Debug|Any CPU.Build.0 = Debug|Any CPU
		{EF07F525-4498-4836-BCF1-0706A2C691FA}.Release|Any CPU.ActiveCfg = Release|Any CPU
		{EF07F525-4498-4836-BCF1-0706A2C691FA}.Release|Any CPU.Build.0 = Release|Any CPU
		{7EA85805-E860-4934-AC95-C42728B39523}.Debug|Any CPU.ActiveCfg = Debug|Any CPU
		{7EA85805-E860-4934-AC95-C42728B39523}.Debug|Any CPU.Build.0 = Debug|Any CPU
		{7EA85805-E860-4934-AC95-C42728B39523}.Release|Any CPU.ActiveCfg = Release|Any CPU
		{7EA85805-E860-4934-AC95-C42728B39523}.Release|Any CPU.Build.0 = Release|Any CPU
		{FA197839-1292-49A7-873F-BE33AD8A52BD}.Debug|Any CPU.ActiveCfg = Debug|Any CPU
		{FA197839-1292-49A7-873F-BE33AD8A52BD}.Debug|Any CPU.Build.0 = Debug|Any CPU
		{FA197839-1292-49A7-873F-BE33AD8A52BD}.Release|Any CPU.ActiveCfg = Release|Any CPU
		{FA197839-1292-49A7-873F-BE33AD8A52BD}.Release|Any CPU.Build.0 = Release|Any CPU
		{A421A019-D0D5-4649-8818-57DB276C2765}.Debug|Any CPU.ActiveCfg = Debug|Any CPU
		{A421A019-D0D5-4649-8818-57DB276C2765}.Debug|Any CPU.Build.0 = Debug|Any CPU
		{A421A019-D0D5-4649-8818-57DB276C2765}.Release|Any CPU.ActiveCfg = Release|Any CPU
		{A421A019-D0D5-4649-8818-57DB276C2765}.Release|Any CPU.Build.0 = Release|Any CPU
		{351DB347-1A3A-4FDB-B901-6E802ED626BC}.Debug|Any CPU.ActiveCfg = Debug|Any CPU
		{351DB347-1A3A-4FDB-B901-6E802ED626BC}.Debug|Any CPU.Build.0 = Debug|Any CPU
		{351DB347-1A3A-4FDB-B901-6E802ED626BC}.Release|Any CPU.ActiveCfg = Release|Any CPU
		{351DB347-1A3A-4FDB-B901-6E802ED626BC}.Release|Any CPU.Build.0 = Release|Any CPU
		{EF5DCAA5-FA68-4EF2-8493-D27E5475034F}.Debug|Any CPU.ActiveCfg = Debug|Any CPU
		{EF5DCAA5-FA68-4EF2-8493-D27E5475034F}.Debug|Any CPU.Build.0 = Debug|Any CPU
		{EF5DCAA5-FA68-4EF2-8493-D27E5475034F}.Release|Any CPU.ActiveCfg = Release|Any CPU
		{EF5DCAA5-FA68-4EF2-8493-D27E5475034F}.Release|Any CPU.Build.0 = Release|Any CPU
		{19682EE5-3C4D-4117-A983-23A5FDB1402C}.Debug|Any CPU.ActiveCfg = Debug|Any CPU
		{19682EE5-3C4D-4117-A983-23A5FDB1402C}.Debug|Any CPU.Build.0 = Debug|Any CPU
		{19682EE5-3C4D-4117-A983-23A5FDB1402C}.Release|Any CPU.ActiveCfg = Release|Any CPU
		{19682EE5-3C4D-4117-A983-23A5FDB1402C}.Release|Any CPU.Build.0 = Release|Any CPU
		{A051C43C-DE31-4BDC-83A0-774830D6F1C1}.Debug|Any CPU.ActiveCfg = Debug|Any CPU
		{A051C43C-DE31-4BDC-83A0-774830D6F1C1}.Debug|Any CPU.Build.0 = Debug|Any CPU
		{A051C43C-DE31-4BDC-83A0-774830D6F1C1}.Release|Any CPU.ActiveCfg = Release|Any CPU
		{A051C43C-DE31-4BDC-83A0-774830D6F1C1}.Release|Any CPU.Build.0 = Release|Any CPU
		{939598AF-4244-40D8-9246-7BF603A65239}.Debug|Any CPU.ActiveCfg = Debug|Any CPU
		{939598AF-4244-40D8-9246-7BF603A65239}.Debug|Any CPU.Build.0 = Debug|Any CPU
		{939598AF-4244-40D8-9246-7BF603A65239}.Release|Any CPU.ActiveCfg = Release|Any CPU
		{939598AF-4244-40D8-9246-7BF603A65239}.Release|Any CPU.Build.0 = Release|Any CPU
		{B5DB719B-A739-4F49-A4CD-635E68C05907}.Debug|Any CPU.ActiveCfg = Debug|Any CPU
		{B5DB719B-A739-4F49-A4CD-635E68C05907}.Debug|Any CPU.Build.0 = Debug|Any CPU
		{B5DB719B-A739-4F49-A4CD-635E68C05907}.Release|Any CPU.ActiveCfg = Release|Any CPU
		{B5DB719B-A739-4F49-A4CD-635E68C05907}.Release|Any CPU.Build.0 = Release|Any CPU
		{DC26E1C0-F182-41C6-8A32-FB293DFAB3AF}.Debug|Any CPU.ActiveCfg = Debug|Any CPU
		{DC26E1C0-F182-41C6-8A32-FB293DFAB3AF}.Debug|Any CPU.Build.0 = Debug|Any CPU
		{DC26E1C0-F182-41C6-8A32-FB293DFAB3AF}.Release|Any CPU.ActiveCfg = Release|Any CPU
		{DC26E1C0-F182-41C6-8A32-FB293DFAB3AF}.Release|Any CPU.Build.0 = Release|Any CPU
		{7DC57B80-37F5-4C84-B6AD-C7F5AF5E6F05}.Debug|Any CPU.ActiveCfg = Debug|Any CPU
		{7DC57B80-37F5-4C84-B6AD-C7F5AF5E6F05}.Debug|Any CPU.Build.0 = Debug|Any CPU
		{7DC57B80-37F5-4C84-B6AD-C7F5AF5E6F05}.Release|Any CPU.ActiveCfg = Release|Any CPU
		{7DC57B80-37F5-4C84-B6AD-C7F5AF5E6F05}.Release|Any CPU.Build.0 = Release|Any CPU
		{296E4009-1213-424A-984E-85B7E76078D7}.Debug|Any CPU.ActiveCfg = Debug|Any CPU
		{296E4009-1213-424A-984E-85B7E76078D7}.Debug|Any CPU.Build.0 = Debug|Any CPU
		{296E4009-1213-424A-984E-85B7E76078D7}.Release|Any CPU.ActiveCfg = Release|Any CPU
		{296E4009-1213-424A-984E-85B7E76078D7}.Release|Any CPU.Build.0 = Release|Any CPU
		{D6B7D2D5-ACE9-44AE-9EDB-00DB79858B9E}.Debug|Any CPU.ActiveCfg = Debug|Any CPU
		{D6B7D2D5-ACE9-44AE-9EDB-00DB79858B9E}.Debug|Any CPU.Build.0 = Debug|Any CPU
		{D6B7D2D5-ACE9-44AE-9EDB-00DB79858B9E}.Release|Any CPU.ActiveCfg = Release|Any CPU
		{D6B7D2D5-ACE9-44AE-9EDB-00DB79858B9E}.Release|Any CPU.Build.0 = Release|Any CPU
		{5091A3EA-CE0F-4778-9336-48892FDDE768}.Debug|Any CPU.ActiveCfg = Debug|Any CPU
		{5091A3EA-CE0F-4778-9336-48892FDDE768}.Debug|Any CPU.Build.0 = Debug|Any CPU
		{5091A3EA-CE0F-4778-9336-48892FDDE768}.Release|Any CPU.ActiveCfg = Release|Any CPU
		{5091A3EA-CE0F-4778-9336-48892FDDE768}.Release|Any CPU.Build.0 = Release|Any CPU
		{508CBFB4-359E-4909-B366-10C139E99B72}.Debug|Any CPU.ActiveCfg = Debug|Any CPU
		{508CBFB4-359E-4909-B366-10C139E99B72}.Debug|Any CPU.Build.0 = Debug|Any CPU
		{508CBFB4-359E-4909-B366-10C139E99B72}.Release|Any CPU.ActiveCfg = Release|Any CPU
		{508CBFB4-359E-4909-B366-10C139E99B72}.Release|Any CPU.Build.0 = Release|Any CPU
		{2D5627D3-358F-4D65-B658-5B9B02772EED}.Debug|Any CPU.ActiveCfg = Debug|Any CPU
		{2D5627D3-358F-4D65-B658-5B9B02772EED}.Debug|Any CPU.Build.0 = Debug|Any CPU
		{2D5627D3-358F-4D65-B658-5B9B02772EED}.Release|Any CPU.ActiveCfg = Release|Any CPU
		{2D5627D3-358F-4D65-B658-5B9B02772EED}.Release|Any CPU.Build.0 = Release|Any CPU
		{2D9B8B8E-F090-463C-B099-322E8CB27939}.Debug|Any CPU.ActiveCfg = Debug|Any CPU
		{2D9B8B8E-F090-463C-B099-322E8CB27939}.Debug|Any CPU.Build.0 = Debug|Any CPU
		{2D9B8B8E-F090-463C-B099-322E8CB27939}.Release|Any CPU.ActiveCfg = Release|Any CPU
		{2D9B8B8E-F090-463C-B099-322E8CB27939}.Release|Any CPU.Build.0 = Release|Any CPU
		{02732DDC-EB71-4976-A5F1-19C22817F7DC}.Debug|Any CPU.ActiveCfg = Debug|Any CPU
		{02732DDC-EB71-4976-A5F1-19C22817F7DC}.Debug|Any CPU.Build.0 = Debug|Any CPU
		{02732DDC-EB71-4976-A5F1-19C22817F7DC}.Release|Any CPU.ActiveCfg = Release|Any CPU
		{02732DDC-EB71-4976-A5F1-19C22817F7DC}.Release|Any CPU.Build.0 = Release|Any CPU
		{046412C6-4998-48BB-B29E-45B23E0E9375}.Debug|Any CPU.ActiveCfg = Debug|Any CPU
		{046412C6-4998-48BB-B29E-45B23E0E9375}.Debug|Any CPU.Build.0 = Debug|Any CPU
		{046412C6-4998-48BB-B29E-45B23E0E9375}.Release|Any CPU.ActiveCfg = Release|Any CPU
		{046412C6-4998-48BB-B29E-45B23E0E9375}.Release|Any CPU.Build.0 = Release|Any CPU
		{77D20BB6-3713-4D04-B867-03911069C25A}.Debug|Any CPU.ActiveCfg = Debug|Any CPU
		{77D20BB6-3713-4D04-B867-03911069C25A}.Debug|Any CPU.Build.0 = Debug|Any CPU
		{77D20BB6-3713-4D04-B867-03911069C25A}.Release|Any CPU.ActiveCfg = Release|Any CPU
		{77D20BB6-3713-4D04-B867-03911069C25A}.Release|Any CPU.Build.0 = Release|Any CPU
		{8EDA45F9-1D37-4312-B46C-B368B11A9250}.Debug|Any CPU.ActiveCfg = Debug|Any CPU
		{8EDA45F9-1D37-4312-B46C-B368B11A9250}.Debug|Any CPU.Build.0 = Debug|Any CPU
		{8EDA45F9-1D37-4312-B46C-B368B11A9250}.Release|Any CPU.ActiveCfg = Release|Any CPU
		{8EDA45F9-1D37-4312-B46C-B368B11A9250}.Release|Any CPU.Build.0 = Release|Any CPU
		{B11DF39A-B24A-4FD7-B5F7-E73635A5510C}.Debug|Any CPU.ActiveCfg = Debug|Any CPU
		{B11DF39A-B24A-4FD7-B5F7-E73635A5510C}.Debug|Any CPU.Build.0 = Debug|Any CPU
		{B11DF39A-B24A-4FD7-B5F7-E73635A5510C}.Release|Any CPU.ActiveCfg = Release|Any CPU
		{B11DF39A-B24A-4FD7-B5F7-E73635A5510C}.Release|Any CPU.Build.0 = Release|Any CPU
		{16F4D179-DCBA-4A3D-8C95-D3CF05382580}.Debug|Any CPU.ActiveCfg = Debug|Any CPU
		{16F4D179-DCBA-4A3D-8C95-D3CF05382580}.Debug|Any CPU.Build.0 = Debug|Any CPU
		{16F4D179-DCBA-4A3D-8C95-D3CF05382580}.Release|Any CPU.ActiveCfg = Release|Any CPU
		{16F4D179-DCBA-4A3D-8C95-D3CF05382580}.Release|Any CPU.Build.0 = Release|Any CPU
		{A921DE3D-054A-4DEC-9E97-5AE7DDFA4474}.Debug|Any CPU.ActiveCfg = Debug|Any CPU
		{A921DE3D-054A-4DEC-9E97-5AE7DDFA4474}.Debug|Any CPU.Build.0 = Debug|Any CPU
		{A921DE3D-054A-4DEC-9E97-5AE7DDFA4474}.Release|Any CPU.ActiveCfg = Release|Any CPU
		{A921DE3D-054A-4DEC-9E97-5AE7DDFA4474}.Release|Any CPU.Build.0 = Release|Any CPU
		{F8D6F6D3-670A-4880-A0CE-FF015AD7950A}.Debug|Any CPU.ActiveCfg = Debug|Any CPU
		{F8D6F6D3-670A-4880-A0CE-FF015AD7950A}.Debug|Any CPU.Build.0 = Debug|Any CPU
		{F8D6F6D3-670A-4880-A0CE-FF015AD7950A}.Release|Any CPU.ActiveCfg = Release|Any CPU
		{F8D6F6D3-670A-4880-A0CE-FF015AD7950A}.Release|Any CPU.Build.0 = Release|Any CPU
		{5B5DD1D7-85BC-443B-B4E3-CF03D769FD5A}.Debug|Any CPU.ActiveCfg = Debug|Any CPU
		{5B5DD1D7-85BC-443B-B4E3-CF03D769FD5A}.Debug|Any CPU.Build.0 = Debug|Any CPU
		{5B5DD1D7-85BC-443B-B4E3-CF03D769FD5A}.Release|Any CPU.ActiveCfg = Release|Any CPU
		{5B5DD1D7-85BC-443B-B4E3-CF03D769FD5A}.Release|Any CPU.Build.0 = Release|Any CPU
		{2FC1AB94-00C5-4251-A8BB-5A707918B490}.Debug|Any CPU.ActiveCfg = Debug|Any CPU
		{2FC1AB94-00C5-4251-A8BB-5A707918B490}.Debug|Any CPU.Build.0 = Debug|Any CPU
		{2FC1AB94-00C5-4251-A8BB-5A707918B490}.Release|Any CPU.ActiveCfg = Release|Any CPU
		{2FC1AB94-00C5-4251-A8BB-5A707918B490}.Release|Any CPU.Build.0 = Release|Any CPU
		{CA1E882C-1E72-4177-8D5E-7DCB9631E540}.Debug|Any CPU.ActiveCfg = Debug|Any CPU
		{CA1E882C-1E72-4177-8D5E-7DCB9631E540}.Debug|Any CPU.Build.0 = Debug|Any CPU
		{CA1E882C-1E72-4177-8D5E-7DCB9631E540}.Release|Any CPU.ActiveCfg = Release|Any CPU
		{CA1E882C-1E72-4177-8D5E-7DCB9631E540}.Release|Any CPU.Build.0 = Release|Any CPU
		{5BF3053D-9C37-449B-811E-6DD20FB942CB}.Debug|Any CPU.ActiveCfg = Debug|Any CPU
		{5BF3053D-9C37-449B-811E-6DD20FB942CB}.Debug|Any CPU.Build.0 = Debug|Any CPU
		{5BF3053D-9C37-449B-811E-6DD20FB942CB}.Release|Any CPU.ActiveCfg = Release|Any CPU
		{5BF3053D-9C37-449B-811E-6DD20FB942CB}.Release|Any CPU.Build.0 = Release|Any CPU
		{EE64A38A-150C-4924-AC9D-B8E067C0D509}.Debug|Any CPU.ActiveCfg = Debug|Any CPU
		{EE64A38A-150C-4924-AC9D-B8E067C0D509}.Debug|Any CPU.Build.0 = Debug|Any CPU
		{EE64A38A-150C-4924-AC9D-B8E067C0D509}.Release|Any CPU.ActiveCfg = Release|Any CPU
		{EE64A38A-150C-4924-AC9D-B8E067C0D509}.Release|Any CPU.Build.0 = Release|Any CPU
		{F2E55FA8-D225-4672-A915-FAD9244207ED}.Debug|Any CPU.ActiveCfg = Debug|Any CPU
		{F2E55FA8-D225-4672-A915-FAD9244207ED}.Debug|Any CPU.Build.0 = Debug|Any CPU
		{F2E55FA8-D225-4672-A915-FAD9244207ED}.Release|Any CPU.ActiveCfg = Release|Any CPU
		{F2E55FA8-D225-4672-A915-FAD9244207ED}.Release|Any CPU.Build.0 = Release|Any CPU
		{83562D91-6B66-430A-8E71-E7A05C5E26D9}.Debug|Any CPU.ActiveCfg = Debug|Any CPU
		{83562D91-6B66-430A-8E71-E7A05C5E26D9}.Debug|Any CPU.Build.0 = Debug|Any CPU
		{83562D91-6B66-430A-8E71-E7A05C5E26D9}.Release|Any CPU.ActiveCfg = Release|Any CPU
		{83562D91-6B66-430A-8E71-E7A05C5E26D9}.Release|Any CPU.Build.0 = Release|Any CPU
		{C3E76CB9-BD84-4551-BE22-CFEEDC5A838E}.Debug|Any CPU.ActiveCfg = Debug|Any CPU
		{C3E76CB9-BD84-4551-BE22-CFEEDC5A838E}.Debug|Any CPU.Build.0 = Debug|Any CPU
		{C3E76CB9-BD84-4551-BE22-CFEEDC5A838E}.Release|Any CPU.ActiveCfg = Release|Any CPU
		{C3E76CB9-BD84-4551-BE22-CFEEDC5A838E}.Release|Any CPU.Build.0 = Release|Any CPU
		{740778EE-B9E3-41FB-9B2C-120D75DC8BB8}.Debug|Any CPU.ActiveCfg = Debug|Any CPU
		{740778EE-B9E3-41FB-9B2C-120D75DC8BB8}.Debug|Any CPU.Build.0 = Debug|Any CPU
		{740778EE-B9E3-41FB-9B2C-120D75DC8BB8}.Release|Any CPU.ActiveCfg = Release|Any CPU
		{740778EE-B9E3-41FB-9B2C-120D75DC8BB8}.Release|Any CPU.Build.0 = Release|Any CPU
		{9664FC45-F20D-4064-BF55-44D52352EA4B}.Debug|Any CPU.ActiveCfg = Debug|Any CPU
		{9664FC45-F20D-4064-BF55-44D52352EA4B}.Debug|Any CPU.Build.0 = Debug|Any CPU
		{9664FC45-F20D-4064-BF55-44D52352EA4B}.Release|Any CPU.ActiveCfg = Release|Any CPU
		{9664FC45-F20D-4064-BF55-44D52352EA4B}.Release|Any CPU.Build.0 = Release|Any CPU
		{963075F4-158A-4D22-931F-630C00CB7130}.Debug|Any CPU.ActiveCfg = Debug|Any CPU
		{963075F4-158A-4D22-931F-630C00CB7130}.Debug|Any CPU.Build.0 = Debug|Any CPU
		{963075F4-158A-4D22-931F-630C00CB7130}.Release|Any CPU.ActiveCfg = Release|Any CPU
		{963075F4-158A-4D22-931F-630C00CB7130}.Release|Any CPU.Build.0 = Release|Any CPU
		{D11B9074-7F5A-45E6-977C-1847D3D3D499}.Debug|Any CPU.ActiveCfg = Debug|Any CPU
		{D11B9074-7F5A-45E6-977C-1847D3D3D499}.Debug|Any CPU.Build.0 = Debug|Any CPU
		{D11B9074-7F5A-45E6-977C-1847D3D3D499}.Release|Any CPU.ActiveCfg = Release|Any CPU
		{D11B9074-7F5A-45E6-977C-1847D3D3D499}.Release|Any CPU.Build.0 = Release|Any CPU
		{F36E533D-A508-4887-ABD3-CCE9883D34D9}.Debug|Any CPU.ActiveCfg = Debug|Any CPU
		{F36E533D-A508-4887-ABD3-CCE9883D34D9}.Debug|Any CPU.Build.0 = Debug|Any CPU
		{F36E533D-A508-4887-ABD3-CCE9883D34D9}.Release|Any CPU.ActiveCfg = Release|Any CPU
		{F36E533D-A508-4887-ABD3-CCE9883D34D9}.Release|Any CPU.Build.0 = Release|Any CPU
		{2208F387-DB55-4EED-BF65-57D14A1B1C3E}.Debug|Any CPU.ActiveCfg = Debug|Any CPU
		{2208F387-DB55-4EED-BF65-57D14A1B1C3E}.Debug|Any CPU.Build.0 = Debug|Any CPU
		{2208F387-DB55-4EED-BF65-57D14A1B1C3E}.Release|Any CPU.ActiveCfg = Release|Any CPU
		{2208F387-DB55-4EED-BF65-57D14A1B1C3E}.Release|Any CPU.Build.0 = Release|Any CPU
		{64D7289D-D4AC-470A-8D11-F8005A6CEED5}.Debug|Any CPU.ActiveCfg = Debug|Any CPU
		{64D7289D-D4AC-470A-8D11-F8005A6CEED5}.Debug|Any CPU.Build.0 = Debug|Any CPU
		{64D7289D-D4AC-470A-8D11-F8005A6CEED5}.Release|Any CPU.ActiveCfg = Release|Any CPU
		{64D7289D-D4AC-470A-8D11-F8005A6CEED5}.Release|Any CPU.Build.0 = Release|Any CPU
		{EFC007D5-7193-41C4-BB1A-CE3CDEDCD105}.Debug|Any CPU.ActiveCfg = Debug|Any CPU
		{EFC007D5-7193-41C4-BB1A-CE3CDEDCD105}.Debug|Any CPU.Build.0 = Debug|Any CPU
		{EFC007D5-7193-41C4-BB1A-CE3CDEDCD105}.Release|Any CPU.ActiveCfg = Release|Any CPU
		{EFC007D5-7193-41C4-BB1A-CE3CDEDCD105}.Release|Any CPU.Build.0 = Release|Any CPU
		{C82748F8-E063-47CB-8A04-AF2F78832BA7}.Debug|Any CPU.ActiveCfg = Debug|Any CPU
		{C82748F8-E063-47CB-8A04-AF2F78832BA7}.Debug|Any CPU.Build.0 = Debug|Any CPU
		{C82748F8-E063-47CB-8A04-AF2F78832BA7}.Release|Any CPU.ActiveCfg = Release|Any CPU
		{C82748F8-E063-47CB-8A04-AF2F78832BA7}.Release|Any CPU.Build.0 = Release|Any CPU
		{6D85D770-01E0-4691-8565-8E59B6A1F814}.Debug|Any CPU.ActiveCfg = Debug|Any CPU
		{6D85D770-01E0-4691-8565-8E59B6A1F814}.Debug|Any CPU.Build.0 = Debug|Any CPU
		{6D85D770-01E0-4691-8565-8E59B6A1F814}.Release|Any CPU.ActiveCfg = Release|Any CPU
		{6D85D770-01E0-4691-8565-8E59B6A1F814}.Release|Any CPU.Build.0 = Release|Any CPU
		{9F3F24C8-C09D-453C-AB67-D1AD3356AEBC}.Debug|Any CPU.ActiveCfg = Debug|Any CPU
		{9F3F24C8-C09D-453C-AB67-D1AD3356AEBC}.Debug|Any CPU.Build.0 = Debug|Any CPU
		{9F3F24C8-C09D-453C-AB67-D1AD3356AEBC}.Release|Any CPU.ActiveCfg = Release|Any CPU
		{9F3F24C8-C09D-453C-AB67-D1AD3356AEBC}.Release|Any CPU.Build.0 = Release|Any CPU
		{F0107247-F901-4249-A792-771D013B0E0F}.Debug|Any CPU.ActiveCfg = Debug|Any CPU
		{F0107247-F901-4249-A792-771D013B0E0F}.Debug|Any CPU.Build.0 = Debug|Any CPU
		{F0107247-F901-4249-A792-771D013B0E0F}.Release|Any CPU.ActiveCfg = Release|Any CPU
		{F0107247-F901-4249-A792-771D013B0E0F}.Release|Any CPU.Build.0 = Release|Any CPU
		{D1015BE6-36FD-43DB-AD06-C44A035EF679}.Debug|Any CPU.ActiveCfg = Debug|Any CPU
		{D1015BE6-36FD-43DB-AD06-C44A035EF679}.Debug|Any CPU.Build.0 = Debug|Any CPU
		{D1015BE6-36FD-43DB-AD06-C44A035EF679}.Release|Any CPU.ActiveCfg = Release|Any CPU
		{D1015BE6-36FD-43DB-AD06-C44A035EF679}.Release|Any CPU.Build.0 = Release|Any CPU
		{712B493E-ECF9-4A4D-83A7-EB8247B098BF}.Debug|Any CPU.ActiveCfg = Debug|Any CPU
		{712B493E-ECF9-4A4D-83A7-EB8247B098BF}.Debug|Any CPU.Build.0 = Debug|Any CPU
		{712B493E-ECF9-4A4D-83A7-EB8247B098BF}.Release|Any CPU.ActiveCfg = Release|Any CPU
		{712B493E-ECF9-4A4D-83A7-EB8247B098BF}.Release|Any CPU.Build.0 = Release|Any CPU
		{9D492FCD-DED5-4F30-B470-48CA87F54AD0}.Debug|Any CPU.ActiveCfg = Debug|Any CPU
		{9D492FCD-DED5-4F30-B470-48CA87F54AD0}.Debug|Any CPU.Build.0 = Debug|Any CPU
		{9D492FCD-DED5-4F30-B470-48CA87F54AD0}.Release|Any CPU.ActiveCfg = Release|Any CPU
		{9D492FCD-DED5-4F30-B470-48CA87F54AD0}.Release|Any CPU.Build.0 = Release|Any CPU
		{7976192C-C299-4C67-998D-F958F28A184A}.Debug|Any CPU.ActiveCfg = Debug|Any CPU
		{7976192C-C299-4C67-998D-F958F28A184A}.Debug|Any CPU.Build.0 = Debug|Any CPU
		{7976192C-C299-4C67-998D-F958F28A184A}.Release|Any CPU.ActiveCfg = Release|Any CPU
		{7976192C-C299-4C67-998D-F958F28A184A}.Release|Any CPU.Build.0 = Release|Any CPU
		{DE675CA9-FE75-4039-A38D-A4F83E73BF55}.Debug|Any CPU.ActiveCfg = Debug|Any CPU
		{DE675CA9-FE75-4039-A38D-A4F83E73BF55}.Debug|Any CPU.Build.0 = Debug|Any CPU
		{DE675CA9-FE75-4039-A38D-A4F83E73BF55}.Release|Any CPU.ActiveCfg = Release|Any CPU
		{DE675CA9-FE75-4039-A38D-A4F83E73BF55}.Release|Any CPU.Build.0 = Release|Any CPU
		{75052133-FB6B-4180-B530-48FFC1E0A4BE}.Debug|Any CPU.ActiveCfg = Debug|Any CPU
		{75052133-FB6B-4180-B530-48FFC1E0A4BE}.Debug|Any CPU.Build.0 = Debug|Any CPU
		{75052133-FB6B-4180-B530-48FFC1E0A4BE}.Release|Any CPU.ActiveCfg = Release|Any CPU
		{75052133-FB6B-4180-B530-48FFC1E0A4BE}.Release|Any CPU.Build.0 = Release|Any CPU
		{399AE881-AB1F-4888-BE4F-3E505315FB1C}.Debug|Any CPU.ActiveCfg = Debug|Any CPU
		{399AE881-AB1F-4888-BE4F-3E505315FB1C}.Debug|Any CPU.Build.0 = Debug|Any CPU
		{399AE881-AB1F-4888-BE4F-3E505315FB1C}.Release|Any CPU.ActiveCfg = Release|Any CPU
		{399AE881-AB1F-4888-BE4F-3E505315FB1C}.Release|Any CPU.Build.0 = Release|Any CPU
		{665C4065-CA69-4F87-96B7-849B8EF152F4}.Debug|Any CPU.ActiveCfg = Debug|Any CPU
		{665C4065-CA69-4F87-96B7-849B8EF152F4}.Debug|Any CPU.Build.0 = Debug|Any CPU
		{665C4065-CA69-4F87-96B7-849B8EF152F4}.Release|Any CPU.ActiveCfg = Release|Any CPU
		{665C4065-CA69-4F87-96B7-849B8EF152F4}.Release|Any CPU.Build.0 = Release|Any CPU
		{E47559B5-03C9-492E-A479-6AE2F4F87ED5}.Debug|Any CPU.ActiveCfg = Debug|Any CPU
		{E47559B5-03C9-492E-A479-6AE2F4F87ED5}.Debug|Any CPU.Build.0 = Debug|Any CPU
		{E47559B5-03C9-492E-A479-6AE2F4F87ED5}.Release|Any CPU.ActiveCfg = Release|Any CPU
		{E47559B5-03C9-492E-A479-6AE2F4F87ED5}.Release|Any CPU.Build.0 = Release|Any CPU
		{9F3694A8-C225-420E-BF4B-87A97EA0A7E7}.Debug|Any CPU.ActiveCfg = Debug|Any CPU
		{9F3694A8-C225-420E-BF4B-87A97EA0A7E7}.Debug|Any CPU.Build.0 = Debug|Any CPU
		{9F3694A8-C225-420E-BF4B-87A97EA0A7E7}.Release|Any CPU.ActiveCfg = Release|Any CPU
		{9F3694A8-C225-420E-BF4B-87A97EA0A7E7}.Release|Any CPU.Build.0 = Release|Any CPU
		{CAFEFAE6-4FF5-4650-B2EC-BD45E5C5EAA9}.Debug|Any CPU.ActiveCfg = Debug|Any CPU
		{CAFEFAE6-4FF5-4650-B2EC-BD45E5C5EAA9}.Debug|Any CPU.Build.0 = Debug|Any CPU
		{CAFEFAE6-4FF5-4650-B2EC-BD45E5C5EAA9}.Release|Any CPU.ActiveCfg = Release|Any CPU
		{CAFEFAE6-4FF5-4650-B2EC-BD45E5C5EAA9}.Release|Any CPU.Build.0 = Release|Any CPU
		{9F4C5953-5798-40D3-897A-58E080518301}.Debug|Any CPU.ActiveCfg = Debug|Any CPU
		{9F4C5953-5798-40D3-897A-58E080518301}.Debug|Any CPU.Build.0 = Debug|Any CPU
		{9F4C5953-5798-40D3-897A-58E080518301}.Release|Any CPU.ActiveCfg = Release|Any CPU
		{9F4C5953-5798-40D3-897A-58E080518301}.Release|Any CPU.Build.0 = Release|Any CPU
		{AD47B5C9-1056-415C-9432-A85AC6B65869}.Debug|Any CPU.ActiveCfg = Debug|Any CPU
		{AD47B5C9-1056-415C-9432-A85AC6B65869}.Debug|Any CPU.Build.0 = Debug|Any CPU
		{AD47B5C9-1056-415C-9432-A85AC6B65869}.Release|Any CPU.ActiveCfg = Release|Any CPU
		{AD47B5C9-1056-415C-9432-A85AC6B65869}.Release|Any CPU.Build.0 = Release|Any CPU
		{FEE9E5A5-B402-40DA-95AE-0CF747ADC7AA}.Debug|Any CPU.ActiveCfg = Debug|Any CPU
		{FEE9E5A5-B402-40DA-95AE-0CF747ADC7AA}.Debug|Any CPU.Build.0 = Debug|Any CPU
		{FEE9E5A5-B402-40DA-95AE-0CF747ADC7AA}.Release|Any CPU.ActiveCfg = Release|Any CPU
		{FEE9E5A5-B402-40DA-95AE-0CF747ADC7AA}.Release|Any CPU.Build.0 = Release|Any CPU
		{DC76EA07-0DF4-4144-A9A9-EEAA77BA37CD}.Debug|Any CPU.ActiveCfg = Debug|Any CPU
		{DC76EA07-0DF4-4144-A9A9-EEAA77BA37CD}.Debug|Any CPU.Build.0 = Debug|Any CPU
		{DC76EA07-0DF4-4144-A9A9-EEAA77BA37CD}.Release|Any CPU.ActiveCfg = Release|Any CPU
		{DC76EA07-0DF4-4144-A9A9-EEAA77BA37CD}.Release|Any CPU.Build.0 = Release|Any CPU
	EndGlobalSection
	GlobalSection(SolutionProperties) = preSolution
		HideSolutionNode = FALSE
	EndGlobalSection
	GlobalSection(NestedProjects) = preSolution
		{3DF55F06-F102-4CC9-976A-DFFE8FEE6BA4} = {392F4DD3-2A9B-4BA6-AA08-FA1F78C05404}
		{0300036A-B643-42E1-83F7-D0DAF9CE39D9} = {3DF55F06-F102-4CC9-976A-DFFE8FEE6BA4}
		{8C26D592-78A6-4202-9C9E-EBAE4E7B0F1B} = {3DF55F06-F102-4CC9-976A-DFFE8FEE6BA4}
		{9F3ABFF5-AC80-4901-8489-5A889342692A} = {3DF55F06-F102-4CC9-976A-DFFE8FEE6BA4}
		{89727267-31DD-447B-9DDF-D11FD04AF1A5} = {3DF55F06-F102-4CC9-976A-DFFE8FEE6BA4}
		{4CC91B3C-DA77-4E8F-B520-6CBF7C4C87EB} = {3DF55F06-F102-4CC9-976A-DFFE8FEE6BA4}
		{31C26630-8FD2-4B4E-A043-B78CA1DEBC34} = {3DF55F06-F102-4CC9-976A-DFFE8FEE6BA4}
		{89A89F73-6EE5-43A1-84B9-408C7ED8245B} = {3DF55F06-F102-4CC9-976A-DFFE8FEE6BA4}
		{52044C28-9D61-4B7D-9A8C-20019D4BBBEA} = {392F4DD3-2A9B-4BA6-AA08-FA1F78C05404}
		{8716B5FA-E83B-49EE-91F0-82E84C2A09A2} = {52044C28-9D61-4B7D-9A8C-20019D4BBBEA}
		{D4020265-4C9E-42A2-93B5-C31484F7452C} = {52044C28-9D61-4B7D-9A8C-20019D4BBBEA}
		{EEAB8896-5E84-4B49-B8A7-9CEE019619CD} = {52044C28-9D61-4B7D-9A8C-20019D4BBBEA}
		{034C48C8-A367-436C-8090-7E53CC7A3C88} = {52044C28-9D61-4B7D-9A8C-20019D4BBBEA}
		{A8CD986D-ABA2-4A40-A3A1-E4E1E1303232} = {52044C28-9D61-4B7D-9A8C-20019D4BBBEA}
		{5380D437-4209-410E-81B1-BCC55FC7A7F1} = {52044C28-9D61-4B7D-9A8C-20019D4BBBEA}
		{482CE45F-F7AE-4B41-821B-A9818483858D} = {392F4DD3-2A9B-4BA6-AA08-FA1F78C05404}
		{E203E055-E7CD-466E-BEB1-9F623E51BD88} = {482CE45F-F7AE-4B41-821B-A9818483858D}
		{41A3979D-43A6-4F19-8742-25D057C95B9E} = {482CE45F-F7AE-4B41-821B-A9818483858D}
		{5A35FDB7-A9CA-432C-B2AB-0DE3BFA94832} = {482CE45F-F7AE-4B41-821B-A9818483858D}
		{6F72DCC7-B799-4E13-987D-C5BEE7B25A01} = {482CE45F-F7AE-4B41-821B-A9818483858D}
		{52411B35-3AEA-42AC-B9C0-16E07468668F} = {482CE45F-F7AE-4B41-821B-A9818483858D}
		{317B0A69-5FB3-40DC-BAB9-8AE757B0E32B} = {482CE45F-F7AE-4B41-821B-A9818483858D}
		{B7D03C0C-63EF-4F27-8BEE-B1616DAFB36D} = {326859D0-E10E-422B-9E97-DA44AB0818AD}
		{B45B024E-C6B5-47AD-B55C-D159C5759406} = {326859D0-E10E-422B-9E97-DA44AB0818AD}
		{D67BD403-D46D-468D-B609-6D50E9C01F6C} = {B7D03C0C-63EF-4F27-8BEE-B1616DAFB36D}
		{1BC38D77-7BE3-4BEF-A82F-DCDF875AEA85} = {B7D03C0C-63EF-4F27-8BEE-B1616DAFB36D}
		{43E33217-07AF-454D-9563-F0BFEB12DB0B} = {B45B024E-C6B5-47AD-B55C-D159C5759406}
		{EAF8CCFD-7846-480E-849A-B2C107695776} = {B45B024E-C6B5-47AD-B55C-D159C5759406}
		{D620244B-46E4-4DCB-9C0B-27BCB81DFE71} = {B45B024E-C6B5-47AD-B55C-D159C5759406}
		{8FB35166-F9D4-4338-BAB6-886EBDE42BBD} = {B45B024E-C6B5-47AD-B55C-D159C5759406}
		{773C675D-C8CA-4CB9-A417-39AFBC3845D0} = {326859D0-E10E-422B-9E97-DA44AB0818AD}
		{BC85182E-516A-4CBF-8770-211D6A4F3AFC} = {773C675D-C8CA-4CB9-A417-39AFBC3845D0}
		{D08389DE-93AA-4C37-9DEC-3329E4643755} = {773C675D-C8CA-4CB9-A417-39AFBC3845D0}
		{0D1B6C46-0B96-4063-8C1C-9C5521E7076A} = {773C675D-C8CA-4CB9-A417-39AFBC3845D0}
		{DFB33671-925B-49F6-A29D-2F94FF4A0E2C} = {773C675D-C8CA-4CB9-A417-39AFBC3845D0}
		{871D7366-CBB5-4A4C-B2F8-7511059C5794} = {326859D0-E10E-422B-9E97-DA44AB0818AD}
		{8C4EF710-EB6A-4329-BEC3-058B8CB91AEE} = {871D7366-CBB5-4A4C-B2F8-7511059C5794}
		{28FA4E63-1767-4962-933E-E1D958803B1E} = {871D7366-CBB5-4A4C-B2F8-7511059C5794}
		{B582A9BE-5E54-42DC-8446-A04D77ADC10E} = {871D7366-CBB5-4A4C-B2F8-7511059C5794}
		{002F620A-AB02-4899-982F-1E1F902BEEE7} = {871D7366-CBB5-4A4C-B2F8-7511059C5794}
		{2E5DD293-9471-4157-A277-1804E3ACB10D} = {326859D0-E10E-422B-9E97-DA44AB0818AD}
		{8308D6F0-6ECF-4968-8352-DA4566F45B65} = {2E5DD293-9471-4157-A277-1804E3ACB10D}
		{CAEEF008-9A5A-46EB-83BE-2C7CA35032F4} = {2E5DD293-9471-4157-A277-1804E3ACB10D}
		{6F960185-B80D-484E-8B14-0FBBA7A40453} = {2E5DD293-9471-4157-A277-1804E3ACB10D}
		{B96B3649-FA8D-4274-9004-3BF8173370D9} = {2E5DD293-9471-4157-A277-1804E3ACB10D}
		{2E906F5B-04BB-45CD-B874-5703F585B0C5} = {2E5DD293-9471-4157-A277-1804E3ACB10D}
		{A7D97B25-EC19-4C32-8633-02AF836EAC0C} = {2E5DD293-9471-4157-A277-1804E3ACB10D}
		{2FAD5843-2886-4427-BB56-800C2E1B00A3} = {392F4DD3-2A9B-4BA6-AA08-FA1F78C05404}
		{9AE986EE-0D70-4706-9681-43F0FD2E316E} = {2FAD5843-2886-4427-BB56-800C2E1B00A3}
		{CC667BD9-572B-4802-B846-7BB485ADC848} = {2FAD5843-2886-4427-BB56-800C2E1B00A3}
		{B085C444-8745-4345-A875-749CD93457D9} = {2FAD5843-2886-4427-BB56-800C2E1B00A3}
		{D2F932DA-4876-4E42-9420-594CE1B13300} = {2FAD5843-2886-4427-BB56-800C2E1B00A3}
		{8C821824-060B-401B-AD9B-5B6A2D66E415} = {2FAD5843-2886-4427-BB56-800C2E1B00A3}
		{1651B968-B8AB-4F6C-9334-DB58EA986A4A} = {392F4DD3-2A9B-4BA6-AA08-FA1F78C05404}
		{ECC1C094-C61A-45B2-A554-19A633796AE0} = {1651B968-B8AB-4F6C-9334-DB58EA986A4A}
		{3865D48E-FF2C-4D82-9AAA-61CD3FA421FC} = {1651B968-B8AB-4F6C-9334-DB58EA986A4A}
		{C8FA5B80-546D-4E64-AB55-15A68E49D361} = {1651B968-B8AB-4F6C-9334-DB58EA986A4A}
		{0DB0B890-3C18-4870-ADB2-5D0CC1F0230E} = {1651B968-B8AB-4F6C-9334-DB58EA986A4A}
		{77B4BEAF-A048-40C1-A854-F869EA5A8CA7} = {1651B968-B8AB-4F6C-9334-DB58EA986A4A}
		{C377D875-C97D-4687-97D6-359E3FC15EF1} = {1651B968-B8AB-4F6C-9334-DB58EA986A4A}
		{F4246C8A-3FB9-4DA0-8062-F53D4C4B7513} = {03E03A2F-3C18-4BE6-A904-358F3C76A6D5}
		{8563BC14-C80E-44D6-9ACF-3CF1986452C1} = {F4246C8A-3FB9-4DA0-8062-F53D4C4B7513}
		{7E9C7E63-C346-49B1-89FE-F8FF2E263D84} = {F4246C8A-3FB9-4DA0-8062-F53D4C4B7513}
		{AE3F3DFB-4471-43A7-B5EC-FC04D3A25C8F} = {F4246C8A-3FB9-4DA0-8062-F53D4C4B7513}
		{6D57DCFB-AFE4-45BB-AFE6-CCB3BD728B61} = {F4246C8A-3FB9-4DA0-8062-F53D4C4B7513}
		{AC50C09B-935F-4D5F-95B0-9160B9E9042D} = {F4246C8A-3FB9-4DA0-8062-F53D4C4B7513}
		{888EE616-4A0F-4A29-A3BE-426C44B8976F} = {F4246C8A-3FB9-4DA0-8062-F53D4C4B7513}
		{EC6BDE41-BA71-4C35-9C70-EEC2B5A6A4AC} = {F4246C8A-3FB9-4DA0-8062-F53D4C4B7513}
		{C8EBC6AB-D084-4EC6-8A84-6BBB8FC229D7} = {03E03A2F-3C18-4BE6-A904-358F3C76A6D5}
		{DD24F802-CE4D-4CA4-8208-AFFA965C3B38} = {C8EBC6AB-D084-4EC6-8A84-6BBB8FC229D7}
		{7B01E71C-E8B9-4508-BFB2-CBBA54C314E4} = {C8EBC6AB-D084-4EC6-8A84-6BBB8FC229D7}
		{B5E60BD5-AF0A-460C-97EA-94248D3B4FDB} = {C8EBC6AB-D084-4EC6-8A84-6BBB8FC229D7}
		{DAB7CE1C-CC83-4654-8CB9-8BBFCA9CF080} = {C8EBC6AB-D084-4EC6-8A84-6BBB8FC229D7}
		{D226DAC0-8B9B-4223-A877-C544C898D7B0} = {C8EBC6AB-D084-4EC6-8A84-6BBB8FC229D7}
		{55E3848F-E528-41B9-B6EC-852A0C40D570} = {C8EBC6AB-D084-4EC6-8A84-6BBB8FC229D7}
		{363D6CF7-DE2D-43C3-8E12-75176058DFAA} = {2FAD5843-2886-4427-BB56-800C2E1B00A3}
		{4CDF6EF8-B084-409A-BB94-A6AA686F0F60} = {03E03A2F-3C18-4BE6-A904-358F3C76A6D5}
		{157BF145-9A0D-4819-B700-EA10F1B9321B} = {4CDF6EF8-B084-409A-BB94-A6AA686F0F60}
		{DAD83A78-00EC-4AD6-AE1D-76C53EAD45DA} = {4CDF6EF8-B084-409A-BB94-A6AA686F0F60}
		{BE7402D0-C04C-4F2F-84C5-A2E3C3BC23F9} = {4CDF6EF8-B084-409A-BB94-A6AA686F0F60}
		{1B5C82ED-91D6-4705-9414-9F4398947E56} = {4CDF6EF8-B084-409A-BB94-A6AA686F0F60}
		{05563C27-73E2-4F60-983A-75B6E44DACD9} = {4CDF6EF8-B084-409A-BB94-A6AA686F0F60}
		{01AFB1CC-CBAB-4E72-BA53-88E37C693949} = {4CDF6EF8-B084-409A-BB94-A6AA686F0F60}
		{1419A5F6-F386-4D3E-B07C-4DA9931A5290} = {03E03A2F-3C18-4BE6-A904-358F3C76A6D5}
		{9F01E9BF-AA69-4968-B715-7C78D6EA4926} = {1419A5F6-F386-4D3E-B07C-4DA9931A5290}
		{1D97A375-88F7-44D6-9A22-17272B42C001} = {1419A5F6-F386-4D3E-B07C-4DA9931A5290}
		{5A740D96-7781-4DC3-8B8B-42D94EF08459} = {1419A5F6-F386-4D3E-B07C-4DA9931A5290}
		{EF07F525-4498-4836-BCF1-0706A2C691FA} = {1419A5F6-F386-4D3E-B07C-4DA9931A5290}
		{7EA85805-E860-4934-AC95-C42728B39523} = {1419A5F6-F386-4D3E-B07C-4DA9931A5290}
		{33FE3F83-4D8A-4EF4-9423-980FD5794DF4} = {03E03A2F-3C18-4BE6-A904-358F3C76A6D5}
		{FA197839-1292-49A7-873F-BE33AD8A52BD} = {33FE3F83-4D8A-4EF4-9423-980FD5794DF4}
		{A421A019-D0D5-4649-8818-57DB276C2765} = {33FE3F83-4D8A-4EF4-9423-980FD5794DF4}
		{351DB347-1A3A-4FDB-B901-6E802ED626BC} = {33FE3F83-4D8A-4EF4-9423-980FD5794DF4}
		{EF5DCAA5-FA68-4EF2-8493-D27E5475034F} = {33FE3F83-4D8A-4EF4-9423-980FD5794DF4}
		{19682EE5-3C4D-4117-A983-23A5FDB1402C} = {33FE3F83-4D8A-4EF4-9423-980FD5794DF4}
		{8B660831-B49C-4AB2-8AB0-1333CF718B84} = {03E03A2F-3C18-4BE6-A904-358F3C76A6D5}
		{A051C43C-DE31-4BDC-83A0-774830D6F1C1} = {8B660831-B49C-4AB2-8AB0-1333CF718B84}
		{939598AF-4244-40D8-9246-7BF603A65239} = {8B660831-B49C-4AB2-8AB0-1333CF718B84}
		{B5DB719B-A739-4F49-A4CD-635E68C05907} = {8B660831-B49C-4AB2-8AB0-1333CF718B84}
		{DC26E1C0-F182-41C6-8A32-FB293DFAB3AF} = {8B660831-B49C-4AB2-8AB0-1333CF718B84}
		{7DC57B80-37F5-4C84-B6AD-C7F5AF5E6F05} = {8B660831-B49C-4AB2-8AB0-1333CF718B84}
		{7D529801-26A7-428F-9ED5-4B69554228D9} = {03E03A2F-3C18-4BE6-A904-358F3C76A6D5}
		{296E4009-1213-424A-984E-85B7E76078D7} = {7D529801-26A7-428F-9ED5-4B69554228D9}
		{D6B7D2D5-ACE9-44AE-9EDB-00DB79858B9E} = {7D529801-26A7-428F-9ED5-4B69554228D9}
		{5091A3EA-CE0F-4778-9336-48892FDDE768} = {7D529801-26A7-428F-9ED5-4B69554228D9}
		{508CBFB4-359E-4909-B366-10C139E99B72} = {7D529801-26A7-428F-9ED5-4B69554228D9}
		{2D5627D3-358F-4D65-B658-5B9B02772EED} = {7D529801-26A7-428F-9ED5-4B69554228D9}
		{49B9AA6E-EC48-4B3B-A10E-8BB68B8F23B4} = {DAF92B57-0D67-4B08-9221-650763F7C8C9}
		{2D9B8B8E-F090-463C-B099-322E8CB27939} = {49B9AA6E-EC48-4B3B-A10E-8BB68B8F23B4}
		{02732DDC-EB71-4976-A5F1-19C22817F7DC} = {49B9AA6E-EC48-4B3B-A10E-8BB68B8F23B4}
		{046412C6-4998-48BB-B29E-45B23E0E9375} = {49B9AA6E-EC48-4B3B-A10E-8BB68B8F23B4}
		{77D20BB6-3713-4D04-B867-03911069C25A} = {49B9AA6E-EC48-4B3B-A10E-8BB68B8F23B4}
		{8EDA45F9-1D37-4312-B46C-B368B11A9250} = {49B9AA6E-EC48-4B3B-A10E-8BB68B8F23B4}
		{B11DF39A-B24A-4FD7-B5F7-E73635A5510C} = {49B9AA6E-EC48-4B3B-A10E-8BB68B8F23B4}
		{A416FD52-B243-4149-82D0-507696363919} = {DAF92B57-0D67-4B08-9221-650763F7C8C9}
		{16F4D179-DCBA-4A3D-8C95-D3CF05382580} = {A416FD52-B243-4149-82D0-507696363919}
		{A921DE3D-054A-4DEC-9E97-5AE7DDFA4474} = {A416FD52-B243-4149-82D0-507696363919}
		{F8D6F6D3-670A-4880-A0CE-FF015AD7950A} = {A416FD52-B243-4149-82D0-507696363919}
		{5B5DD1D7-85BC-443B-B4E3-CF03D769FD5A} = {A416FD52-B243-4149-82D0-507696363919}
		{2FC1AB94-00C5-4251-A8BB-5A707918B490} = {A416FD52-B243-4149-82D0-507696363919}
		{34AD3C78-A35E-40B6-9AC8-3EDDF526ED60} = {DAF92B57-0D67-4B08-9221-650763F7C8C9}
		{CA1E882C-1E72-4177-8D5E-7DCB9631E540} = {34AD3C78-A35E-40B6-9AC8-3EDDF526ED60}
		{5BF3053D-9C37-449B-811E-6DD20FB942CB} = {34AD3C78-A35E-40B6-9AC8-3EDDF526ED60}
		{EE64A38A-150C-4924-AC9D-B8E067C0D509} = {34AD3C78-A35E-40B6-9AC8-3EDDF526ED60}
		{F2E55FA8-D225-4672-A915-FAD9244207ED} = {34AD3C78-A35E-40B6-9AC8-3EDDF526ED60}
		{83562D91-6B66-430A-8E71-E7A05C5E26D9} = {34AD3C78-A35E-40B6-9AC8-3EDDF526ED60}
		{7BAC996F-814C-4FF1-8AE6-7BC2E1B4A619} = {DAF92B57-0D67-4B08-9221-650763F7C8C9}
		{C3E76CB9-BD84-4551-BE22-CFEEDC5A838E} = {7BAC996F-814C-4FF1-8AE6-7BC2E1B4A619}
		{740778EE-B9E3-41FB-9B2C-120D75DC8BB8} = {7BAC996F-814C-4FF1-8AE6-7BC2E1B4A619}
		{9664FC45-F20D-4064-BF55-44D52352EA4B} = {7BAC996F-814C-4FF1-8AE6-7BC2E1B4A619}
		{963075F4-158A-4D22-931F-630C00CB7130} = {7BAC996F-814C-4FF1-8AE6-7BC2E1B4A619}
		{D11B9074-7F5A-45E6-977C-1847D3D3D499} = {7BAC996F-814C-4FF1-8AE6-7BC2E1B4A619}
		{F36E533D-A508-4887-ABD3-CCE9883D34D9} = {7BAC996F-814C-4FF1-8AE6-7BC2E1B4A619}
		{2208F387-DB55-4EED-BF65-57D14A1B1C3E} = {7BAC996F-814C-4FF1-8AE6-7BC2E1B4A619}
		{64D7289D-D4AC-470A-8D11-F8005A6CEED5} = {7BAC996F-814C-4FF1-8AE6-7BC2E1B4A619}
		{4923E077-7E09-4D64-AF25-D3C88CCA96F2} = {DAF92B57-0D67-4B08-9221-650763F7C8C9}
		{EFC007D5-7193-41C4-BB1A-CE3CDEDCD105} = {4923E077-7E09-4D64-AF25-D3C88CCA96F2}
		{C82748F8-E063-47CB-8A04-AF2F78832BA7} = {4923E077-7E09-4D64-AF25-D3C88CCA96F2}
		{6D85D770-01E0-4691-8565-8E59B6A1F814} = {4923E077-7E09-4D64-AF25-D3C88CCA96F2}
		{9F3F24C8-C09D-453C-AB67-D1AD3356AEBC} = {4923E077-7E09-4D64-AF25-D3C88CCA96F2}
		{F0107247-F901-4249-A792-771D013B0E0F} = {4923E077-7E09-4D64-AF25-D3C88CCA96F2}
		{D1015BE6-36FD-43DB-AD06-C44A035EF679} = {4923E077-7E09-4D64-AF25-D3C88CCA96F2}
		{712B493E-ECF9-4A4D-83A7-EB8247B098BF} = {4923E077-7E09-4D64-AF25-D3C88CCA96F2}
		{693887D2-7A51-4726-9737-E471F5BAE99A} = {DAF92B57-0D67-4B08-9221-650763F7C8C9}
		{9D492FCD-DED5-4F30-B470-48CA87F54AD0} = {693887D2-7A51-4726-9737-E471F5BAE99A}
		{7976192C-C299-4C67-998D-F958F28A184A} = {693887D2-7A51-4726-9737-E471F5BAE99A}
		{DE675CA9-FE75-4039-A38D-A4F83E73BF55} = {693887D2-7A51-4726-9737-E471F5BAE99A}
		{75052133-FB6B-4180-B530-48FFC1E0A4BE} = {693887D2-7A51-4726-9737-E471F5BAE99A}
		{83924AC4-9F32-417A-892D-8593735D4E3C} = {DAF92B57-0D67-4B08-9221-650763F7C8C9}
		{399AE881-AB1F-4888-BE4F-3E505315FB1C} = {83924AC4-9F32-417A-892D-8593735D4E3C}
		{665C4065-CA69-4F87-96B7-849B8EF152F4} = {83924AC4-9F32-417A-892D-8593735D4E3C}
		{E47559B5-03C9-492E-A479-6AE2F4F87ED5} = {83924AC4-9F32-417A-892D-8593735D4E3C}
		{9F3694A8-C225-420E-BF4B-87A97EA0A7E7} = {83924AC4-9F32-417A-892D-8593735D4E3C}
		{30944B45-F200-4F5B-90E2-4EBA83AFDA64} = {DAF92B57-0D67-4B08-9221-650763F7C8C9}
		{CAFEFAE6-4FF5-4650-B2EC-BD45E5C5EAA9} = {30944B45-F200-4F5B-90E2-4EBA83AFDA64}
		{9F4C5953-5798-40D3-897A-58E080518301} = {30944B45-F200-4F5B-90E2-4EBA83AFDA64}
		{AD47B5C9-1056-415C-9432-A85AC6B65869} = {30944B45-F200-4F5B-90E2-4EBA83AFDA64}
		{FEE9E5A5-B402-40DA-95AE-0CF747ADC7AA} = {30944B45-F200-4F5B-90E2-4EBA83AFDA64}
		{DC76EA07-0DF4-4144-A9A9-EEAA77BA37CD} = {30944B45-F200-4F5B-90E2-4EBA83AFDA64}
	EndGlobalSection
	GlobalSection(ExtensibilityGlobals) = postSolution
		SolutionGuid = {659EB950-595F-4AE8-870F-2F962CC0B845}
	EndGlobalSection
EndGlobal
