
Microsoft Visual Studio Solution File, Format Version 12.00
# Visual Studio Version 17
VisualStudioVersion = 17.8.34322.80
MinimumVisualStudioVersion = 10.0.40219.1
Project("{2150E333-8FDC-42A3-9474-1A3956D46DE8}") = "C#", "C#", "{ECE0E23B-FE17-4BCB-92C7-19FA9B1E8ED4}"
EndProject
Project("{2150E333-8FDC-42A3-9474-1A3956D46DE8}") = "Creational Patterns", "Creational Patterns", "{CDAE8CE9-EFC0-490D-8C4B-37F95B3E5716}"
EndProject
Project("{2150E333-8FDC-42A3-9474-1A3956D46DE8}") = "Factory", "Factory", "{6BDAA6FC-7BBD-4C0E-94EA-151EF509BDAC}"
EndProject
Project("{FAE04EC0-301F-11D3-BF4B-00C04F79EFBC}") = "StructuralCode", "Creational Patterns\Factory\StructuralCode\StructuralCode.csproj", "{CA12B145-B523-4BFF-A18D-9BE0BABCC626}"
EndProject
Project("{FAE04EC0-301F-11D3-BF4B-00C04F79EFBC}") = "SmartDevices", "Creational Patterns\Factory\SmartDevices\SmartDevices.csproj", "{8FCF99C5-6DF4-4C35-BC50-3AAEDE33120F}"
EndProject
Project("{FAE04EC0-301F-11D3-BF4B-00C04F79EFBC}") = "AirConditioners", "Creational Patterns\Factory\AirConditioners\AirConditioners.csproj", "{5A7EEC9B-1FE3-4F64-AB5B-FAEAF5D6D755}"
EndProject
Project("{FAE04EC0-301F-11D3-BF4B-00C04F79EFBC}") = "Documents", "Creational Patterns\Factory\Documents\Documents.csproj", "{996DB249-1DC6-4832-B975-DEAAE2661292}"
EndProject
Project("{FAE04EC0-301F-11D3-BF4B-00C04F79EFBC}") = "GenericFactory", "Creational Patterns\Factory\GenericFactory\GenericFactory.csproj", "{5606D21C-BE8C-483F-A038-5E0861B23593}"
EndProject
Project("{FAE04EC0-301F-11D3-BF4B-00C04F79EFBC}") = "CreditCards", "Creational Patterns\Factory\CreditCards\CreditCards.csproj", "{5149BFED-1607-40F8-B935-EB8EEE1715C2}"
EndProject
Project("{FAE04EC0-301F-11D3-BF4B-00C04F79EFBC}") = "PizzaSimpleFactory", "Creational Patterns\Factory\PizzaSimpleFactory\PizzaSimpleFactory.csproj", "{75B38091-614C-4FDF-B370-9A79135B4A1B}"
EndProject
Global
	GlobalSection(SolutionConfigurationPlatforms) = preSolution
		Debug|Any CPU = Debug|Any CPU
		Release|Any CPU = Release|Any CPU
	EndGlobalSection
	GlobalSection(ProjectConfigurationPlatforms) = postSolution
		{CA12B145-B523-4BFF-A18D-9BE0BABCC626}.Debug|Any CPU.ActiveCfg = Debug|Any CPU
		{CA12B145-B523-4BFF-A18D-9BE0BABCC626}.Debug|Any CPU.Build.0 = Debug|Any CPU
		{CA12B145-B523-4BFF-A18D-9BE0BABCC626}.Release|Any CPU.ActiveCfg = Release|Any CPU
		{CA12B145-B523-4BFF-A18D-9BE0BABCC626}.Release|Any CPU.Build.0 = Release|Any CPU
		{8FCF99C5-6DF4-4C35-BC50-3AAEDE33120F}.Debug|Any CPU.ActiveCfg = Debug|Any CPU
		{8FCF99C5-6DF4-4C35-BC50-3AAEDE33120F}.Debug|Any CPU.Build.0 = Debug|Any CPU
		{8FCF99C5-6DF4-4C35-BC50-3AAEDE33120F}.Release|Any CPU.ActiveCfg = Release|Any CPU
		{8FCF99C5-6DF4-4C35-BC50-3AAEDE33120F}.Release|Any CPU.Build.0 = Release|Any CPU
		{5A7EEC9B-1FE3-4F64-AB5B-FAEAF5D6D755}.Debug|Any CPU.ActiveCfg = Debug|Any CPU
		{5A7EEC9B-1FE3-4F64-AB5B-FAEAF5D6D755}.Debug|Any CPU.Build.0 = Debug|Any CPU
		{5A7EEC9B-1FE3-4F64-AB5B-FAEAF5D6D755}.Release|Any CPU.ActiveCfg = Release|Any CPU
		{5A7EEC9B-1FE3-4F64-AB5B-FAEAF5D6D755}.Release|Any CPU.Build.0 = Release|Any CPU
		{996DB249-1DC6-4832-B975-DEAAE2661292}.Debug|Any CPU.ActiveCfg = Debug|Any CPU
		{996DB249-1DC6-4832-B975-DEAAE2661292}.Debug|Any CPU.Build.0 = Debug|Any CPU
		{996DB249-1DC6-4832-B975-DEAAE2661292}.Release|Any CPU.ActiveCfg = Release|Any CPU
		{996DB249-1DC6-4832-B975-DEAAE2661292}.Release|Any CPU.Build.0 = Release|Any CPU
		{5606D21C-BE8C-483F-A038-5E0861B23593}.Debug|Any CPU.ActiveCfg = Debug|Any CPU
		{5606D21C-BE8C-483F-A038-5E0861B23593}.Debug|Any CPU.Build.0 = Debug|Any CPU
		{5606D21C-BE8C-483F-A038-5E0861B23593}.Release|Any CPU.ActiveCfg = Release|Any CPU
		{5606D21C-BE8C-483F-A038-5E0861B23593}.Release|Any CPU.Build.0 = Release|Any CPU
		{5149BFED-1607-40F8-B935-EB8EEE1715C2}.Debug|Any CPU.ActiveCfg = Debug|Any CPU
		{5149BFED-1607-40F8-B935-EB8EEE1715C2}.Debug|Any CPU.Build.0 = Debug|Any CPU
		{5149BFED-1607-40F8-B935-EB8EEE1715C2}.Release|Any CPU.ActiveCfg = Release|Any CPU
		{5149BFED-1607-40F8-B935-EB8EEE1715C2}.Release|Any CPU.Build.0 = Release|Any CPU
		{75B38091-614C-4FDF-B370-9A79135B4A1B}.Debug|Any CPU.ActiveCfg = Debug|Any CPU
		{75B38091-614C-4FDF-B370-9A79135B4A1B}.Debug|Any CPU.Build.0 = Debug|Any CPU
		{75B38091-614C-4FDF-B370-9A79135B4A1B}.Release|Any CPU.ActiveCfg = Release|Any CPU
		{75B38091-614C-4FDF-B370-9A79135B4A1B}.Release|Any CPU.Build.0 = Release|Any CPU
	EndGlobalSection
	GlobalSection(SolutionProperties) = preSolution
		HideSolutionNode = FALSE
	EndGlobalSection
	GlobalSection(NestedProjects) = preSolution
		{CDAE8CE9-EFC0-490D-8C4B-37F95B3E5716} = {ECE0E23B-FE17-4BCB-92C7-19FA9B1E8ED4}
		{6BDAA6FC-7BBD-4C0E-94EA-151EF509BDAC} = {CDAE8CE9-EFC0-490D-8C4B-37F95B3E5716}
		{CA12B145-B523-4BFF-A18D-9BE0BABCC626} = {6BDAA6FC-7BBD-4C0E-94EA-151EF509BDAC}
		{8FCF99C5-6DF4-4C35-BC50-3AAEDE33120F} = {6BDAA6FC-7BBD-4C0E-94EA-151EF509BDAC}
		{5A7EEC9B-1FE3-4F64-AB5B-FAEAF5D6D755} = {6BDAA6FC-7BBD-4C0E-94EA-151EF509BDAC}
		{996DB249-1DC6-4832-B975-DEAAE2661292} = {6BDAA6FC-7BBD-4C0E-94EA-151EF509BDAC}
		{5606D21C-BE8C-483F-A038-5E0861B23593} = {6BDAA6FC-7BBD-4C0E-94EA-151EF509BDAC}
		{5149BFED-1607-40F8-B935-EB8EEE1715C2} = {6BDAA6FC-7BBD-4C0E-94EA-151EF509BDAC}
		{75B38091-614C-4FDF-B370-9A79135B4A1B} = {6BDAA6FC-7BBD-4C0E-94EA-151EF509BDAC}
	EndGlobalSection
	GlobalSection(ExtensibilityGlobals) = postSolution
		SolutionGuid = {659EB950-595F-4AE8-870F-2F962CC0B845}
	EndGlobalSection
EndGlobal
